### YamlMime:NetMember
type: method
members:
- returnsWithMoniker:
    type:
    - value: <xref href="Microsoft.CodeAnalysis.VisualBasic.Syntax.CaseBlockSyntax?alt=Microsoft.CodeAnalysis.VisualBasic.Syntax.CaseBlockSyntax&text=CaseBlockSyntax" data-throw-if-not-resolved="True"/>
  parameters:
  - namesWithMoniker:
    - value: caseStatement
    description: The statement that begins the case block.
    type: <xref href="Microsoft.CodeAnalysis.VisualBasic.Syntax.CaseStatementSyntax?alt=Microsoft.CodeAnalysis.VisualBasic.Syntax.CaseStatementSyntax&text=CaseStatementSyntax" data-throw-if-not-resolved="True"/>
  type: method
  uid: Microsoft.CodeAnalysis.VisualBasic.SyntaxFactory.CaseElseBlock(Microsoft.CodeAnalysis.VisualBasic.Syntax.CaseStatementSyntax)
  commentId: M:Microsoft.CodeAnalysis.VisualBasic.SyntaxFactory.CaseElseBlock(Microsoft.CodeAnalysis.VisualBasic.Syntax.CaseStatementSyntax)
  name: CaseElseBlock(CaseStatementSyntax)
  fullName: Microsoft.CodeAnalysis.VisualBasic.SyntaxFactory.CaseElseBlock(CaseStatementSyntax)
  nameWithType: SyntaxFactory.CaseElseBlock(CaseStatementSyntax)
  syntaxWithMoniker:
  - lang: cpp
    values:
    - value: >-
        public:
         static Microsoft::CodeAnalysis::VisualBasic::Syntax::CaseBlockSyntax ^ CaseElseBlock(Microsoft::CodeAnalysis::VisualBasic::Syntax::CaseStatementSyntax ^ caseStatement);
  - lang: csharp
    values:
    - value: public static Microsoft.CodeAnalysis.VisualBasic.Syntax.CaseBlockSyntax CaseElseBlock (Microsoft.CodeAnalysis.VisualBasic.Syntax.CaseStatementSyntax caseStatement);
  - lang: fsharp
    values:
    - value: 'static member CaseElseBlock : Microsoft.CodeAnalysis.VisualBasic.Syntax.CaseStatementSyntax -> Microsoft.CodeAnalysis.VisualBasic.Syntax.CaseBlockSyntax'
  - lang: vb
    values:
    - value: Public Shared Function CaseElseBlock (caseStatement As CaseStatementSyntax) As CaseBlockSyntax
  monikers:
  - roslyn-dotnet
  - roslyn-dotnet-3.0
  - roslyn-dotnet-3.1
  - roslyn-dotnet-3.10.0
  - roslyn-dotnet-3.11.0
  - roslyn-dotnet-3.2
  - roslyn-dotnet-3.2.1
  - roslyn-dotnet-3.3.1
  - roslyn-dotnet-3.4.0
  - roslyn-dotnet-3.5.0
  - roslyn-dotnet-3.6.0
  - roslyn-dotnet-3.7.0
  - roslyn-dotnet-3.8.0
  - roslyn-dotnet-3.9.0
  - roslyn-dotnet-4.0.1
  - roslyn-dotnet-4.1.0
  - roslyn-dotnet-4.2.0
  summary: Represents a case statement and its subsequent block.
  metadata: {}
- returnsWithMoniker:
    type:
    - value: <xref href="Microsoft.CodeAnalysis.VisualBasic.Syntax.CaseBlockSyntax?alt=Microsoft.CodeAnalysis.VisualBasic.Syntax.CaseBlockSyntax&text=CaseBlockSyntax" data-throw-if-not-resolved="True"/>
  parameters:
  - namesWithMoniker:
    - value: caseStatement
    description: The statement that begins the case block.
    type: <xref href="Microsoft.CodeAnalysis.VisualBasic.Syntax.CaseStatementSyntax?alt=Microsoft.CodeAnalysis.VisualBasic.Syntax.CaseStatementSyntax&text=CaseStatementSyntax" data-throw-if-not-resolved="True"/>
  - namesWithMoniker:
    - value: statements
    description: The statements contained in the case block. This might be an empty list.
    type: <xref href="Microsoft.CodeAnalysis.SyntaxList`1?alt=Microsoft.CodeAnalysis.SyntaxList&text=SyntaxList" data-throw-if-not-resolved="True"/>&lt;<xref href="Microsoft.CodeAnalysis.VisualBasic.Syntax.StatementSyntax?alt=Microsoft.CodeAnalysis.VisualBasic.Syntax.StatementSyntax&text=StatementSyntax" data-throw-if-not-resolved="True"/>&gt;
  type: method
  uid: Microsoft.CodeAnalysis.VisualBasic.SyntaxFactory.CaseElseBlock(Microsoft.CodeAnalysis.VisualBasic.Syntax.CaseStatementSyntax,Microsoft.CodeAnalysis.SyntaxList{Microsoft.CodeAnalysis.VisualBasic.Syntax.StatementSyntax})
  commentId: M:Microsoft.CodeAnalysis.VisualBasic.SyntaxFactory.CaseElseBlock(Microsoft.CodeAnalysis.VisualBasic.Syntax.CaseStatementSyntax,Microsoft.CodeAnalysis.SyntaxList{Microsoft.CodeAnalysis.VisualBasic.Syntax.StatementSyntax})
  name: CaseElseBlock(CaseStatementSyntax, SyntaxList<StatementSyntax>)
  fullName: Microsoft.CodeAnalysis.VisualBasic.SyntaxFactory.CaseElseBlock(CaseStatementSyntax, SyntaxList<StatementSyntax>)
  nameWithType: SyntaxFactory.CaseElseBlock(CaseStatementSyntax, SyntaxList<StatementSyntax>)
  syntaxWithMoniker:
  - lang: cpp
    values:
    - value: >-
        public:
         static Microsoft::CodeAnalysis::VisualBasic::Syntax::CaseBlockSyntax ^ CaseElseBlock(Microsoft::CodeAnalysis::VisualBasic::Syntax::CaseStatementSyntax ^ caseStatement, Microsoft::CodeAnalysis::SyntaxList<Microsoft::CodeAnalysis::VisualBasic::Syntax::StatementSyntax ^> statements);
  - lang: csharp
    values:
    - value: public static Microsoft.CodeAnalysis.VisualBasic.Syntax.CaseBlockSyntax CaseElseBlock (Microsoft.CodeAnalysis.VisualBasic.Syntax.CaseStatementSyntax caseStatement, Microsoft.CodeAnalysis.SyntaxList<Microsoft.CodeAnalysis.VisualBasic.Syntax.StatementSyntax> statements);
  - lang: fsharp
    values:
    - value: 'static member CaseElseBlock : Microsoft.CodeAnalysis.VisualBasic.Syntax.CaseStatementSyntax * Microsoft.CodeAnalysis.SyntaxList<Microsoft.CodeAnalysis.VisualBasic.Syntax.StatementSyntax> -> Microsoft.CodeAnalysis.VisualBasic.Syntax.CaseBlockSyntax'
  - lang: vb
    values:
    - value: Public Shared Function CaseElseBlock (caseStatement As CaseStatementSyntax, statements As SyntaxList(Of StatementSyntax)) As CaseBlockSyntax
  monikers:
  - roslyn-dotnet
  - roslyn-dotnet-3.0
  - roslyn-dotnet-3.1
  - roslyn-dotnet-3.10.0
  - roslyn-dotnet-3.11.0
  - roslyn-dotnet-3.2
  - roslyn-dotnet-3.2.1
  - roslyn-dotnet-3.3.1
  - roslyn-dotnet-3.4.0
  - roslyn-dotnet-3.5.0
  - roslyn-dotnet-3.6.0
  - roslyn-dotnet-3.7.0
  - roslyn-dotnet-3.8.0
  - roslyn-dotnet-3.9.0
  - roslyn-dotnet-4.0.1
  - roslyn-dotnet-4.1.0
  - roslyn-dotnet-4.2.0
  summary: Represents a case statement and its subsequent block.
  metadata: {}
uid: Microsoft.CodeAnalysis.VisualBasic.SyntaxFactory.CaseElseBlock*
commentId: Overload:Microsoft.CodeAnalysis.VisualBasic.SyntaxFactory.CaseElseBlock
namespace: Microsoft.CodeAnalysis.VisualBasic
name: CaseElseBlock
fullName: Microsoft.CodeAnalysis.VisualBasic.SyntaxFactory.CaseElseBlock
nameWithType: SyntaxFactory.CaseElseBlock
assembliesWithMoniker:
- value: Microsoft.CodeAnalysis.VisualBasic.dll
packagesWithMoniker:
- value: Microsoft.CodeAnalysis.VisualBasic v3.0.0
  monikers:
  - roslyn-dotnet-3.0
- value: Microsoft.CodeAnalysis.VisualBasic v3.1.0
  monikers:
  - roslyn-dotnet-3.1
- value: Microsoft.CodeAnalysis.VisualBasic v3.10.0
  monikers:
  - roslyn-dotnet-3.10.0
- value: Microsoft.CodeAnalysis.VisualBasic v3.11.0
  monikers:
  - roslyn-dotnet-3.11.0
- value: Microsoft.CodeAnalysis.VisualBasic v3.2.0
  monikers:
  - roslyn-dotnet-3.2
- value: Microsoft.CodeAnalysis.VisualBasic v3.2.1
  monikers:
  - roslyn-dotnet-3.2.1
- value: Microsoft.CodeAnalysis.VisualBasic v3.3.1
  monikers:
  - roslyn-dotnet-3.3.1
- value: Microsoft.CodeAnalysis.VisualBasic v3.4.0
  monikers:
  - roslyn-dotnet-3.4.0
- value: Microsoft.CodeAnalysis.VisualBasic v3.5.0
  monikers:
  - roslyn-dotnet-3.5.0
- value: Microsoft.CodeAnalysis.VisualBasic v3.6.0
  monikers:
  - roslyn-dotnet-3.6.0
- value: Microsoft.CodeAnalysis.VisualBasic v3.7.0
  monikers:
  - roslyn-dotnet-3.7.0
- value: Microsoft.CodeAnalysis.VisualBasic v3.8.0
  monikers:
  - roslyn-dotnet-3.8.0
- value: Microsoft.CodeAnalysis.VisualBasic v3.9.0
  monikers:
  - roslyn-dotnet-3.9.0
- value: Microsoft.CodeAnalysis.VisualBasic v4.0.1
  monikers:
  - roslyn-dotnet-4.0.1
- value: Microsoft.CodeAnalysis.VisualBasic v4.1.0
  monikers:
  - roslyn-dotnet-4.1.0
- value: Microsoft.CodeAnalysis.VisualBasic v4.2.0
  monikers:
  - roslyn-dotnet-4.2.0
devLangs:
- cpp
- csharp
- vb
- fsharp
monikers:
- roslyn-dotnet
- roslyn-dotnet-3.0
- roslyn-dotnet-3.1
- roslyn-dotnet-3.10.0
- roslyn-dotnet-3.11.0
- roslyn-dotnet-3.2
- roslyn-dotnet-3.2.1
- roslyn-dotnet-3.3.1
- roslyn-dotnet-3.4.0
- roslyn-dotnet-3.5.0
- roslyn-dotnet-3.6.0
- roslyn-dotnet-3.7.0
- roslyn-dotnet-3.8.0
- roslyn-dotnet-3.9.0
- roslyn-dotnet-4.0.1
- roslyn-dotnet-4.1.0
- roslyn-dotnet-4.2.0
metadata:
  api_name:
  - Microsoft.CodeAnalysis.VisualBasic.SyntaxFactory.CaseElseBlock
  api_location:
  - Microsoft.CodeAnalysis.VisualBasic.dll
  topic_type:
  - apiref
  api_type:
  - Assembly
  f1_keywords:
  - Microsoft.CodeAnalysis.VisualBasic.SyntaxFactory.CaseElseBlock
  - Microsoft::CodeAnalysis::VisualBasic::SyntaxFactory::CaseElseBlock
  - CaseElseBlock
  - SyntaxFactory.CaseElseBlock
  - SyntaxFactory::CaseElseBlock
  helpviewer_keywords:
  - SyntaxFactory.CaseElseBlock method [.NET]
  - CaseElseBlock method [.NET], class SyntaxFactory
  - SyntaxFactory.CaseElseBlock(CaseStatementSyntax) method [.NET]
  - CaseElseBlock(CaseStatementSyntax) method [.NET], class SyntaxFactory
  - SyntaxFactory.CaseElseBlock(CaseStatementSyntax, SyntaxList<StatementSyntax>) method [.NET]
  - CaseElseBlock(CaseStatementSyntax, SyntaxList<StatementSyntax>) method [.NET], class SyntaxFactory
  monikers:
  - roslyn-dotnet
  - roslyn-dotnet-3.0
  - roslyn-dotnet-3.1
  - roslyn-dotnet-3.10.0
  - roslyn-dotnet-3.11.0
  - roslyn-dotnet-3.2
  - roslyn-dotnet-3.2.1
  - roslyn-dotnet-3.3.1
  - roslyn-dotnet-3.4.0
  - roslyn-dotnet-3.5.0
  - roslyn-dotnet-3.6.0
  - roslyn-dotnet-3.7.0
  - roslyn-dotnet-3.8.0
  - roslyn-dotnet-3.9.0
  - roslyn-dotnet-4.0.1
  - roslyn-dotnet-4.1.0
  - roslyn-dotnet-4.2.0
