### YamlMime:NetMember
type: method
members:
- returnsWithMoniker:
    type:
    - value: <xref href="Microsoft.CodeAnalysis.VisualBasic.Syntax.SelectBlockSyntax?alt=Microsoft.CodeAnalysis.VisualBasic.Syntax.SelectBlockSyntax&text=SelectBlockSyntax" data-throw-if-not-resolved="True"/>
  parameters:
  - namesWithMoniker:
    - value: selectStatement
    description: The Select Case statement that begins the block.
    type: <xref href="Microsoft.CodeAnalysis.VisualBasic.Syntax.SelectStatementSyntax?alt=Microsoft.CodeAnalysis.VisualBasic.Syntax.SelectStatementSyntax&text=SelectStatementSyntax" data-throw-if-not-resolved="True"/>
  - namesWithMoniker:
    - value: caseBlocks
    description: A list of the contained Case blocks.
    type: <xref href="Microsoft.CodeAnalysis.SyntaxList`1?alt=Microsoft.CodeAnalysis.SyntaxList&text=SyntaxList" data-throw-if-not-resolved="True"/>&lt;<xref href="Microsoft.CodeAnalysis.VisualBasic.Syntax.CaseBlockSyntax?alt=Microsoft.CodeAnalysis.VisualBasic.Syntax.CaseBlockSyntax&text=CaseBlockSyntax" data-throw-if-not-resolved="True"/>&gt;
  - namesWithMoniker:
    - value: endSelectStatement
    description: The End Select statement that ends the block.
    type: <xref href="Microsoft.CodeAnalysis.VisualBasic.Syntax.EndBlockStatementSyntax?alt=Microsoft.CodeAnalysis.VisualBasic.Syntax.EndBlockStatementSyntax&text=EndBlockStatementSyntax" data-throw-if-not-resolved="True"/>
  type: method
  uid: Microsoft.CodeAnalysis.VisualBasic.SyntaxFactory.SelectBlock(Microsoft.CodeAnalysis.VisualBasic.Syntax.SelectStatementSyntax,Microsoft.CodeAnalysis.SyntaxList{Microsoft.CodeAnalysis.VisualBasic.Syntax.CaseBlockSyntax},Microsoft.CodeAnalysis.VisualBasic.Syntax.EndBlockStatementSyntax)
  commentId: M:Microsoft.CodeAnalysis.VisualBasic.SyntaxFactory.SelectBlock(Microsoft.CodeAnalysis.VisualBasic.Syntax.SelectStatementSyntax,Microsoft.CodeAnalysis.SyntaxList{Microsoft.CodeAnalysis.VisualBasic.Syntax.CaseBlockSyntax},Microsoft.CodeAnalysis.VisualBasic.Syntax.EndBlockStatementSyntax)
  name: SelectBlock(SelectStatementSyntax, SyntaxList<CaseBlockSyntax>, EndBlockStatementSyntax)
  fullName: Microsoft.CodeAnalysis.VisualBasic.SyntaxFactory.SelectBlock(SelectStatementSyntax, SyntaxList<CaseBlockSyntax>, EndBlockStatementSyntax)
  nameWithType: SyntaxFactory.SelectBlock(SelectStatementSyntax, SyntaxList<CaseBlockSyntax>, EndBlockStatementSyntax)
  syntaxWithMoniker:
  - lang: cpp
    values:
    - value: >-
        public:
         static Microsoft::CodeAnalysis::VisualBasic::Syntax::SelectBlockSyntax ^ SelectBlock(Microsoft::CodeAnalysis::VisualBasic::Syntax::SelectStatementSyntax ^ selectStatement, Microsoft::CodeAnalysis::SyntaxList<Microsoft::CodeAnalysis::VisualBasic::Syntax::CaseBlockSyntax ^> caseBlocks, Microsoft::CodeAnalysis::VisualBasic::Syntax::EndBlockStatementSyntax ^ endSelectStatement);
  - lang: csharp
    values:
    - value: public static Microsoft.CodeAnalysis.VisualBasic.Syntax.SelectBlockSyntax SelectBlock (Microsoft.CodeAnalysis.VisualBasic.Syntax.SelectStatementSyntax selectStatement, Microsoft.CodeAnalysis.SyntaxList<Microsoft.CodeAnalysis.VisualBasic.Syntax.CaseBlockSyntax> caseBlocks, Microsoft.CodeAnalysis.VisualBasic.Syntax.EndBlockStatementSyntax endSelectStatement);
  - lang: fsharp
    values:
    - value: 'static member SelectBlock : Microsoft.CodeAnalysis.VisualBasic.Syntax.SelectStatementSyntax * Microsoft.CodeAnalysis.SyntaxList<Microsoft.CodeAnalysis.VisualBasic.Syntax.CaseBlockSyntax> * Microsoft.CodeAnalysis.VisualBasic.Syntax.EndBlockStatementSyntax -> Microsoft.CodeAnalysis.VisualBasic.Syntax.SelectBlockSyntax'
  - lang: vb
    values:
    - value: Public Shared Function SelectBlock (selectStatement As SelectStatementSyntax, caseBlocks As SyntaxList(Of CaseBlockSyntax), endSelectStatement As EndBlockStatementSyntax) As SelectBlockSyntax
  monikers:
  - roslyn-dotnet
  - roslyn-dotnet-3.0
  - roslyn-dotnet-3.1
  - roslyn-dotnet-3.10.0
  - roslyn-dotnet-3.11.0
  - roslyn-dotnet-3.2
  - roslyn-dotnet-3.2.1
  - roslyn-dotnet-3.3.1
  - roslyn-dotnet-3.4.0
  - roslyn-dotnet-3.5.0
  - roslyn-dotnet-3.6.0
  - roslyn-dotnet-3.7.0
  - roslyn-dotnet-3.8.0
  - roslyn-dotnet-3.9.0
  - roslyn-dotnet-4.0.1
  - roslyn-dotnet-4.1.0
  - roslyn-dotnet-4.2.0
  summary: >-
    Represents a Select Case block, including the Select Case that begins it, the

    contains Case blocks and the End Select.
  metadata: {}
- returnsWithMoniker:
    type:
    - value: <xref href="Microsoft.CodeAnalysis.VisualBasic.Syntax.SelectBlockSyntax?alt=Microsoft.CodeAnalysis.VisualBasic.Syntax.SelectBlockSyntax&text=SelectBlockSyntax" data-throw-if-not-resolved="True"/>
  parameters:
  - namesWithMoniker:
    - value: selectStatement
    description: The Select Case statement that begins the block.
    type: <xref href="Microsoft.CodeAnalysis.VisualBasic.Syntax.SelectStatementSyntax?alt=Microsoft.CodeAnalysis.VisualBasic.Syntax.SelectStatementSyntax&text=SelectStatementSyntax" data-throw-if-not-resolved="True"/>
  - namesWithMoniker:
    - value: caseBlocks
    description: A list of the contained Case blocks.
    type: <xref href="Microsoft.CodeAnalysis.SyntaxList`1?alt=Microsoft.CodeAnalysis.SyntaxList&text=SyntaxList" data-throw-if-not-resolved="True"/>&lt;<xref href="Microsoft.CodeAnalysis.VisualBasic.Syntax.CaseBlockSyntax?alt=Microsoft.CodeAnalysis.VisualBasic.Syntax.CaseBlockSyntax&text=CaseBlockSyntax" data-throw-if-not-resolved="True"/>&gt;
  type: method
  uid: Microsoft.CodeAnalysis.VisualBasic.SyntaxFactory.SelectBlock(Microsoft.CodeAnalysis.VisualBasic.Syntax.SelectStatementSyntax,Microsoft.CodeAnalysis.SyntaxList{Microsoft.CodeAnalysis.VisualBasic.Syntax.CaseBlockSyntax})
  commentId: M:Microsoft.CodeAnalysis.VisualBasic.SyntaxFactory.SelectBlock(Microsoft.CodeAnalysis.VisualBasic.Syntax.SelectStatementSyntax,Microsoft.CodeAnalysis.SyntaxList{Microsoft.CodeAnalysis.VisualBasic.Syntax.CaseBlockSyntax})
  name: SelectBlock(SelectStatementSyntax, SyntaxList<CaseBlockSyntax>)
  fullName: Microsoft.CodeAnalysis.VisualBasic.SyntaxFactory.SelectBlock(SelectStatementSyntax, SyntaxList<CaseBlockSyntax>)
  nameWithType: SyntaxFactory.SelectBlock(SelectStatementSyntax, SyntaxList<CaseBlockSyntax>)
  syntaxWithMoniker:
  - lang: cpp
    values:
    - value: >-
        public:
         static Microsoft::CodeAnalysis::VisualBasic::Syntax::SelectBlockSyntax ^ SelectBlock(Microsoft::CodeAnalysis::VisualBasic::Syntax::SelectStatementSyntax ^ selectStatement, Microsoft::CodeAnalysis::SyntaxList<Microsoft::CodeAnalysis::VisualBasic::Syntax::CaseBlockSyntax ^> caseBlocks);
  - lang: csharp
    values:
    - value: public static Microsoft.CodeAnalysis.VisualBasic.Syntax.SelectBlockSyntax SelectBlock (Microsoft.CodeAnalysis.VisualBasic.Syntax.SelectStatementSyntax selectStatement, Microsoft.CodeAnalysis.SyntaxList<Microsoft.CodeAnalysis.VisualBasic.Syntax.CaseBlockSyntax> caseBlocks);
  - lang: fsharp
    values:
    - value: 'static member SelectBlock : Microsoft.CodeAnalysis.VisualBasic.Syntax.SelectStatementSyntax * Microsoft.CodeAnalysis.SyntaxList<Microsoft.CodeAnalysis.VisualBasic.Syntax.CaseBlockSyntax> -> Microsoft.CodeAnalysis.VisualBasic.Syntax.SelectBlockSyntax'
  - lang: vb
    values:
    - value: Public Shared Function SelectBlock (selectStatement As SelectStatementSyntax, caseBlocks As SyntaxList(Of CaseBlockSyntax)) As SelectBlockSyntax
  monikers:
  - roslyn-dotnet
  - roslyn-dotnet-3.0
  - roslyn-dotnet-3.1
  - roslyn-dotnet-3.10.0
  - roslyn-dotnet-3.11.0
  - roslyn-dotnet-3.2
  - roslyn-dotnet-3.2.1
  - roslyn-dotnet-3.3.1
  - roslyn-dotnet-3.4.0
  - roslyn-dotnet-3.5.0
  - roslyn-dotnet-3.6.0
  - roslyn-dotnet-3.7.0
  - roslyn-dotnet-3.8.0
  - roslyn-dotnet-3.9.0
  - roslyn-dotnet-4.0.1
  - roslyn-dotnet-4.1.0
  - roslyn-dotnet-4.2.0
  summary: >-
    Represents a Select Case block, including the Select Case that begins it, the

    contains Case blocks and the End Select.
  metadata: {}
- returnsWithMoniker:
    type:
    - value: <xref href="Microsoft.CodeAnalysis.VisualBasic.Syntax.SelectBlockSyntax?alt=Microsoft.CodeAnalysis.VisualBasic.Syntax.SelectBlockSyntax&text=SelectBlockSyntax" data-throw-if-not-resolved="True"/>
  parameters:
  - namesWithMoniker:
    - value: selectStatement
    description: The Select Case statement that begins the block.
    type: <xref href="Microsoft.CodeAnalysis.VisualBasic.Syntax.SelectStatementSyntax?alt=Microsoft.CodeAnalysis.VisualBasic.Syntax.SelectStatementSyntax&text=SelectStatementSyntax" data-throw-if-not-resolved="True"/>
  type: method
  uid: Microsoft.CodeAnalysis.VisualBasic.SyntaxFactory.SelectBlock(Microsoft.CodeAnalysis.VisualBasic.Syntax.SelectStatementSyntax)
  commentId: M:Microsoft.CodeAnalysis.VisualBasic.SyntaxFactory.SelectBlock(Microsoft.CodeAnalysis.VisualBasic.Syntax.SelectStatementSyntax)
  name: SelectBlock(SelectStatementSyntax)
  fullName: Microsoft.CodeAnalysis.VisualBasic.SyntaxFactory.SelectBlock(SelectStatementSyntax)
  nameWithType: SyntaxFactory.SelectBlock(SelectStatementSyntax)
  syntaxWithMoniker:
  - lang: cpp
    values:
    - value: >-
        public:
         static Microsoft::CodeAnalysis::VisualBasic::Syntax::SelectBlockSyntax ^ SelectBlock(Microsoft::CodeAnalysis::VisualBasic::Syntax::SelectStatementSyntax ^ selectStatement);
  - lang: csharp
    values:
    - value: public static Microsoft.CodeAnalysis.VisualBasic.Syntax.SelectBlockSyntax SelectBlock (Microsoft.CodeAnalysis.VisualBasic.Syntax.SelectStatementSyntax selectStatement);
  - lang: fsharp
    values:
    - value: 'static member SelectBlock : Microsoft.CodeAnalysis.VisualBasic.Syntax.SelectStatementSyntax -> Microsoft.CodeAnalysis.VisualBasic.Syntax.SelectBlockSyntax'
  - lang: vb
    values:
    - value: Public Shared Function SelectBlock (selectStatement As SelectStatementSyntax) As SelectBlockSyntax
  monikers:
  - roslyn-dotnet
  - roslyn-dotnet-3.0
  - roslyn-dotnet-3.1
  - roslyn-dotnet-3.10.0
  - roslyn-dotnet-3.11.0
  - roslyn-dotnet-3.2
  - roslyn-dotnet-3.2.1
  - roslyn-dotnet-3.3.1
  - roslyn-dotnet-3.4.0
  - roslyn-dotnet-3.5.0
  - roslyn-dotnet-3.6.0
  - roslyn-dotnet-3.7.0
  - roslyn-dotnet-3.8.0
  - roslyn-dotnet-3.9.0
  - roslyn-dotnet-4.0.1
  - roslyn-dotnet-4.1.0
  - roslyn-dotnet-4.2.0
  summary: >-
    Represents a Select Case block, including the Select Case that begins it, the

    contains Case blocks and the End Select.
  metadata: {}
uid: Microsoft.CodeAnalysis.VisualBasic.SyntaxFactory.SelectBlock*
commentId: Overload:Microsoft.CodeAnalysis.VisualBasic.SyntaxFactory.SelectBlock
namespace: Microsoft.CodeAnalysis.VisualBasic
name: SelectBlock
fullName: Microsoft.CodeAnalysis.VisualBasic.SyntaxFactory.SelectBlock
nameWithType: SyntaxFactory.SelectBlock
assembliesWithMoniker:
- value: Microsoft.CodeAnalysis.VisualBasic.dll
packagesWithMoniker:
- value: Microsoft.CodeAnalysis.VisualBasic v3.0.0
  monikers:
  - roslyn-dotnet-3.0
- value: Microsoft.CodeAnalysis.VisualBasic v3.1.0
  monikers:
  - roslyn-dotnet-3.1
- value: Microsoft.CodeAnalysis.VisualBasic v3.10.0
  monikers:
  - roslyn-dotnet-3.10.0
- value: Microsoft.CodeAnalysis.VisualBasic v3.11.0
  monikers:
  - roslyn-dotnet-3.11.0
- value: Microsoft.CodeAnalysis.VisualBasic v3.2.0
  monikers:
  - roslyn-dotnet-3.2
- value: Microsoft.CodeAnalysis.VisualBasic v3.2.1
  monikers:
  - roslyn-dotnet-3.2.1
- value: Microsoft.CodeAnalysis.VisualBasic v3.3.1
  monikers:
  - roslyn-dotnet-3.3.1
- value: Microsoft.CodeAnalysis.VisualBasic v3.4.0
  monikers:
  - roslyn-dotnet-3.4.0
- value: Microsoft.CodeAnalysis.VisualBasic v3.5.0
  monikers:
  - roslyn-dotnet-3.5.0
- value: Microsoft.CodeAnalysis.VisualBasic v3.6.0
  monikers:
  - roslyn-dotnet-3.6.0
- value: Microsoft.CodeAnalysis.VisualBasic v3.7.0
  monikers:
  - roslyn-dotnet-3.7.0
- value: Microsoft.CodeAnalysis.VisualBasic v3.8.0
  monikers:
  - roslyn-dotnet-3.8.0
- value: Microsoft.CodeAnalysis.VisualBasic v3.9.0
  monikers:
  - roslyn-dotnet-3.9.0
- value: Microsoft.CodeAnalysis.VisualBasic v4.0.1
  monikers:
  - roslyn-dotnet-4.0.1
- value: Microsoft.CodeAnalysis.VisualBasic v4.1.0
  monikers:
  - roslyn-dotnet-4.1.0
- value: Microsoft.CodeAnalysis.VisualBasic v4.2.0
  monikers:
  - roslyn-dotnet-4.2.0
devLangs:
- cpp
- csharp
- vb
- fsharp
monikers:
- roslyn-dotnet
- roslyn-dotnet-3.0
- roslyn-dotnet-3.1
- roslyn-dotnet-3.10.0
- roslyn-dotnet-3.11.0
- roslyn-dotnet-3.2
- roslyn-dotnet-3.2.1
- roslyn-dotnet-3.3.1
- roslyn-dotnet-3.4.0
- roslyn-dotnet-3.5.0
- roslyn-dotnet-3.6.0
- roslyn-dotnet-3.7.0
- roslyn-dotnet-3.8.0
- roslyn-dotnet-3.9.0
- roslyn-dotnet-4.0.1
- roslyn-dotnet-4.1.0
- roslyn-dotnet-4.2.0
metadata:
  api_name:
  - Microsoft.CodeAnalysis.VisualBasic.SyntaxFactory.SelectBlock
  api_location:
  - Microsoft.CodeAnalysis.VisualBasic.dll
  topic_type:
  - apiref
  api_type:
  - Assembly
  f1_keywords:
  - Microsoft.CodeAnalysis.VisualBasic.SyntaxFactory.SelectBlock
  - Microsoft::CodeAnalysis::VisualBasic::SyntaxFactory::SelectBlock
  - SelectBlock
  - SyntaxFactory.SelectBlock
  - SyntaxFactory::SelectBlock
  helpviewer_keywords:
  - SyntaxFactory.SelectBlock method [.NET]
  - SelectBlock method [.NET], class SyntaxFactory
  - SyntaxFactory.SelectBlock(SelectStatementSyntax, SyntaxList<CaseBlockSyntax>, EndBlockStatementSyntax) method [.NET]
  - SelectBlock(SelectStatementSyntax, SyntaxList<CaseBlockSyntax>, EndBlockStatementSyntax) method [.NET], class SyntaxFactory
  - SyntaxFactory.SelectBlock(SelectStatementSyntax, SyntaxList<CaseBlockSyntax>) method [.NET]
  - SelectBlock(SelectStatementSyntax, SyntaxList<CaseBlockSyntax>) method [.NET], class SyntaxFactory
  - SyntaxFactory.SelectBlock(SelectStatementSyntax) method [.NET]
  - SelectBlock(SelectStatementSyntax) method [.NET], class SyntaxFactory
  monikers:
  - roslyn-dotnet
  - roslyn-dotnet-3.0
  - roslyn-dotnet-3.1
  - roslyn-dotnet-3.10.0
  - roslyn-dotnet-3.11.0
  - roslyn-dotnet-3.2
  - roslyn-dotnet-3.2.1
  - roslyn-dotnet-3.3.1
  - roslyn-dotnet-3.4.0
  - roslyn-dotnet-3.5.0
  - roslyn-dotnet-3.6.0
  - roslyn-dotnet-3.7.0
  - roslyn-dotnet-3.8.0
  - roslyn-dotnet-3.9.0
  - roslyn-dotnet-4.0.1
  - roslyn-dotnet-4.1.0
  - roslyn-dotnet-4.2.0
