### YamlMime:NetMember
type: method
members:
- returnsWithMoniker:
    type:
    - value: <xref href="Microsoft.CodeAnalysis.VisualBasic.Syntax.OperatorBlockSyntax?alt=Microsoft.CodeAnalysis.VisualBasic.Syntax.OperatorBlockSyntax&text=OperatorBlockSyntax" data-throw-if-not-resolved="True"/>
  parameters:
  - namesWithMoniker:
    - value: operatorStatement
    description: The "Operator" statement that begins the block.
    type: <xref href="Microsoft.CodeAnalysis.VisualBasic.Syntax.OperatorStatementSyntax?alt=Microsoft.CodeAnalysis.VisualBasic.Syntax.OperatorStatementSyntax&text=OperatorStatementSyntax" data-throw-if-not-resolved="True"/>
  type: method
  uid: Microsoft.CodeAnalysis.VisualBasic.SyntaxFactory.OperatorBlock(Microsoft.CodeAnalysis.VisualBasic.Syntax.OperatorStatementSyntax)
  commentId: M:Microsoft.CodeAnalysis.VisualBasic.SyntaxFactory.OperatorBlock(Microsoft.CodeAnalysis.VisualBasic.Syntax.OperatorStatementSyntax)
  name: OperatorBlock(OperatorStatementSyntax)
  fullName: Microsoft.CodeAnalysis.VisualBasic.SyntaxFactory.OperatorBlock(OperatorStatementSyntax)
  nameWithType: SyntaxFactory.OperatorBlock(OperatorStatementSyntax)
  syntaxWithMoniker:
  - lang: cpp
    values:
    - value: >-
        public:
         static Microsoft::CodeAnalysis::VisualBasic::Syntax::OperatorBlockSyntax ^ OperatorBlock(Microsoft::CodeAnalysis::VisualBasic::Syntax::OperatorStatementSyntax ^ operatorStatement);
  - lang: csharp
    values:
    - value: public static Microsoft.CodeAnalysis.VisualBasic.Syntax.OperatorBlockSyntax OperatorBlock (Microsoft.CodeAnalysis.VisualBasic.Syntax.OperatorStatementSyntax operatorStatement);
  - lang: fsharp
    values:
    - value: 'static member OperatorBlock : Microsoft.CodeAnalysis.VisualBasic.Syntax.OperatorStatementSyntax -> Microsoft.CodeAnalysis.VisualBasic.Syntax.OperatorBlockSyntax'
  - lang: vb
    values:
    - value: Public Shared Function OperatorBlock (operatorStatement As OperatorStatementSyntax) As OperatorBlockSyntax
  monikers:
  - roslyn-dotnet
  - roslyn-dotnet-3.0
  - roslyn-dotnet-3.1
  - roslyn-dotnet-3.10.0
  - roslyn-dotnet-3.11.0
  - roslyn-dotnet-3.2
  - roslyn-dotnet-3.2.1
  - roslyn-dotnet-3.3.1
  - roslyn-dotnet-3.4.0
  - roslyn-dotnet-3.5.0
  - roslyn-dotnet-3.6.0
  - roslyn-dotnet-3.7.0
  - roslyn-dotnet-3.8.0
  - roslyn-dotnet-3.9.0
  - roslyn-dotnet-4.0.1
  - roslyn-dotnet-4.1.0
  - roslyn-dotnet-4.2.0
  summary: >-
    Represents an Operator block member declaration: A declaration that has a

    beginning declaration, a body of executable statements and an end statement.
  metadata: {}
- returnsWithMoniker:
    type:
    - value: <xref href="Microsoft.CodeAnalysis.VisualBasic.Syntax.OperatorBlockSyntax?alt=Microsoft.CodeAnalysis.VisualBasic.Syntax.OperatorBlockSyntax&text=OperatorBlockSyntax" data-throw-if-not-resolved="True"/>
  parameters:
  - namesWithMoniker:
    - value: operatorStatement
    description: The "Operator" statement that begins the block.
    type: <xref href="Microsoft.CodeAnalysis.VisualBasic.Syntax.OperatorStatementSyntax?alt=Microsoft.CodeAnalysis.VisualBasic.Syntax.OperatorStatementSyntax&text=OperatorStatementSyntax" data-throw-if-not-resolved="True"/>
  - namesWithMoniker:
    - value: statements
    description: The statements contained in the block statement. This might be an empty list.
    type: <xref href="Microsoft.CodeAnalysis.SyntaxList`1?alt=Microsoft.CodeAnalysis.SyntaxList&text=SyntaxList" data-throw-if-not-resolved="True"/>&lt;<xref href="Microsoft.CodeAnalysis.VisualBasic.Syntax.StatementSyntax?alt=Microsoft.CodeAnalysis.VisualBasic.Syntax.StatementSyntax&text=StatementSyntax" data-throw-if-not-resolved="True"/>&gt;
  type: method
  uid: Microsoft.CodeAnalysis.VisualBasic.SyntaxFactory.OperatorBlock(Microsoft.CodeAnalysis.VisualBasic.Syntax.OperatorStatementSyntax,Microsoft.CodeAnalysis.SyntaxList{Microsoft.CodeAnalysis.VisualBasic.Syntax.StatementSyntax})
  commentId: M:Microsoft.CodeAnalysis.VisualBasic.SyntaxFactory.OperatorBlock(Microsoft.CodeAnalysis.VisualBasic.Syntax.OperatorStatementSyntax,Microsoft.CodeAnalysis.SyntaxList{Microsoft.CodeAnalysis.VisualBasic.Syntax.StatementSyntax})
  name: OperatorBlock(OperatorStatementSyntax, SyntaxList<StatementSyntax>)
  fullName: Microsoft.CodeAnalysis.VisualBasic.SyntaxFactory.OperatorBlock(OperatorStatementSyntax, SyntaxList<StatementSyntax>)
  nameWithType: SyntaxFactory.OperatorBlock(OperatorStatementSyntax, SyntaxList<StatementSyntax>)
  syntaxWithMoniker:
  - lang: cpp
    values:
    - value: >-
        public:
         static Microsoft::CodeAnalysis::VisualBasic::Syntax::OperatorBlockSyntax ^ OperatorBlock(Microsoft::CodeAnalysis::VisualBasic::Syntax::OperatorStatementSyntax ^ operatorStatement, Microsoft::CodeAnalysis::SyntaxList<Microsoft::CodeAnalysis::VisualBasic::Syntax::StatementSyntax ^> statements);
  - lang: csharp
    values:
    - value: public static Microsoft.CodeAnalysis.VisualBasic.Syntax.OperatorBlockSyntax OperatorBlock (Microsoft.CodeAnalysis.VisualBasic.Syntax.OperatorStatementSyntax operatorStatement, Microsoft.CodeAnalysis.SyntaxList<Microsoft.CodeAnalysis.VisualBasic.Syntax.StatementSyntax> statements);
  - lang: fsharp
    values:
    - value: 'static member OperatorBlock : Microsoft.CodeAnalysis.VisualBasic.Syntax.OperatorStatementSyntax * Microsoft.CodeAnalysis.SyntaxList<Microsoft.CodeAnalysis.VisualBasic.Syntax.StatementSyntax> -> Microsoft.CodeAnalysis.VisualBasic.Syntax.OperatorBlockSyntax'
  - lang: vb
    values:
    - value: Public Shared Function OperatorBlock (operatorStatement As OperatorStatementSyntax, statements As SyntaxList(Of StatementSyntax)) As OperatorBlockSyntax
  monikers:
  - roslyn-dotnet
  - roslyn-dotnet-3.0
  - roslyn-dotnet-3.1
  - roslyn-dotnet-3.10.0
  - roslyn-dotnet-3.11.0
  - roslyn-dotnet-3.2
  - roslyn-dotnet-3.2.1
  - roslyn-dotnet-3.3.1
  - roslyn-dotnet-3.4.0
  - roslyn-dotnet-3.5.0
  - roslyn-dotnet-3.6.0
  - roslyn-dotnet-3.7.0
  - roslyn-dotnet-3.8.0
  - roslyn-dotnet-3.9.0
  - roslyn-dotnet-4.0.1
  - roslyn-dotnet-4.1.0
  - roslyn-dotnet-4.2.0
  summary: >-
    Represents an Operator block member declaration: A declaration that has a

    beginning declaration, a body of executable statements and an end statement.
  metadata: {}
- returnsWithMoniker:
    type:
    - value: <xref href="Microsoft.CodeAnalysis.VisualBasic.Syntax.OperatorBlockSyntax?alt=Microsoft.CodeAnalysis.VisualBasic.Syntax.OperatorBlockSyntax&text=OperatorBlockSyntax" data-throw-if-not-resolved="True"/>
  parameters:
  - namesWithMoniker:
    - value: operatorStatement
    description: The "Operator" statement that begins the block.
    type: <xref href="Microsoft.CodeAnalysis.VisualBasic.Syntax.OperatorStatementSyntax?alt=Microsoft.CodeAnalysis.VisualBasic.Syntax.OperatorStatementSyntax&text=OperatorStatementSyntax" data-throw-if-not-resolved="True"/>
  - namesWithMoniker:
    - value: statements
    description: The statements contained in the block statement. This might be an empty list.
    type: <xref href="Microsoft.CodeAnalysis.SyntaxList`1?alt=Microsoft.CodeAnalysis.SyntaxList&text=SyntaxList" data-throw-if-not-resolved="True"/>&lt;<xref href="Microsoft.CodeAnalysis.VisualBasic.Syntax.StatementSyntax?alt=Microsoft.CodeAnalysis.VisualBasic.Syntax.StatementSyntax&text=StatementSyntax" data-throw-if-not-resolved="True"/>&gt;
  - namesWithMoniker:
    - value: endOperatorStatement
    description: The "End Operator" statement that ends the block declaration.
    type: <xref href="Microsoft.CodeAnalysis.VisualBasic.Syntax.EndBlockStatementSyntax?alt=Microsoft.CodeAnalysis.VisualBasic.Syntax.EndBlockStatementSyntax&text=EndBlockStatementSyntax" data-throw-if-not-resolved="True"/>
  type: method
  uid: Microsoft.CodeAnalysis.VisualBasic.SyntaxFactory.OperatorBlock(Microsoft.CodeAnalysis.VisualBasic.Syntax.OperatorStatementSyntax,Microsoft.CodeAnalysis.SyntaxList{Microsoft.CodeAnalysis.VisualBasic.Syntax.StatementSyntax},Microsoft.CodeAnalysis.VisualBasic.Syntax.EndBlockStatementSyntax)
  commentId: M:Microsoft.CodeAnalysis.VisualBasic.SyntaxFactory.OperatorBlock(Microsoft.CodeAnalysis.VisualBasic.Syntax.OperatorStatementSyntax,Microsoft.CodeAnalysis.SyntaxList{Microsoft.CodeAnalysis.VisualBasic.Syntax.StatementSyntax},Microsoft.CodeAnalysis.VisualBasic.Syntax.EndBlockStatementSyntax)
  name: OperatorBlock(OperatorStatementSyntax, SyntaxList<StatementSyntax>, EndBlockStatementSyntax)
  fullName: Microsoft.CodeAnalysis.VisualBasic.SyntaxFactory.OperatorBlock(OperatorStatementSyntax, SyntaxList<StatementSyntax>, EndBlockStatementSyntax)
  nameWithType: SyntaxFactory.OperatorBlock(OperatorStatementSyntax, SyntaxList<StatementSyntax>, EndBlockStatementSyntax)
  syntaxWithMoniker:
  - lang: cpp
    values:
    - value: >-
        public:
         static Microsoft::CodeAnalysis::VisualBasic::Syntax::OperatorBlockSyntax ^ OperatorBlock(Microsoft::CodeAnalysis::VisualBasic::Syntax::OperatorStatementSyntax ^ operatorStatement, Microsoft::CodeAnalysis::SyntaxList<Microsoft::CodeAnalysis::VisualBasic::Syntax::StatementSyntax ^> statements, Microsoft::CodeAnalysis::VisualBasic::Syntax::EndBlockStatementSyntax ^ endOperatorStatement);
  - lang: csharp
    values:
    - value: public static Microsoft.CodeAnalysis.VisualBasic.Syntax.OperatorBlockSyntax OperatorBlock (Microsoft.CodeAnalysis.VisualBasic.Syntax.OperatorStatementSyntax operatorStatement, Microsoft.CodeAnalysis.SyntaxList<Microsoft.CodeAnalysis.VisualBasic.Syntax.StatementSyntax> statements, Microsoft.CodeAnalysis.VisualBasic.Syntax.EndBlockStatementSyntax endOperatorStatement);
  - lang: fsharp
    values:
    - value: 'static member OperatorBlock : Microsoft.CodeAnalysis.VisualBasic.Syntax.OperatorStatementSyntax * Microsoft.CodeAnalysis.SyntaxList<Microsoft.CodeAnalysis.VisualBasic.Syntax.StatementSyntax> * Microsoft.CodeAnalysis.VisualBasic.Syntax.EndBlockStatementSyntax -> Microsoft.CodeAnalysis.VisualBasic.Syntax.OperatorBlockSyntax'
  - lang: vb
    values:
    - value: Public Shared Function OperatorBlock (operatorStatement As OperatorStatementSyntax, statements As SyntaxList(Of StatementSyntax), endOperatorStatement As EndBlockStatementSyntax) As OperatorBlockSyntax
  monikers:
  - roslyn-dotnet
  - roslyn-dotnet-3.0
  - roslyn-dotnet-3.1
  - roslyn-dotnet-3.10.0
  - roslyn-dotnet-3.11.0
  - roslyn-dotnet-3.2
  - roslyn-dotnet-3.2.1
  - roslyn-dotnet-3.3.1
  - roslyn-dotnet-3.4.0
  - roslyn-dotnet-3.5.0
  - roslyn-dotnet-3.6.0
  - roslyn-dotnet-3.7.0
  - roslyn-dotnet-3.8.0
  - roslyn-dotnet-3.9.0
  - roslyn-dotnet-4.0.1
  - roslyn-dotnet-4.1.0
  - roslyn-dotnet-4.2.0
  summary: >-
    Represents an Operator block member declaration: A declaration that has a

    beginning declaration, a body of executable statements and an end statement.
  metadata: {}
uid: Microsoft.CodeAnalysis.VisualBasic.SyntaxFactory.OperatorBlock*
commentId: Overload:Microsoft.CodeAnalysis.VisualBasic.SyntaxFactory.OperatorBlock
namespace: Microsoft.CodeAnalysis.VisualBasic
name: OperatorBlock
fullName: Microsoft.CodeAnalysis.VisualBasic.SyntaxFactory.OperatorBlock
nameWithType: SyntaxFactory.OperatorBlock
assembliesWithMoniker:
- value: Microsoft.CodeAnalysis.VisualBasic.dll
packagesWithMoniker:
- value: Microsoft.CodeAnalysis.VisualBasic v3.0.0
  monikers:
  - roslyn-dotnet-3.0
- value: Microsoft.CodeAnalysis.VisualBasic v3.1.0
  monikers:
  - roslyn-dotnet-3.1
- value: Microsoft.CodeAnalysis.VisualBasic v3.10.0
  monikers:
  - roslyn-dotnet-3.10.0
- value: Microsoft.CodeAnalysis.VisualBasic v3.11.0
  monikers:
  - roslyn-dotnet-3.11.0
- value: Microsoft.CodeAnalysis.VisualBasic v3.2.0
  monikers:
  - roslyn-dotnet-3.2
- value: Microsoft.CodeAnalysis.VisualBasic v3.2.1
  monikers:
  - roslyn-dotnet-3.2.1
- value: Microsoft.CodeAnalysis.VisualBasic v3.3.1
  monikers:
  - roslyn-dotnet-3.3.1
- value: Microsoft.CodeAnalysis.VisualBasic v3.4.0
  monikers:
  - roslyn-dotnet-3.4.0
- value: Microsoft.CodeAnalysis.VisualBasic v3.5.0
  monikers:
  - roslyn-dotnet-3.5.0
- value: Microsoft.CodeAnalysis.VisualBasic v3.6.0
  monikers:
  - roslyn-dotnet-3.6.0
- value: Microsoft.CodeAnalysis.VisualBasic v3.7.0
  monikers:
  - roslyn-dotnet-3.7.0
- value: Microsoft.CodeAnalysis.VisualBasic v3.8.0
  monikers:
  - roslyn-dotnet-3.8.0
- value: Microsoft.CodeAnalysis.VisualBasic v3.9.0
  monikers:
  - roslyn-dotnet-3.9.0
- value: Microsoft.CodeAnalysis.VisualBasic v4.0.1
  monikers:
  - roslyn-dotnet-4.0.1
- value: Microsoft.CodeAnalysis.VisualBasic v4.1.0
  monikers:
  - roslyn-dotnet-4.1.0
- value: Microsoft.CodeAnalysis.VisualBasic v4.2.0
  monikers:
  - roslyn-dotnet-4.2.0
devLangs:
- cpp
- csharp
- vb
- fsharp
monikers:
- roslyn-dotnet
- roslyn-dotnet-3.0
- roslyn-dotnet-3.1
- roslyn-dotnet-3.10.0
- roslyn-dotnet-3.11.0
- roslyn-dotnet-3.2
- roslyn-dotnet-3.2.1
- roslyn-dotnet-3.3.1
- roslyn-dotnet-3.4.0
- roslyn-dotnet-3.5.0
- roslyn-dotnet-3.6.0
- roslyn-dotnet-3.7.0
- roslyn-dotnet-3.8.0
- roslyn-dotnet-3.9.0
- roslyn-dotnet-4.0.1
- roslyn-dotnet-4.1.0
- roslyn-dotnet-4.2.0
metadata:
  api_name:
  - Microsoft.CodeAnalysis.VisualBasic.SyntaxFactory.OperatorBlock
  api_location:
  - Microsoft.CodeAnalysis.VisualBasic.dll
  topic_type:
  - apiref
  api_type:
  - Assembly
  f1_keywords:
  - Microsoft.CodeAnalysis.VisualBasic.SyntaxFactory.OperatorBlock
  - Microsoft::CodeAnalysis::VisualBasic::SyntaxFactory::OperatorBlock
  - OperatorBlock
  - SyntaxFactory.OperatorBlock
  - SyntaxFactory::OperatorBlock
  helpviewer_keywords:
  - SyntaxFactory.OperatorBlock method [.NET]
  - OperatorBlock method [.NET], class SyntaxFactory
  - SyntaxFactory.OperatorBlock(OperatorStatementSyntax) method [.NET]
  - OperatorBlock(OperatorStatementSyntax) method [.NET], class SyntaxFactory
  - SyntaxFactory.OperatorBlock(OperatorStatementSyntax, SyntaxList<StatementSyntax>) method [.NET]
  - OperatorBlock(OperatorStatementSyntax, SyntaxList<StatementSyntax>) method [.NET], class SyntaxFactory
  - SyntaxFactory.OperatorBlock(OperatorStatementSyntax, SyntaxList<StatementSyntax>, EndBlockStatementSyntax) method [.NET]
  - OperatorBlock(OperatorStatementSyntax, SyntaxList<StatementSyntax>, EndBlockStatementSyntax) method [.NET], class SyntaxFactory
  monikers:
  - roslyn-dotnet
  - roslyn-dotnet-3.0
  - roslyn-dotnet-3.1
  - roslyn-dotnet-3.10.0
  - roslyn-dotnet-3.11.0
  - roslyn-dotnet-3.2
  - roslyn-dotnet-3.2.1
  - roslyn-dotnet-3.3.1
  - roslyn-dotnet-3.4.0
  - roslyn-dotnet-3.5.0
  - roslyn-dotnet-3.6.0
  - roslyn-dotnet-3.7.0
  - roslyn-dotnet-3.8.0
  - roslyn-dotnet-3.9.0
  - roslyn-dotnet-4.0.1
  - roslyn-dotnet-4.1.0
  - roslyn-dotnet-4.2.0
