### YamlMime:NetMember
type: method
members:
- returnsWithMoniker:
    type:
    - value: TResult
  parameters:
  - namesWithMoniker:
    - value: node
    type: <xref href="Microsoft.CodeAnalysis.VisualBasic.Syntax.DoLoopBlockSyntax?alt=Microsoft.CodeAnalysis.VisualBasic.Syntax.DoLoopBlockSyntax&text=DoLoopBlockSyntax" data-throw-if-not-resolved="True"/>
  type: method
  uid: Microsoft.CodeAnalysis.VisualBasic.VisualBasicSyntaxVisitor`1.VisitDoLoopBlock(Microsoft.CodeAnalysis.VisualBasic.Syntax.DoLoopBlockSyntax)
  commentId: M:Microsoft.CodeAnalysis.VisualBasic.VisualBasicSyntaxVisitor`1.VisitDoLoopBlock(Microsoft.CodeAnalysis.VisualBasic.Syntax.DoLoopBlockSyntax)
  name: VisitDoLoopBlock(DoLoopBlockSyntax)
  fullName: Microsoft.CodeAnalysis.VisualBasic.VisualBasicSyntaxVisitor<TResult>.VisitDoLoopBlock(DoLoopBlockSyntax)
  nameWithType: VisualBasicSyntaxVisitor<TResult>.VisitDoLoopBlock(DoLoopBlockSyntax)
  syntaxWithMoniker:
  - lang: cpp
    values:
    - value: >-
        public:
         virtual TResult VisitDoLoopBlock(Microsoft::CodeAnalysis::VisualBasic::Syntax::DoLoopBlockSyntax ^ node);
  - lang: csharp
    values:
    - value: public virtual TResult VisitDoLoopBlock (Microsoft.CodeAnalysis.VisualBasic.Syntax.DoLoopBlockSyntax node);
  - lang: fsharp
    values:
    - value: >-
        abstract member VisitDoLoopBlock : Microsoft.CodeAnalysis.VisualBasic.Syntax.DoLoopBlockSyntax -> 'Result

        override this.VisitDoLoopBlock : Microsoft.CodeAnalysis.VisualBasic.Syntax.DoLoopBlockSyntax -> 'Result
  - lang: vb
    values:
    - value: Public Overridable Function VisitDoLoopBlock (node As DoLoopBlockSyntax) As TResult
  monikers:
  - roslyn-dotnet
  - roslyn-dotnet-3.0
  - roslyn-dotnet-3.1
  - roslyn-dotnet-3.10.0
  - roslyn-dotnet-3.11.0
  - roslyn-dotnet-3.2
  - roslyn-dotnet-3.2.1
  - roslyn-dotnet-3.3.1
  - roslyn-dotnet-3.4.0
  - roslyn-dotnet-3.5.0
  - roslyn-dotnet-3.6.0
  - roslyn-dotnet-3.7.0
  - roslyn-dotnet-3.8.0
  - roslyn-dotnet-3.9.0
  - roslyn-dotnet-4.0.1
  - roslyn-dotnet-4.1.0
  - roslyn-dotnet-4.2.0
  metadata: {}
uid: Microsoft.CodeAnalysis.VisualBasic.VisualBasicSyntaxVisitor`1.VisitDoLoopBlock*
commentId: Overload:Microsoft.CodeAnalysis.VisualBasic.VisualBasicSyntaxVisitor`1.VisitDoLoopBlock
namespace: Microsoft.CodeAnalysis.VisualBasic
name: VisitDoLoopBlock
fullName: Microsoft.CodeAnalysis.VisualBasic.VisualBasicSyntaxVisitor<TResult>.VisitDoLoopBlock
nameWithType: VisualBasicSyntaxVisitor<TResult>.VisitDoLoopBlock
assembliesWithMoniker:
- value: Microsoft.CodeAnalysis.VisualBasic.dll
packagesWithMoniker:
- value: Microsoft.CodeAnalysis.VisualBasic v3.0.0
  monikers:
  - roslyn-dotnet-3.0
- value: Microsoft.CodeAnalysis.VisualBasic v3.1.0
  monikers:
  - roslyn-dotnet-3.1
- value: Microsoft.CodeAnalysis.VisualBasic v3.10.0
  monikers:
  - roslyn-dotnet-3.10.0
- value: Microsoft.CodeAnalysis.VisualBasic v3.11.0
  monikers:
  - roslyn-dotnet-3.11.0
- value: Microsoft.CodeAnalysis.VisualBasic v3.2.0
  monikers:
  - roslyn-dotnet-3.2
- value: Microsoft.CodeAnalysis.VisualBasic v3.2.1
  monikers:
  - roslyn-dotnet-3.2.1
- value: Microsoft.CodeAnalysis.VisualBasic v3.3.1
  monikers:
  - roslyn-dotnet-3.3.1
- value: Microsoft.CodeAnalysis.VisualBasic v3.4.0
  monikers:
  - roslyn-dotnet-3.4.0
- value: Microsoft.CodeAnalysis.VisualBasic v3.5.0
  monikers:
  - roslyn-dotnet-3.5.0
- value: Microsoft.CodeAnalysis.VisualBasic v3.6.0
  monikers:
  - roslyn-dotnet-3.6.0
- value: Microsoft.CodeAnalysis.VisualBasic v3.7.0
  monikers:
  - roslyn-dotnet-3.7.0
- value: Microsoft.CodeAnalysis.VisualBasic v3.8.0
  monikers:
  - roslyn-dotnet-3.8.0
- value: Microsoft.CodeAnalysis.VisualBasic v3.9.0
  monikers:
  - roslyn-dotnet-3.9.0
- value: Microsoft.CodeAnalysis.VisualBasic v4.0.1
  monikers:
  - roslyn-dotnet-4.0.1
- value: Microsoft.CodeAnalysis.VisualBasic v4.1.0
  monikers:
  - roslyn-dotnet-4.1.0
- value: Microsoft.CodeAnalysis.VisualBasic v4.2.0
  monikers:
  - roslyn-dotnet-4.2.0
devLangs:
- cpp
- csharp
- vb
- fsharp
monikers:
- roslyn-dotnet
- roslyn-dotnet-3.0
- roslyn-dotnet-3.1
- roslyn-dotnet-3.10.0
- roslyn-dotnet-3.11.0
- roslyn-dotnet-3.2
- roslyn-dotnet-3.2.1
- roslyn-dotnet-3.3.1
- roslyn-dotnet-3.4.0
- roslyn-dotnet-3.5.0
- roslyn-dotnet-3.6.0
- roslyn-dotnet-3.7.0
- roslyn-dotnet-3.8.0
- roslyn-dotnet-3.9.0
- roslyn-dotnet-4.0.1
- roslyn-dotnet-4.1.0
- roslyn-dotnet-4.2.0
metadata:
  api_name:
  - Microsoft.CodeAnalysis.VisualBasic.VisualBasicSyntaxVisitor`1.VisitDoLoopBlock
  api_location:
  - Microsoft.CodeAnalysis.VisualBasic.dll
  topic_type:
  - apiref
  api_type:
  - Assembly
  f1_keywords:
  - Microsoft.CodeAnalysis.VisualBasic.VisualBasicSyntaxVisitor`1.VisitDoLoopBlock
  - Microsoft::CodeAnalysis::VisualBasic::VisualBasicSyntaxVisitor`1::VisitDoLoopBlock
  - Microsoft.CodeAnalysis.VisualBasic.VisualBasicSyntaxVisitor.VisitDoLoopBlock
  - VisitDoLoopBlock
  - VisualBasicSyntaxVisitor`1.VisitDoLoopBlock
  - VisualBasicSyntaxVisitor`1::VisitDoLoopBlock
  helpviewer_keywords:
  - VisualBasicSyntaxVisitor<TResult>.VisitDoLoopBlock method [.NET]
  - VisitDoLoopBlock method [.NET], class VisualBasicSyntaxVisitor<TResult>
  - VisualBasicSyntaxVisitor<TResult>.VisitDoLoopBlock(DoLoopBlockSyntax) method [.NET]
  - VisitDoLoopBlock(DoLoopBlockSyntax) method [.NET], class VisualBasicSyntaxVisitor<TResult>
  monikers:
  - roslyn-dotnet
  - roslyn-dotnet-3.0
  - roslyn-dotnet-3.1
  - roslyn-dotnet-3.10.0
  - roslyn-dotnet-3.11.0
  - roslyn-dotnet-3.2
  - roslyn-dotnet-3.2.1
  - roslyn-dotnet-3.3.1
  - roslyn-dotnet-3.4.0
  - roslyn-dotnet-3.5.0
  - roslyn-dotnet-3.6.0
  - roslyn-dotnet-3.7.0
  - roslyn-dotnet-3.8.0
  - roslyn-dotnet-3.9.0
  - roslyn-dotnet-4.0.1
  - roslyn-dotnet-4.1.0
  - roslyn-dotnet-4.2.0
