### YamlMime:NetMember
type: method
members:
- returnsWithMoniker:
    type:
    - value: <xref href="Microsoft.CodeAnalysis.SyntaxNode?alt=Microsoft.CodeAnalysis.SyntaxNode&text=SyntaxNode" data-throw-if-not-resolved="True"/>
  parameters:
  - namesWithMoniker:
    - value: node
    type: <xref href="Microsoft.CodeAnalysis.VisualBasic.Syntax.SelectBlockSyntax?alt=Microsoft.CodeAnalysis.VisualBasic.Syntax.SelectBlockSyntax&text=SelectBlockSyntax" data-throw-if-not-resolved="True"/>
  type: method
  uid: Microsoft.CodeAnalysis.VisualBasic.VisualBasicSyntaxRewriter.VisitSelectBlock(Microsoft.CodeAnalysis.VisualBasic.Syntax.SelectBlockSyntax)
  commentId: M:Microsoft.CodeAnalysis.VisualBasic.VisualBasicSyntaxRewriter.VisitSelectBlock(Microsoft.CodeAnalysis.VisualBasic.Syntax.SelectBlockSyntax)
  name: VisitSelectBlock(SelectBlockSyntax)
  fullName: Microsoft.CodeAnalysis.VisualBasic.VisualBasicSyntaxRewriter.VisitSelectBlock(SelectBlockSyntax)
  nameWithType: VisualBasicSyntaxRewriter.VisitSelectBlock(SelectBlockSyntax)
  syntaxWithMoniker:
  - lang: cpp
    values:
    - value: >-
        public:
         override Microsoft::CodeAnalysis::SyntaxNode ^ VisitSelectBlock(Microsoft::CodeAnalysis::VisualBasic::Syntax::SelectBlockSyntax ^ node);
  - lang: csharp
    values:
    - value: public override Microsoft.CodeAnalysis.SyntaxNode VisitSelectBlock (Microsoft.CodeAnalysis.VisualBasic.Syntax.SelectBlockSyntax node);
  - lang: fsharp
    values:
    - value: 'override this.VisitSelectBlock : Microsoft.CodeAnalysis.VisualBasic.Syntax.SelectBlockSyntax -> Microsoft.CodeAnalysis.SyntaxNode'
  - lang: vb
    values:
    - value: Public Overrides Function VisitSelectBlock (node As SelectBlockSyntax) As SyntaxNode
  monikers:
  - roslyn-dotnet
  - roslyn-dotnet-3.0
  - roslyn-dotnet-3.1
  - roslyn-dotnet-3.10.0
  - roslyn-dotnet-3.11.0
  - roslyn-dotnet-3.2
  - roslyn-dotnet-3.2.1
  - roslyn-dotnet-3.3.1
  - roslyn-dotnet-3.4.0
  - roslyn-dotnet-3.5.0
  - roslyn-dotnet-3.6.0
  - roslyn-dotnet-3.7.0
  - roslyn-dotnet-3.8.0
  - roslyn-dotnet-3.9.0
  - roslyn-dotnet-4.0.1
  - roslyn-dotnet-4.1.0
  - roslyn-dotnet-4.2.0
  metadata: {}
uid: Microsoft.CodeAnalysis.VisualBasic.VisualBasicSyntaxRewriter.VisitSelectBlock*
commentId: Overload:Microsoft.CodeAnalysis.VisualBasic.VisualBasicSyntaxRewriter.VisitSelectBlock
namespace: Microsoft.CodeAnalysis.VisualBasic
name: VisitSelectBlock
fullName: Microsoft.CodeAnalysis.VisualBasic.VisualBasicSyntaxRewriter.VisitSelectBlock
nameWithType: VisualBasicSyntaxRewriter.VisitSelectBlock
assembliesWithMoniker:
- value: Microsoft.CodeAnalysis.VisualBasic.dll
packagesWithMoniker:
- value: Microsoft.CodeAnalysis.VisualBasic v3.0.0
  monikers:
  - roslyn-dotnet-3.0
- value: Microsoft.CodeAnalysis.VisualBasic v3.1.0
  monikers:
  - roslyn-dotnet-3.1
- value: Microsoft.CodeAnalysis.VisualBasic v3.10.0
  monikers:
  - roslyn-dotnet-3.10.0
- value: Microsoft.CodeAnalysis.VisualBasic v3.11.0
  monikers:
  - roslyn-dotnet-3.11.0
- value: Microsoft.CodeAnalysis.VisualBasic v3.2.0
  monikers:
  - roslyn-dotnet-3.2
- value: Microsoft.CodeAnalysis.VisualBasic v3.2.1
  monikers:
  - roslyn-dotnet-3.2.1
- value: Microsoft.CodeAnalysis.VisualBasic v3.3.1
  monikers:
  - roslyn-dotnet-3.3.1
- value: Microsoft.CodeAnalysis.VisualBasic v3.4.0
  monikers:
  - roslyn-dotnet-3.4.0
- value: Microsoft.CodeAnalysis.VisualBasic v3.5.0
  monikers:
  - roslyn-dotnet-3.5.0
- value: Microsoft.CodeAnalysis.VisualBasic v3.6.0
  monikers:
  - roslyn-dotnet-3.6.0
- value: Microsoft.CodeAnalysis.VisualBasic v3.7.0
  monikers:
  - roslyn-dotnet-3.7.0
- value: Microsoft.CodeAnalysis.VisualBasic v3.8.0
  monikers:
  - roslyn-dotnet-3.8.0
- value: Microsoft.CodeAnalysis.VisualBasic v3.9.0
  monikers:
  - roslyn-dotnet-3.9.0
- value: Microsoft.CodeAnalysis.VisualBasic v4.0.1
  monikers:
  - roslyn-dotnet-4.0.1
- value: Microsoft.CodeAnalysis.VisualBasic v4.1.0
  monikers:
  - roslyn-dotnet-4.1.0
- value: Microsoft.CodeAnalysis.VisualBasic v4.2.0
  monikers:
  - roslyn-dotnet-4.2.0
devLangs:
- cpp
- csharp
- vb
- fsharp
monikers:
- roslyn-dotnet
- roslyn-dotnet-3.0
- roslyn-dotnet-3.1
- roslyn-dotnet-3.10.0
- roslyn-dotnet-3.11.0
- roslyn-dotnet-3.2
- roslyn-dotnet-3.2.1
- roslyn-dotnet-3.3.1
- roslyn-dotnet-3.4.0
- roslyn-dotnet-3.5.0
- roslyn-dotnet-3.6.0
- roslyn-dotnet-3.7.0
- roslyn-dotnet-3.8.0
- roslyn-dotnet-3.9.0
- roslyn-dotnet-4.0.1
- roslyn-dotnet-4.1.0
- roslyn-dotnet-4.2.0
metadata:
  api_name:
  - Microsoft.CodeAnalysis.VisualBasic.VisualBasicSyntaxRewriter.VisitSelectBlock
  api_location:
  - Microsoft.CodeAnalysis.VisualBasic.dll
  topic_type:
  - apiref
  api_type:
  - Assembly
  f1_keywords:
  - Microsoft.CodeAnalysis.VisualBasic.VisualBasicSyntaxRewriter.VisitSelectBlock
  - Microsoft::CodeAnalysis::VisualBasic::VisualBasicSyntaxRewriter::VisitSelectBlock
  - VisitSelectBlock
  - VisualBasicSyntaxRewriter.VisitSelectBlock
  - VisualBasicSyntaxRewriter::VisitSelectBlock
  helpviewer_keywords:
  - VisualBasicSyntaxRewriter.VisitSelectBlock method [.NET]
  - VisitSelectBlock method [.NET], class VisualBasicSyntaxRewriter
  - VisualBasicSyntaxRewriter.VisitSelectBlock(SelectBlockSyntax) method [.NET]
  - VisitSelectBlock(SelectBlockSyntax) method [.NET], class VisualBasicSyntaxRewriter
  monikers:
  - roslyn-dotnet
  - roslyn-dotnet-3.0
  - roslyn-dotnet-3.1
  - roslyn-dotnet-3.10.0
  - roslyn-dotnet-3.11.0
  - roslyn-dotnet-3.2
  - roslyn-dotnet-3.2.1
  - roslyn-dotnet-3.3.1
  - roslyn-dotnet-3.4.0
  - roslyn-dotnet-3.5.0
  - roslyn-dotnet-3.6.0
  - roslyn-dotnet-3.7.0
  - roslyn-dotnet-3.8.0
  - roslyn-dotnet-3.9.0
  - roslyn-dotnet-4.0.1
  - roslyn-dotnet-4.1.0
  - roslyn-dotnet-4.2.0
