### YamlMime:NetMember
type: method
members:
- returnsWithMoniker:
    type:
    - value: TResult
  parameters:
  - namesWithMoniker:
    - value: node
    type: <xref href="Microsoft.CodeAnalysis.VisualBasic.Syntax.CatchBlockSyntax?alt=Microsoft.CodeAnalysis.VisualBasic.Syntax.CatchBlockSyntax&text=CatchBlockSyntax" data-throw-if-not-resolved="True"/>
  type: method
  uid: Microsoft.CodeAnalysis.VisualBasic.VisualBasicSyntaxVisitor`1.VisitCatchBlock(Microsoft.CodeAnalysis.VisualBasic.Syntax.CatchBlockSyntax)
  commentId: M:Microsoft.CodeAnalysis.VisualBasic.VisualBasicSyntaxVisitor`1.VisitCatchBlock(Microsoft.CodeAnalysis.VisualBasic.Syntax.CatchBlockSyntax)
  name: VisitCatchBlock(CatchBlockSyntax)
  fullName: Microsoft.CodeAnalysis.VisualBasic.VisualBasicSyntaxVisitor<TResult>.VisitCatchBlock(CatchBlockSyntax)
  nameWithType: VisualBasicSyntaxVisitor<TResult>.VisitCatchBlock(CatchBlockSyntax)
  syntaxWithMoniker:
  - lang: cpp
    values:
    - value: >-
        public:
         virtual TResult VisitCatchBlock(Microsoft::CodeAnalysis::VisualBasic::Syntax::CatchBlockSyntax ^ node);
  - lang: csharp
    values:
    - value: public virtual TResult VisitCatchBlock (Microsoft.CodeAnalysis.VisualBasic.Syntax.CatchBlockSyntax node);
  - lang: fsharp
    values:
    - value: >-
        abstract member VisitCatchBlock : Microsoft.CodeAnalysis.VisualBasic.Syntax.CatchBlockSyntax -> 'Result

        override this.VisitCatchBlock : Microsoft.CodeAnalysis.VisualBasic.Syntax.CatchBlockSyntax -> 'Result
  - lang: vb
    values:
    - value: Public Overridable Function VisitCatchBlock (node As CatchBlockSyntax) As TResult
  monikers:
  - roslyn-dotnet
  - roslyn-dotnet-3.0
  - roslyn-dotnet-3.1
  - roslyn-dotnet-3.10.0
  - roslyn-dotnet-3.11.0
  - roslyn-dotnet-3.2
  - roslyn-dotnet-3.2.1
  - roslyn-dotnet-3.3.1
  - roslyn-dotnet-3.4.0
  - roslyn-dotnet-3.5.0
  - roslyn-dotnet-3.6.0
  - roslyn-dotnet-3.7.0
  - roslyn-dotnet-3.8.0
  - roslyn-dotnet-3.9.0
  - roslyn-dotnet-4.0.1
  - roslyn-dotnet-4.1.0
  - roslyn-dotnet-4.2.0
  metadata: {}
uid: Microsoft.CodeAnalysis.VisualBasic.VisualBasicSyntaxVisitor`1.VisitCatchBlock*
commentId: Overload:Microsoft.CodeAnalysis.VisualBasic.VisualBasicSyntaxVisitor`1.VisitCatchBlock
namespace: Microsoft.CodeAnalysis.VisualBasic
name: VisitCatchBlock
fullName: Microsoft.CodeAnalysis.VisualBasic.VisualBasicSyntaxVisitor<TResult>.VisitCatchBlock
nameWithType: VisualBasicSyntaxVisitor<TResult>.VisitCatchBlock
assembliesWithMoniker:
- value: Microsoft.CodeAnalysis.VisualBasic.dll
packagesWithMoniker:
- value: Microsoft.CodeAnalysis.VisualBasic v3.0.0
  monikers:
  - roslyn-dotnet-3.0
- value: Microsoft.CodeAnalysis.VisualBasic v3.1.0
  monikers:
  - roslyn-dotnet-3.1
- value: Microsoft.CodeAnalysis.VisualBasic v3.10.0
  monikers:
  - roslyn-dotnet-3.10.0
- value: Microsoft.CodeAnalysis.VisualBasic v3.11.0
  monikers:
  - roslyn-dotnet-3.11.0
- value: Microsoft.CodeAnalysis.VisualBasic v3.2.0
  monikers:
  - roslyn-dotnet-3.2
- value: Microsoft.CodeAnalysis.VisualBasic v3.2.1
  monikers:
  - roslyn-dotnet-3.2.1
- value: Microsoft.CodeAnalysis.VisualBasic v3.3.1
  monikers:
  - roslyn-dotnet-3.3.1
- value: Microsoft.CodeAnalysis.VisualBasic v3.4.0
  monikers:
  - roslyn-dotnet-3.4.0
- value: Microsoft.CodeAnalysis.VisualBasic v3.5.0
  monikers:
  - roslyn-dotnet-3.5.0
- value: Microsoft.CodeAnalysis.VisualBasic v3.6.0
  monikers:
  - roslyn-dotnet-3.6.0
- value: Microsoft.CodeAnalysis.VisualBasic v3.7.0
  monikers:
  - roslyn-dotnet-3.7.0
- value: Microsoft.CodeAnalysis.VisualBasic v3.8.0
  monikers:
  - roslyn-dotnet-3.8.0
- value: Microsoft.CodeAnalysis.VisualBasic v3.9.0
  monikers:
  - roslyn-dotnet-3.9.0
- value: Microsoft.CodeAnalysis.VisualBasic v4.0.1
  monikers:
  - roslyn-dotnet-4.0.1
- value: Microsoft.CodeAnalysis.VisualBasic v4.1.0
  monikers:
  - roslyn-dotnet-4.1.0
- value: Microsoft.CodeAnalysis.VisualBasic v4.2.0
  monikers:
  - roslyn-dotnet-4.2.0
devLangs:
- cpp
- csharp
- vb
- fsharp
monikers:
- roslyn-dotnet
- roslyn-dotnet-3.0
- roslyn-dotnet-3.1
- roslyn-dotnet-3.10.0
- roslyn-dotnet-3.11.0
- roslyn-dotnet-3.2
- roslyn-dotnet-3.2.1
- roslyn-dotnet-3.3.1
- roslyn-dotnet-3.4.0
- roslyn-dotnet-3.5.0
- roslyn-dotnet-3.6.0
- roslyn-dotnet-3.7.0
- roslyn-dotnet-3.8.0
- roslyn-dotnet-3.9.0
- roslyn-dotnet-4.0.1
- roslyn-dotnet-4.1.0
- roslyn-dotnet-4.2.0
metadata:
  api_name:
  - Microsoft.CodeAnalysis.VisualBasic.VisualBasicSyntaxVisitor`1.VisitCatchBlock
  api_location:
  - Microsoft.CodeAnalysis.VisualBasic.dll
  topic_type:
  - apiref
  api_type:
  - Assembly
  f1_keywords:
  - Microsoft.CodeAnalysis.VisualBasic.VisualBasicSyntaxVisitor`1.VisitCatchBlock
  - Microsoft::CodeAnalysis::VisualBasic::VisualBasicSyntaxVisitor`1::VisitCatchBlock
  - Microsoft.CodeAnalysis.VisualBasic.VisualBasicSyntaxVisitor.VisitCatchBlock
  - VisitCatchBlock
  - VisualBasicSyntaxVisitor`1.VisitCatchBlock
  - VisualBasicSyntaxVisitor`1::VisitCatchBlock
  helpviewer_keywords:
  - VisualBasicSyntaxVisitor<TResult>.VisitCatchBlock method [.NET]
  - VisitCatchBlock method [.NET], class VisualBasicSyntaxVisitor<TResult>
  - VisualBasicSyntaxVisitor<TResult>.VisitCatchBlock(CatchBlockSyntax) method [.NET]
  - VisitCatchBlock(CatchBlockSyntax) method [.NET], class VisualBasicSyntaxVisitor<TResult>
  monikers:
  - roslyn-dotnet
  - roslyn-dotnet-3.0
  - roslyn-dotnet-3.1
  - roslyn-dotnet-3.10.0
  - roslyn-dotnet-3.11.0
  - roslyn-dotnet-3.2
  - roslyn-dotnet-3.2.1
  - roslyn-dotnet-3.3.1
  - roslyn-dotnet-3.4.0
  - roslyn-dotnet-3.5.0
  - roslyn-dotnet-3.6.0
  - roslyn-dotnet-3.7.0
  - roslyn-dotnet-3.8.0
  - roslyn-dotnet-3.9.0
  - roslyn-dotnet-4.0.1
  - roslyn-dotnet-4.1.0
  - roslyn-dotnet-4.2.0
