### YamlMime:NetMember
type: method
members:
- returnsWithMoniker:
    type:
    - value: <xref href="Microsoft.CodeAnalysis.VisualBasic.Syntax.MultiLineIfBlockSyntax?alt=Microsoft.CodeAnalysis.VisualBasic.Syntax.MultiLineIfBlockSyntax&text=MultiLineIfBlockSyntax" data-throw-if-not-resolved="True"/>
  parameters:
  - namesWithMoniker:
    - value: ifStatement
    description: The "If" statement that begins the "If" block.
    type: <xref href="Microsoft.CodeAnalysis.VisualBasic.Syntax.IfStatementSyntax?alt=Microsoft.CodeAnalysis.VisualBasic.Syntax.IfStatementSyntax&text=IfStatementSyntax" data-throw-if-not-resolved="True"/>
  - namesWithMoniker:
    - value: statements
    description: >-
      A list of statements to be executed if the condition expression evaluates as

      true.
    type: <xref href="Microsoft.CodeAnalysis.SyntaxList`1?alt=Microsoft.CodeAnalysis.SyntaxList&text=SyntaxList" data-throw-if-not-resolved="True"/>&lt;<xref href="Microsoft.CodeAnalysis.VisualBasic.Syntax.StatementSyntax?alt=Microsoft.CodeAnalysis.VisualBasic.Syntax.StatementSyntax&text=StatementSyntax" data-throw-if-not-resolved="True"/>&gt;
  - namesWithMoniker:
    - value: elseIfBlocks
    description: >-
      A list of "ElseIf" blocks to be evaluated, in order, if the condition

      expression of the "If" statement evaluates as false.
    type: <xref href="Microsoft.CodeAnalysis.SyntaxList`1?alt=Microsoft.CodeAnalysis.SyntaxList&text=SyntaxList" data-throw-if-not-resolved="True"/>&lt;<xref href="Microsoft.CodeAnalysis.VisualBasic.Syntax.ElseIfBlockSyntax?alt=Microsoft.CodeAnalysis.VisualBasic.Syntax.ElseIfBlockSyntax&text=ElseIfBlockSyntax" data-throw-if-not-resolved="True"/>&gt;
  - namesWithMoniker:
    - value: elseBlock
    description: >-
      An "Else" block to be executed if the condition expression of the "If"

      statement and all "ElseIf" blocks evaluate as false.
    type: <xref href="Microsoft.CodeAnalysis.VisualBasic.Syntax.ElseBlockSyntax?alt=Microsoft.CodeAnalysis.VisualBasic.Syntax.ElseBlockSyntax&text=ElseBlockSyntax" data-throw-if-not-resolved="True"/>
  - namesWithMoniker:
    - value: endIfStatement
    description: Then "End If" statement.
    type: <xref href="Microsoft.CodeAnalysis.VisualBasic.Syntax.EndBlockStatementSyntax?alt=Microsoft.CodeAnalysis.VisualBasic.Syntax.EndBlockStatementSyntax&text=EndBlockStatementSyntax" data-throw-if-not-resolved="True"/>
  type: method
  uid: Microsoft.CodeAnalysis.VisualBasic.SyntaxFactory.MultiLineIfBlock(Microsoft.CodeAnalysis.VisualBasic.Syntax.IfStatementSyntax,Microsoft.CodeAnalysis.SyntaxList{Microsoft.CodeAnalysis.VisualBasic.Syntax.StatementSyntax},Microsoft.CodeAnalysis.SyntaxList{Microsoft.CodeAnalysis.VisualBasic.Syntax.ElseIfBlockSyntax},Microsoft.CodeAnalysis.VisualBasic.Syntax.ElseBlockSyntax,Microsoft.CodeAnalysis.VisualBasic.Syntax.EndBlockStatementSyntax)
  commentId: M:Microsoft.CodeAnalysis.VisualBasic.SyntaxFactory.MultiLineIfBlock(Microsoft.CodeAnalysis.VisualBasic.Syntax.IfStatementSyntax,Microsoft.CodeAnalysis.SyntaxList{Microsoft.CodeAnalysis.VisualBasic.Syntax.StatementSyntax},Microsoft.CodeAnalysis.SyntaxList{Microsoft.CodeAnalysis.VisualBasic.Syntax.ElseIfBlockSyntax},Microsoft.CodeAnalysis.VisualBasic.Syntax.ElseBlockSyntax,Microsoft.CodeAnalysis.VisualBasic.Syntax.EndBlockStatementSyntax)
  name: MultiLineIfBlock(IfStatementSyntax, SyntaxList<StatementSyntax>, SyntaxList<ElseIfBlockSyntax>, ElseBlockSyntax, EndBlockStatementSyntax)
  fullName: Microsoft.CodeAnalysis.VisualBasic.SyntaxFactory.MultiLineIfBlock(IfStatementSyntax, SyntaxList<StatementSyntax>, SyntaxList<ElseIfBlockSyntax>, ElseBlockSyntax, EndBlockStatementSyntax)
  nameWithType: SyntaxFactory.MultiLineIfBlock(IfStatementSyntax, SyntaxList<StatementSyntax>, SyntaxList<ElseIfBlockSyntax>, ElseBlockSyntax, EndBlockStatementSyntax)
  syntaxWithMoniker:
  - lang: cpp
    values:
    - value: >-
        public:
         static Microsoft::CodeAnalysis::VisualBasic::Syntax::MultiLineIfBlockSyntax ^ MultiLineIfBlock(Microsoft::CodeAnalysis::VisualBasic::Syntax::IfStatementSyntax ^ ifStatement, Microsoft::CodeAnalysis::SyntaxList<Microsoft::CodeAnalysis::VisualBasic::Syntax::StatementSyntax ^> statements, Microsoft::CodeAnalysis::SyntaxList<Microsoft::CodeAnalysis::VisualBasic::Syntax::ElseIfBlockSyntax ^> elseIfBlocks, Microsoft::CodeAnalysis::VisualBasic::Syntax::ElseBlockSyntax ^ elseBlock, Microsoft::CodeAnalysis::VisualBasic::Syntax::EndBlockStatementSyntax ^ endIfStatement);
  - lang: csharp
    values:
    - value: public static Microsoft.CodeAnalysis.VisualBasic.Syntax.MultiLineIfBlockSyntax MultiLineIfBlock (Microsoft.CodeAnalysis.VisualBasic.Syntax.IfStatementSyntax ifStatement, Microsoft.CodeAnalysis.SyntaxList<Microsoft.CodeAnalysis.VisualBasic.Syntax.StatementSyntax> statements, Microsoft.CodeAnalysis.SyntaxList<Microsoft.CodeAnalysis.VisualBasic.Syntax.ElseIfBlockSyntax> elseIfBlocks, Microsoft.CodeAnalysis.VisualBasic.Syntax.ElseBlockSyntax elseBlock, Microsoft.CodeAnalysis.VisualBasic.Syntax.EndBlockStatementSyntax endIfStatement);
  - lang: fsharp
    values:
    - value: 'static member MultiLineIfBlock : Microsoft.CodeAnalysis.VisualBasic.Syntax.IfStatementSyntax * Microsoft.CodeAnalysis.SyntaxList<Microsoft.CodeAnalysis.VisualBasic.Syntax.StatementSyntax> * Microsoft.CodeAnalysis.SyntaxList<Microsoft.CodeAnalysis.VisualBasic.Syntax.ElseIfBlockSyntax> * Microsoft.CodeAnalysis.VisualBasic.Syntax.ElseBlockSyntax * Microsoft.CodeAnalysis.VisualBasic.Syntax.EndBlockStatementSyntax -> Microsoft.CodeAnalysis.VisualBasic.Syntax.MultiLineIfBlockSyntax'
  - lang: vb
    values:
    - value: Public Shared Function MultiLineIfBlock (ifStatement As IfStatementSyntax, statements As SyntaxList(Of StatementSyntax), elseIfBlocks As SyntaxList(Of ElseIfBlockSyntax), elseBlock As ElseBlockSyntax, endIfStatement As EndBlockStatementSyntax) As MultiLineIfBlockSyntax
  monikers:
  - roslyn-dotnet
  - roslyn-dotnet-3.0
  - roslyn-dotnet-3.1
  - roslyn-dotnet-3.10.0
  - roslyn-dotnet-3.11.0
  - roslyn-dotnet-3.2
  - roslyn-dotnet-3.2.1
  - roslyn-dotnet-3.3.1
  - roslyn-dotnet-3.4.0
  - roslyn-dotnet-3.5.0
  - roslyn-dotnet-3.6.0
  - roslyn-dotnet-3.7.0
  - roslyn-dotnet-3.8.0
  - roslyn-dotnet-3.9.0
  - roslyn-dotnet-4.0.1
  - roslyn-dotnet-4.1.0
  - roslyn-dotnet-4.2.0
  summary: >-
    Represents a multi-line "If ... Then ... ElseIf ... Then ... Else ... End If"

    block.
  metadata: {}
- returnsWithMoniker:
    type:
    - value: <xref href="Microsoft.CodeAnalysis.VisualBasic.Syntax.MultiLineIfBlockSyntax?alt=Microsoft.CodeAnalysis.VisualBasic.Syntax.MultiLineIfBlockSyntax&text=MultiLineIfBlockSyntax" data-throw-if-not-resolved="True"/>
  parameters:
  - namesWithMoniker:
    - value: ifStatement
    description: The "If" statement that begins the "If" block.
    type: <xref href="Microsoft.CodeAnalysis.VisualBasic.Syntax.IfStatementSyntax?alt=Microsoft.CodeAnalysis.VisualBasic.Syntax.IfStatementSyntax&text=IfStatementSyntax" data-throw-if-not-resolved="True"/>
  type: method
  uid: Microsoft.CodeAnalysis.VisualBasic.SyntaxFactory.MultiLineIfBlock(Microsoft.CodeAnalysis.VisualBasic.Syntax.IfStatementSyntax)
  commentId: M:Microsoft.CodeAnalysis.VisualBasic.SyntaxFactory.MultiLineIfBlock(Microsoft.CodeAnalysis.VisualBasic.Syntax.IfStatementSyntax)
  name: MultiLineIfBlock(IfStatementSyntax)
  fullName: Microsoft.CodeAnalysis.VisualBasic.SyntaxFactory.MultiLineIfBlock(IfStatementSyntax)
  nameWithType: SyntaxFactory.MultiLineIfBlock(IfStatementSyntax)
  syntaxWithMoniker:
  - lang: cpp
    values:
    - value: >-
        public:
         static Microsoft::CodeAnalysis::VisualBasic::Syntax::MultiLineIfBlockSyntax ^ MultiLineIfBlock(Microsoft::CodeAnalysis::VisualBasic::Syntax::IfStatementSyntax ^ ifStatement);
  - lang: csharp
    values:
    - value: public static Microsoft.CodeAnalysis.VisualBasic.Syntax.MultiLineIfBlockSyntax MultiLineIfBlock (Microsoft.CodeAnalysis.VisualBasic.Syntax.IfStatementSyntax ifStatement);
  - lang: fsharp
    values:
    - value: 'static member MultiLineIfBlock : Microsoft.CodeAnalysis.VisualBasic.Syntax.IfStatementSyntax -> Microsoft.CodeAnalysis.VisualBasic.Syntax.MultiLineIfBlockSyntax'
  - lang: vb
    values:
    - value: Public Shared Function MultiLineIfBlock (ifStatement As IfStatementSyntax) As MultiLineIfBlockSyntax
  monikers:
  - roslyn-dotnet
  - roslyn-dotnet-3.0
  - roslyn-dotnet-3.1
  - roslyn-dotnet-3.10.0
  - roslyn-dotnet-3.11.0
  - roslyn-dotnet-3.2
  - roslyn-dotnet-3.2.1
  - roslyn-dotnet-3.3.1
  - roslyn-dotnet-3.4.0
  - roslyn-dotnet-3.5.0
  - roslyn-dotnet-3.6.0
  - roslyn-dotnet-3.7.0
  - roslyn-dotnet-3.8.0
  - roslyn-dotnet-3.9.0
  - roslyn-dotnet-4.0.1
  - roslyn-dotnet-4.1.0
  - roslyn-dotnet-4.2.0
  summary: >-
    Represents a multi-line "If ... Then ... ElseIf ... Then ... Else ... End If"

    block.
  metadata: {}
- returnsWithMoniker:
    type:
    - value: <xref href="Microsoft.CodeAnalysis.VisualBasic.Syntax.MultiLineIfBlockSyntax?alt=Microsoft.CodeAnalysis.VisualBasic.Syntax.MultiLineIfBlockSyntax&text=MultiLineIfBlockSyntax" data-throw-if-not-resolved="True"/>
  parameters:
  - namesWithMoniker:
    - value: ifStatement
    description: The "If" statement that begins the "If" block.
    type: <xref href="Microsoft.CodeAnalysis.VisualBasic.Syntax.IfStatementSyntax?alt=Microsoft.CodeAnalysis.VisualBasic.Syntax.IfStatementSyntax&text=IfStatementSyntax" data-throw-if-not-resolved="True"/>
  - namesWithMoniker:
    - value: statements
    description: >-
      A list of statements to be executed if the condition expression evaluates as

      true.
    type: <xref href="Microsoft.CodeAnalysis.SyntaxList`1?alt=Microsoft.CodeAnalysis.SyntaxList&text=SyntaxList" data-throw-if-not-resolved="True"/>&lt;<xref href="Microsoft.CodeAnalysis.VisualBasic.Syntax.StatementSyntax?alt=Microsoft.CodeAnalysis.VisualBasic.Syntax.StatementSyntax&text=StatementSyntax" data-throw-if-not-resolved="True"/>&gt;
  - namesWithMoniker:
    - value: elseIfBlocks
    description: >-
      A list of "ElseIf" blocks to be evaluated, in order, if the condition

      expression of the "If" statement evaluates as false.
    type: <xref href="Microsoft.CodeAnalysis.SyntaxList`1?alt=Microsoft.CodeAnalysis.SyntaxList&text=SyntaxList" data-throw-if-not-resolved="True"/>&lt;<xref href="Microsoft.CodeAnalysis.VisualBasic.Syntax.ElseIfBlockSyntax?alt=Microsoft.CodeAnalysis.VisualBasic.Syntax.ElseIfBlockSyntax&text=ElseIfBlockSyntax" data-throw-if-not-resolved="True"/>&gt;
  - namesWithMoniker:
    - value: elseBlock
    description: >-
      An "Else" block to be executed if the condition expression of the "If"

      statement and all "ElseIf" blocks evaluate as false.
    type: <xref href="Microsoft.CodeAnalysis.VisualBasic.Syntax.ElseBlockSyntax?alt=Microsoft.CodeAnalysis.VisualBasic.Syntax.ElseBlockSyntax&text=ElseBlockSyntax" data-throw-if-not-resolved="True"/>
  type: method
  uid: Microsoft.CodeAnalysis.VisualBasic.SyntaxFactory.MultiLineIfBlock(Microsoft.CodeAnalysis.VisualBasic.Syntax.IfStatementSyntax,Microsoft.CodeAnalysis.SyntaxList{Microsoft.CodeAnalysis.VisualBasic.Syntax.StatementSyntax},Microsoft.CodeAnalysis.SyntaxList{Microsoft.CodeAnalysis.VisualBasic.Syntax.ElseIfBlockSyntax},Microsoft.CodeAnalysis.VisualBasic.Syntax.ElseBlockSyntax)
  commentId: M:Microsoft.CodeAnalysis.VisualBasic.SyntaxFactory.MultiLineIfBlock(Microsoft.CodeAnalysis.VisualBasic.Syntax.IfStatementSyntax,Microsoft.CodeAnalysis.SyntaxList{Microsoft.CodeAnalysis.VisualBasic.Syntax.StatementSyntax},Microsoft.CodeAnalysis.SyntaxList{Microsoft.CodeAnalysis.VisualBasic.Syntax.ElseIfBlockSyntax},Microsoft.CodeAnalysis.VisualBasic.Syntax.ElseBlockSyntax)
  name: MultiLineIfBlock(IfStatementSyntax, SyntaxList<StatementSyntax>, SyntaxList<ElseIfBlockSyntax>, ElseBlockSyntax)
  fullName: Microsoft.CodeAnalysis.VisualBasic.SyntaxFactory.MultiLineIfBlock(IfStatementSyntax, SyntaxList<StatementSyntax>, SyntaxList<ElseIfBlockSyntax>, ElseBlockSyntax)
  nameWithType: SyntaxFactory.MultiLineIfBlock(IfStatementSyntax, SyntaxList<StatementSyntax>, SyntaxList<ElseIfBlockSyntax>, ElseBlockSyntax)
  syntaxWithMoniker:
  - lang: cpp
    values:
    - value: >-
        public:
         static Microsoft::CodeAnalysis::VisualBasic::Syntax::MultiLineIfBlockSyntax ^ MultiLineIfBlock(Microsoft::CodeAnalysis::VisualBasic::Syntax::IfStatementSyntax ^ ifStatement, Microsoft::CodeAnalysis::SyntaxList<Microsoft::CodeAnalysis::VisualBasic::Syntax::StatementSyntax ^> statements, Microsoft::CodeAnalysis::SyntaxList<Microsoft::CodeAnalysis::VisualBasic::Syntax::ElseIfBlockSyntax ^> elseIfBlocks, Microsoft::CodeAnalysis::VisualBasic::Syntax::ElseBlockSyntax ^ elseBlock);
  - lang: csharp
    values:
    - value: public static Microsoft.CodeAnalysis.VisualBasic.Syntax.MultiLineIfBlockSyntax MultiLineIfBlock (Microsoft.CodeAnalysis.VisualBasic.Syntax.IfStatementSyntax ifStatement, Microsoft.CodeAnalysis.SyntaxList<Microsoft.CodeAnalysis.VisualBasic.Syntax.StatementSyntax> statements, Microsoft.CodeAnalysis.SyntaxList<Microsoft.CodeAnalysis.VisualBasic.Syntax.ElseIfBlockSyntax> elseIfBlocks, Microsoft.CodeAnalysis.VisualBasic.Syntax.ElseBlockSyntax elseBlock);
  - lang: fsharp
    values:
    - value: 'static member MultiLineIfBlock : Microsoft.CodeAnalysis.VisualBasic.Syntax.IfStatementSyntax * Microsoft.CodeAnalysis.SyntaxList<Microsoft.CodeAnalysis.VisualBasic.Syntax.StatementSyntax> * Microsoft.CodeAnalysis.SyntaxList<Microsoft.CodeAnalysis.VisualBasic.Syntax.ElseIfBlockSyntax> * Microsoft.CodeAnalysis.VisualBasic.Syntax.ElseBlockSyntax -> Microsoft.CodeAnalysis.VisualBasic.Syntax.MultiLineIfBlockSyntax'
  - lang: vb
    values:
    - value: Public Shared Function MultiLineIfBlock (ifStatement As IfStatementSyntax, statements As SyntaxList(Of StatementSyntax), elseIfBlocks As SyntaxList(Of ElseIfBlockSyntax), elseBlock As ElseBlockSyntax) As MultiLineIfBlockSyntax
  monikers:
  - roslyn-dotnet
  - roslyn-dotnet-3.0
  - roslyn-dotnet-3.1
  - roslyn-dotnet-3.10.0
  - roslyn-dotnet-3.11.0
  - roslyn-dotnet-3.2
  - roslyn-dotnet-3.2.1
  - roslyn-dotnet-3.3.1
  - roslyn-dotnet-3.4.0
  - roslyn-dotnet-3.5.0
  - roslyn-dotnet-3.6.0
  - roslyn-dotnet-3.7.0
  - roslyn-dotnet-3.8.0
  - roslyn-dotnet-3.9.0
  - roslyn-dotnet-4.0.1
  - roslyn-dotnet-4.1.0
  - roslyn-dotnet-4.2.0
  summary: >-
    Represents a multi-line "If ... Then ... ElseIf ... Then ... Else ... End If"

    block.
  metadata: {}
uid: Microsoft.CodeAnalysis.VisualBasic.SyntaxFactory.MultiLineIfBlock*
commentId: Overload:Microsoft.CodeAnalysis.VisualBasic.SyntaxFactory.MultiLineIfBlock
namespace: Microsoft.CodeAnalysis.VisualBasic
name: MultiLineIfBlock
fullName: Microsoft.CodeAnalysis.VisualBasic.SyntaxFactory.MultiLineIfBlock
nameWithType: SyntaxFactory.MultiLineIfBlock
assembliesWithMoniker:
- value: Microsoft.CodeAnalysis.VisualBasic.dll
packagesWithMoniker:
- value: Microsoft.CodeAnalysis.VisualBasic v3.0.0
  monikers:
  - roslyn-dotnet-3.0
- value: Microsoft.CodeAnalysis.VisualBasic v3.1.0
  monikers:
  - roslyn-dotnet-3.1
- value: Microsoft.CodeAnalysis.VisualBasic v3.10.0
  monikers:
  - roslyn-dotnet-3.10.0
- value: Microsoft.CodeAnalysis.VisualBasic v3.11.0
  monikers:
  - roslyn-dotnet-3.11.0
- value: Microsoft.CodeAnalysis.VisualBasic v3.2.0
  monikers:
  - roslyn-dotnet-3.2
- value: Microsoft.CodeAnalysis.VisualBasic v3.2.1
  monikers:
  - roslyn-dotnet-3.2.1
- value: Microsoft.CodeAnalysis.VisualBasic v3.3.1
  monikers:
  - roslyn-dotnet-3.3.1
- value: Microsoft.CodeAnalysis.VisualBasic v3.4.0
  monikers:
  - roslyn-dotnet-3.4.0
- value: Microsoft.CodeAnalysis.VisualBasic v3.5.0
  monikers:
  - roslyn-dotnet-3.5.0
- value: Microsoft.CodeAnalysis.VisualBasic v3.6.0
  monikers:
  - roslyn-dotnet-3.6.0
- value: Microsoft.CodeAnalysis.VisualBasic v3.7.0
  monikers:
  - roslyn-dotnet-3.7.0
- value: Microsoft.CodeAnalysis.VisualBasic v3.8.0
  monikers:
  - roslyn-dotnet-3.8.0
- value: Microsoft.CodeAnalysis.VisualBasic v3.9.0
  monikers:
  - roslyn-dotnet-3.9.0
- value: Microsoft.CodeAnalysis.VisualBasic v4.0.1
  monikers:
  - roslyn-dotnet-4.0.1
- value: Microsoft.CodeAnalysis.VisualBasic v4.1.0
  monikers:
  - roslyn-dotnet-4.1.0
- value: Microsoft.CodeAnalysis.VisualBasic v4.2.0
  monikers:
  - roslyn-dotnet-4.2.0
devLangs:
- cpp
- csharp
- vb
- fsharp
monikers:
- roslyn-dotnet
- roslyn-dotnet-3.0
- roslyn-dotnet-3.1
- roslyn-dotnet-3.10.0
- roslyn-dotnet-3.11.0
- roslyn-dotnet-3.2
- roslyn-dotnet-3.2.1
- roslyn-dotnet-3.3.1
- roslyn-dotnet-3.4.0
- roslyn-dotnet-3.5.0
- roslyn-dotnet-3.6.0
- roslyn-dotnet-3.7.0
- roslyn-dotnet-3.8.0
- roslyn-dotnet-3.9.0
- roslyn-dotnet-4.0.1
- roslyn-dotnet-4.1.0
- roslyn-dotnet-4.2.0
metadata:
  api_name:
  - Microsoft.CodeAnalysis.VisualBasic.SyntaxFactory.MultiLineIfBlock
  api_location:
  - Microsoft.CodeAnalysis.VisualBasic.dll
  topic_type:
  - apiref
  api_type:
  - Assembly
  f1_keywords:
  - Microsoft.CodeAnalysis.VisualBasic.SyntaxFactory.MultiLineIfBlock
  - Microsoft::CodeAnalysis::VisualBasic::SyntaxFactory::MultiLineIfBlock
  - MultiLineIfBlock
  - SyntaxFactory.MultiLineIfBlock
  - SyntaxFactory::MultiLineIfBlock
  helpviewer_keywords:
  - SyntaxFactory.MultiLineIfBlock method [.NET]
  - MultiLineIfBlock method [.NET], class SyntaxFactory
  - SyntaxFactory.MultiLineIfBlock(IfStatementSyntax, SyntaxList<StatementSyntax>, SyntaxList<ElseIfBlockSyntax>, ElseBlockSyntax, EndBlockStatementSyntax) method [.NET]
  - MultiLineIfBlock(IfStatementSyntax, SyntaxList<StatementSyntax>, SyntaxList<ElseIfBlockSyntax>, ElseBlockSyntax, EndBlockStatementSyntax) method [.NET], class SyntaxFactory
  - SyntaxFactory.MultiLineIfBlock(IfStatementSyntax) method [.NET]
  - MultiLineIfBlock(IfStatementSyntax) method [.NET], class SyntaxFactory
  - SyntaxFactory.MultiLineIfBlock(IfStatementSyntax, SyntaxList<StatementSyntax>, SyntaxList<ElseIfBlockSyntax>, ElseBlockSyntax) method [.NET]
  - MultiLineIfBlock(IfStatementSyntax, SyntaxList<StatementSyntax>, SyntaxList<ElseIfBlockSyntax>, ElseBlockSyntax) method [.NET], class SyntaxFactory
  monikers:
  - roslyn-dotnet
  - roslyn-dotnet-3.0
  - roslyn-dotnet-3.1
  - roslyn-dotnet-3.10.0
  - roslyn-dotnet-3.11.0
  - roslyn-dotnet-3.2
  - roslyn-dotnet-3.2.1
  - roslyn-dotnet-3.3.1
  - roslyn-dotnet-3.4.0
  - roslyn-dotnet-3.5.0
  - roslyn-dotnet-3.6.0
  - roslyn-dotnet-3.7.0
  - roslyn-dotnet-3.8.0
  - roslyn-dotnet-3.9.0
  - roslyn-dotnet-4.0.1
  - roslyn-dotnet-4.1.0
  - roslyn-dotnet-4.2.0
