### YamlMime:NetMember
type: method
members:
- returnsWithMoniker:
    type:
    - value: <xref href="Microsoft.CodeAnalysis.CSharp.Syntax.CheckedStatementSyntax?alt=Microsoft.CodeAnalysis.CSharp.Syntax.CheckedStatementSyntax&text=CheckedStatementSyntax" data-throw-if-not-resolved="True"/>
  parameters:
  - namesWithMoniker:
    - value: block
    type: <xref href="Microsoft.CodeAnalysis.CSharp.Syntax.BlockSyntax?alt=Microsoft.CodeAnalysis.CSharp.Syntax.BlockSyntax&text=BlockSyntax" data-throw-if-not-resolved="True"/>
  type: method
  uid: Microsoft.CodeAnalysis.CSharp.Syntax.CheckedStatementSyntax.WithBlock(Microsoft.CodeAnalysis.CSharp.Syntax.BlockSyntax)
  commentId: M:Microsoft.CodeAnalysis.CSharp.Syntax.CheckedStatementSyntax.WithBlock(Microsoft.CodeAnalysis.CSharp.Syntax.BlockSyntax)
  name: WithBlock(BlockSyntax)
  fullName: Microsoft.CodeAnalysis.CSharp.Syntax.CheckedStatementSyntax.WithBlock(BlockSyntax)
  nameWithType: CheckedStatementSyntax.WithBlock(BlockSyntax)
  syntaxWithMoniker:
  - lang: cpp
    values:
    - value: >-
        public:
         Microsoft::CodeAnalysis::CSharp::Syntax::CheckedStatementSyntax ^ WithBlock(Microsoft::CodeAnalysis::CSharp::Syntax::BlockSyntax ^ block);
  - lang: csharp
    values:
    - value: public Microsoft.CodeAnalysis.CSharp.Syntax.CheckedStatementSyntax WithBlock (Microsoft.CodeAnalysis.CSharp.Syntax.BlockSyntax block);
  - lang: fsharp
    values:
    - value: 'member this.WithBlock : Microsoft.CodeAnalysis.CSharp.Syntax.BlockSyntax -> Microsoft.CodeAnalysis.CSharp.Syntax.CheckedStatementSyntax'
  - lang: vb
    values:
    - value: Public Function WithBlock (block As BlockSyntax) As CheckedStatementSyntax
  monikers:
  - roslyn-dotnet
  - roslyn-dotnet-3.0
  - roslyn-dotnet-3.1
  - roslyn-dotnet-3.10.0
  - roslyn-dotnet-3.11.0
  - roslyn-dotnet-3.2
  - roslyn-dotnet-3.2.1
  - roslyn-dotnet-3.3.1
  - roslyn-dotnet-3.4.0
  - roslyn-dotnet-3.5.0
  - roslyn-dotnet-3.6.0
  - roslyn-dotnet-3.7.0
  - roslyn-dotnet-3.8.0
  - roslyn-dotnet-3.9.0
  - roslyn-dotnet-4.0.1
  - roslyn-dotnet-4.1.0
  - roslyn-dotnet-4.2.0
  metadata: {}
uid: Microsoft.CodeAnalysis.CSharp.Syntax.CheckedStatementSyntax.WithBlock*
commentId: Overload:Microsoft.CodeAnalysis.CSharp.Syntax.CheckedStatementSyntax.WithBlock
namespace: Microsoft.CodeAnalysis.CSharp.Syntax
name: WithBlock
fullName: Microsoft.CodeAnalysis.CSharp.Syntax.CheckedStatementSyntax.WithBlock
nameWithType: CheckedStatementSyntax.WithBlock
assembliesWithMoniker:
- value: Microsoft.CodeAnalysis.CSharp.dll
packagesWithMoniker:
- value: Microsoft.CodeAnalysis.CSharp v3.0.0
  monikers:
  - roslyn-dotnet-3.0
- value: Microsoft.CodeAnalysis.CSharp v3.1.0
  monikers:
  - roslyn-dotnet-3.1
- value: Microsoft.CodeAnalysis.CSharp v3.10.0
  monikers:
  - roslyn-dotnet-3.10.0
- value: Microsoft.CodeAnalysis.CSharp v3.11.0
  monikers:
  - roslyn-dotnet-3.11.0
- value: Microsoft.CodeAnalysis.CSharp v3.2.0
  monikers:
  - roslyn-dotnet-3.2
- value: Microsoft.CodeAnalysis.CSharp v3.2.1
  monikers:
  - roslyn-dotnet-3.2.1
- value: Microsoft.CodeAnalysis.CSharp v3.3.1
  monikers:
  - roslyn-dotnet-3.3.1
- value: Microsoft.CodeAnalysis.CSharp v3.4.0
  monikers:
  - roslyn-dotnet-3.4.0
- value: Microsoft.CodeAnalysis.CSharp v3.5.0
  monikers:
  - roslyn-dotnet-3.5.0
- value: Microsoft.CodeAnalysis.CSharp v3.6.0
  monikers:
  - roslyn-dotnet-3.6.0
- value: Microsoft.CodeAnalysis.CSharp v3.7.0
  monikers:
  - roslyn-dotnet-3.7.0
- value: Microsoft.CodeAnalysis.CSharp v3.8.0
  monikers:
  - roslyn-dotnet-3.8.0
- value: Microsoft.CodeAnalysis.CSharp v3.9.0
  monikers:
  - roslyn-dotnet-3.9.0
- value: Microsoft.CodeAnalysis.CSharp v4.0.1
  monikers:
  - roslyn-dotnet-4.0.1
- value: Microsoft.CodeAnalysis.CSharp v4.1.0
  monikers:
  - roslyn-dotnet-4.1.0
- value: Microsoft.CodeAnalysis.CSharp v4.2.0
  monikers:
  - roslyn-dotnet-4.2.0
devLangs:
- cpp
- csharp
- vb
- fsharp
monikers:
- roslyn-dotnet
- roslyn-dotnet-3.0
- roslyn-dotnet-3.1
- roslyn-dotnet-3.10.0
- roslyn-dotnet-3.11.0
- roslyn-dotnet-3.2
- roslyn-dotnet-3.2.1
- roslyn-dotnet-3.3.1
- roslyn-dotnet-3.4.0
- roslyn-dotnet-3.5.0
- roslyn-dotnet-3.6.0
- roslyn-dotnet-3.7.0
- roslyn-dotnet-3.8.0
- roslyn-dotnet-3.9.0
- roslyn-dotnet-4.0.1
- roslyn-dotnet-4.1.0
- roslyn-dotnet-4.2.0
metadata:
  api_name:
  - Microsoft.CodeAnalysis.CSharp.Syntax.CheckedStatementSyntax.WithBlock
  api_location:
  - Microsoft.CodeAnalysis.CSharp.dll
  topic_type:
  - apiref
  api_type:
  - Assembly
  f1_keywords:
  - Microsoft.CodeAnalysis.CSharp.Syntax.CheckedStatementSyntax.WithBlock
  - Microsoft::CodeAnalysis::CSharp::Syntax::CheckedStatementSyntax::WithBlock
  - WithBlock
  - CheckedStatementSyntax.WithBlock
  - CheckedStatementSyntax::WithBlock
  helpviewer_keywords:
  - CheckedStatementSyntax.WithBlock method [.NET]
  - WithBlock method [.NET], class CheckedStatementSyntax
  - CheckedStatementSyntax.WithBlock(BlockSyntax) method [.NET]
  - WithBlock(BlockSyntax) method [.NET], class CheckedStatementSyntax
  monikers:
  - roslyn-dotnet
  - roslyn-dotnet-3.0
  - roslyn-dotnet-3.1
  - roslyn-dotnet-3.10.0
  - roslyn-dotnet-3.11.0
  - roslyn-dotnet-3.2
  - roslyn-dotnet-3.2.1
  - roslyn-dotnet-3.3.1
  - roslyn-dotnet-3.4.0
  - roslyn-dotnet-3.5.0
  - roslyn-dotnet-3.6.0
  - roslyn-dotnet-3.7.0
  - roslyn-dotnet-3.8.0
  - roslyn-dotnet-3.9.0
  - roslyn-dotnet-4.0.1
  - roslyn-dotnet-4.1.0
  - roslyn-dotnet-4.2.0
