### YamlMime:NetMember
type: method
members:
- returnsWithMoniker:
    type:
    - value: <xref href="Microsoft.CodeAnalysis.VisualBasic.Syntax.ConstructorBlockSyntax?alt=Microsoft.CodeAnalysis.VisualBasic.Syntax.ConstructorBlockSyntax&text=ConstructorBlockSyntax" data-throw-if-not-resolved="True"/>
  parameters:
  - namesWithMoniker:
    - value: subNewStatement
    description: The "Sub New" statement that begins the block.
    type: <xref href="Microsoft.CodeAnalysis.VisualBasic.Syntax.SubNewStatementSyntax?alt=Microsoft.CodeAnalysis.VisualBasic.Syntax.SubNewStatementSyntax&text=SubNewStatementSyntax" data-throw-if-not-resolved="True"/>
  type: method
  uid: Microsoft.CodeAnalysis.VisualBasic.SyntaxFactory.ConstructorBlock(Microsoft.CodeAnalysis.VisualBasic.Syntax.SubNewStatementSyntax)
  commentId: M:Microsoft.CodeAnalysis.VisualBasic.SyntaxFactory.ConstructorBlock(Microsoft.CodeAnalysis.VisualBasic.Syntax.SubNewStatementSyntax)
  name: ConstructorBlock(SubNewStatementSyntax)
  fullName: Microsoft.CodeAnalysis.VisualBasic.SyntaxFactory.ConstructorBlock(SubNewStatementSyntax)
  nameWithType: SyntaxFactory.ConstructorBlock(SubNewStatementSyntax)
  syntaxWithMoniker:
  - lang: cpp
    values:
    - value: >-
        public:
         static Microsoft::CodeAnalysis::VisualBasic::Syntax::ConstructorBlockSyntax ^ ConstructorBlock(Microsoft::CodeAnalysis::VisualBasic::Syntax::SubNewStatementSyntax ^ subNewStatement);
  - lang: csharp
    values:
    - value: public static Microsoft.CodeAnalysis.VisualBasic.Syntax.ConstructorBlockSyntax ConstructorBlock (Microsoft.CodeAnalysis.VisualBasic.Syntax.SubNewStatementSyntax subNewStatement);
  - lang: fsharp
    values:
    - value: 'static member ConstructorBlock : Microsoft.CodeAnalysis.VisualBasic.Syntax.SubNewStatementSyntax -> Microsoft.CodeAnalysis.VisualBasic.Syntax.ConstructorBlockSyntax'
  - lang: vb
    values:
    - value: Public Shared Function ConstructorBlock (subNewStatement As SubNewStatementSyntax) As ConstructorBlockSyntax
  monikers:
  - roslyn-dotnet
  - roslyn-dotnet-3.0
  - roslyn-dotnet-3.1
  - roslyn-dotnet-3.10.0
  - roslyn-dotnet-3.11.0
  - roslyn-dotnet-3.2
  - roslyn-dotnet-3.2.1
  - roslyn-dotnet-3.3.1
  - roslyn-dotnet-3.4.0
  - roslyn-dotnet-3.5.0
  - roslyn-dotnet-3.6.0
  - roslyn-dotnet-3.7.0
  - roslyn-dotnet-3.8.0
  - roslyn-dotnet-3.9.0
  - roslyn-dotnet-4.0.1
  - roslyn-dotnet-4.1.0
  - roslyn-dotnet-4.2.0
  summary: >-
    Represents a constructor block declaration: A declaration that has a beginning

    declaration, a body of executable statements and an end statement.
  metadata: {}
- returnsWithMoniker:
    type:
    - value: <xref href="Microsoft.CodeAnalysis.VisualBasic.Syntax.ConstructorBlockSyntax?alt=Microsoft.CodeAnalysis.VisualBasic.Syntax.ConstructorBlockSyntax&text=ConstructorBlockSyntax" data-throw-if-not-resolved="True"/>
  parameters:
  - namesWithMoniker:
    - value: subNewStatement
    description: The "Sub New" statement that begins the block.
    type: <xref href="Microsoft.CodeAnalysis.VisualBasic.Syntax.SubNewStatementSyntax?alt=Microsoft.CodeAnalysis.VisualBasic.Syntax.SubNewStatementSyntax&text=SubNewStatementSyntax" data-throw-if-not-resolved="True"/>
  - namesWithMoniker:
    - value: statements
    description: The statements contained in the block statement. This might be an empty list.
    type: <xref href="Microsoft.CodeAnalysis.SyntaxList`1?alt=Microsoft.CodeAnalysis.SyntaxList&text=SyntaxList" data-throw-if-not-resolved="True"/>&lt;<xref href="Microsoft.CodeAnalysis.VisualBasic.Syntax.StatementSyntax?alt=Microsoft.CodeAnalysis.VisualBasic.Syntax.StatementSyntax&text=StatementSyntax" data-throw-if-not-resolved="True"/>&gt;
  type: method
  uid: Microsoft.CodeAnalysis.VisualBasic.SyntaxFactory.ConstructorBlock(Microsoft.CodeAnalysis.VisualBasic.Syntax.SubNewStatementSyntax,Microsoft.CodeAnalysis.SyntaxList{Microsoft.CodeAnalysis.VisualBasic.Syntax.StatementSyntax})
  commentId: M:Microsoft.CodeAnalysis.VisualBasic.SyntaxFactory.ConstructorBlock(Microsoft.CodeAnalysis.VisualBasic.Syntax.SubNewStatementSyntax,Microsoft.CodeAnalysis.SyntaxList{Microsoft.CodeAnalysis.VisualBasic.Syntax.StatementSyntax})
  name: ConstructorBlock(SubNewStatementSyntax, SyntaxList<StatementSyntax>)
  fullName: Microsoft.CodeAnalysis.VisualBasic.SyntaxFactory.ConstructorBlock(SubNewStatementSyntax, SyntaxList<StatementSyntax>)
  nameWithType: SyntaxFactory.ConstructorBlock(SubNewStatementSyntax, SyntaxList<StatementSyntax>)
  syntaxWithMoniker:
  - lang: cpp
    values:
    - value: >-
        public:
         static Microsoft::CodeAnalysis::VisualBasic::Syntax::ConstructorBlockSyntax ^ ConstructorBlock(Microsoft::CodeAnalysis::VisualBasic::Syntax::SubNewStatementSyntax ^ subNewStatement, Microsoft::CodeAnalysis::SyntaxList<Microsoft::CodeAnalysis::VisualBasic::Syntax::StatementSyntax ^> statements);
  - lang: csharp
    values:
    - value: public static Microsoft.CodeAnalysis.VisualBasic.Syntax.ConstructorBlockSyntax ConstructorBlock (Microsoft.CodeAnalysis.VisualBasic.Syntax.SubNewStatementSyntax subNewStatement, Microsoft.CodeAnalysis.SyntaxList<Microsoft.CodeAnalysis.VisualBasic.Syntax.StatementSyntax> statements);
  - lang: fsharp
    values:
    - value: 'static member ConstructorBlock : Microsoft.CodeAnalysis.VisualBasic.Syntax.SubNewStatementSyntax * Microsoft.CodeAnalysis.SyntaxList<Microsoft.CodeAnalysis.VisualBasic.Syntax.StatementSyntax> -> Microsoft.CodeAnalysis.VisualBasic.Syntax.ConstructorBlockSyntax'
  - lang: vb
    values:
    - value: Public Shared Function ConstructorBlock (subNewStatement As SubNewStatementSyntax, statements As SyntaxList(Of StatementSyntax)) As ConstructorBlockSyntax
  monikers:
  - roslyn-dotnet
  - roslyn-dotnet-3.0
  - roslyn-dotnet-3.1
  - roslyn-dotnet-3.10.0
  - roslyn-dotnet-3.11.0
  - roslyn-dotnet-3.2
  - roslyn-dotnet-3.2.1
  - roslyn-dotnet-3.3.1
  - roslyn-dotnet-3.4.0
  - roslyn-dotnet-3.5.0
  - roslyn-dotnet-3.6.0
  - roslyn-dotnet-3.7.0
  - roslyn-dotnet-3.8.0
  - roslyn-dotnet-3.9.0
  - roslyn-dotnet-4.0.1
  - roslyn-dotnet-4.1.0
  - roslyn-dotnet-4.2.0
  summary: >-
    Represents a constructor block declaration: A declaration that has a beginning

    declaration, a body of executable statements and an end statement.
  metadata: {}
- returnsWithMoniker:
    type:
    - value: <xref href="Microsoft.CodeAnalysis.VisualBasic.Syntax.ConstructorBlockSyntax?alt=Microsoft.CodeAnalysis.VisualBasic.Syntax.ConstructorBlockSyntax&text=ConstructorBlockSyntax" data-throw-if-not-resolved="True"/>
  parameters:
  - namesWithMoniker:
    - value: subNewStatement
    description: The "Sub New" statement that begins the block.
    type: <xref href="Microsoft.CodeAnalysis.VisualBasic.Syntax.SubNewStatementSyntax?alt=Microsoft.CodeAnalysis.VisualBasic.Syntax.SubNewStatementSyntax&text=SubNewStatementSyntax" data-throw-if-not-resolved="True"/>
  - namesWithMoniker:
    - value: statements
    description: The statements contained in the block statement. This might be an empty list.
    type: <xref href="Microsoft.CodeAnalysis.SyntaxList`1?alt=Microsoft.CodeAnalysis.SyntaxList&text=SyntaxList" data-throw-if-not-resolved="True"/>&lt;<xref href="Microsoft.CodeAnalysis.VisualBasic.Syntax.StatementSyntax?alt=Microsoft.CodeAnalysis.VisualBasic.Syntax.StatementSyntax&text=StatementSyntax" data-throw-if-not-resolved="True"/>&gt;
  - namesWithMoniker:
    - value: endSubStatement
    description: The "End Sub" statement that ends the block declaration.
    type: <xref href="Microsoft.CodeAnalysis.VisualBasic.Syntax.EndBlockStatementSyntax?alt=Microsoft.CodeAnalysis.VisualBasic.Syntax.EndBlockStatementSyntax&text=EndBlockStatementSyntax" data-throw-if-not-resolved="True"/>
  type: method
  uid: Microsoft.CodeAnalysis.VisualBasic.SyntaxFactory.ConstructorBlock(Microsoft.CodeAnalysis.VisualBasic.Syntax.SubNewStatementSyntax,Microsoft.CodeAnalysis.SyntaxList{Microsoft.CodeAnalysis.VisualBasic.Syntax.StatementSyntax},Microsoft.CodeAnalysis.VisualBasic.Syntax.EndBlockStatementSyntax)
  commentId: M:Microsoft.CodeAnalysis.VisualBasic.SyntaxFactory.ConstructorBlock(Microsoft.CodeAnalysis.VisualBasic.Syntax.SubNewStatementSyntax,Microsoft.CodeAnalysis.SyntaxList{Microsoft.CodeAnalysis.VisualBasic.Syntax.StatementSyntax},Microsoft.CodeAnalysis.VisualBasic.Syntax.EndBlockStatementSyntax)
  name: ConstructorBlock(SubNewStatementSyntax, SyntaxList<StatementSyntax>, EndBlockStatementSyntax)
  fullName: Microsoft.CodeAnalysis.VisualBasic.SyntaxFactory.ConstructorBlock(SubNewStatementSyntax, SyntaxList<StatementSyntax>, EndBlockStatementSyntax)
  nameWithType: SyntaxFactory.ConstructorBlock(SubNewStatementSyntax, SyntaxList<StatementSyntax>, EndBlockStatementSyntax)
  syntaxWithMoniker:
  - lang: cpp
    values:
    - value: >-
        public:
         static Microsoft::CodeAnalysis::VisualBasic::Syntax::ConstructorBlockSyntax ^ ConstructorBlock(Microsoft::CodeAnalysis::VisualBasic::Syntax::SubNewStatementSyntax ^ subNewStatement, Microsoft::CodeAnalysis::SyntaxList<Microsoft::CodeAnalysis::VisualBasic::Syntax::StatementSyntax ^> statements, Microsoft::CodeAnalysis::VisualBasic::Syntax::EndBlockStatementSyntax ^ endSubStatement);
  - lang: csharp
    values:
    - value: public static Microsoft.CodeAnalysis.VisualBasic.Syntax.ConstructorBlockSyntax ConstructorBlock (Microsoft.CodeAnalysis.VisualBasic.Syntax.SubNewStatementSyntax subNewStatement, Microsoft.CodeAnalysis.SyntaxList<Microsoft.CodeAnalysis.VisualBasic.Syntax.StatementSyntax> statements, Microsoft.CodeAnalysis.VisualBasic.Syntax.EndBlockStatementSyntax endSubStatement);
  - lang: fsharp
    values:
    - value: 'static member ConstructorBlock : Microsoft.CodeAnalysis.VisualBasic.Syntax.SubNewStatementSyntax * Microsoft.CodeAnalysis.SyntaxList<Microsoft.CodeAnalysis.VisualBasic.Syntax.StatementSyntax> * Microsoft.CodeAnalysis.VisualBasic.Syntax.EndBlockStatementSyntax -> Microsoft.CodeAnalysis.VisualBasic.Syntax.ConstructorBlockSyntax'
  - lang: vb
    values:
    - value: Public Shared Function ConstructorBlock (subNewStatement As SubNewStatementSyntax, statements As SyntaxList(Of StatementSyntax), endSubStatement As EndBlockStatementSyntax) As ConstructorBlockSyntax
  monikers:
  - roslyn-dotnet
  - roslyn-dotnet-3.0
  - roslyn-dotnet-3.1
  - roslyn-dotnet-3.10.0
  - roslyn-dotnet-3.11.0
  - roslyn-dotnet-3.2
  - roslyn-dotnet-3.2.1
  - roslyn-dotnet-3.3.1
  - roslyn-dotnet-3.4.0
  - roslyn-dotnet-3.5.0
  - roslyn-dotnet-3.6.0
  - roslyn-dotnet-3.7.0
  - roslyn-dotnet-3.8.0
  - roslyn-dotnet-3.9.0
  - roslyn-dotnet-4.0.1
  - roslyn-dotnet-4.1.0
  - roslyn-dotnet-4.2.0
  summary: >-
    Represents a constructor block declaration: A declaration that has a beginning

    declaration, a body of executable statements and an end statement.
  metadata: {}
uid: Microsoft.CodeAnalysis.VisualBasic.SyntaxFactory.ConstructorBlock*
commentId: Overload:Microsoft.CodeAnalysis.VisualBasic.SyntaxFactory.ConstructorBlock
namespace: Microsoft.CodeAnalysis.VisualBasic
name: ConstructorBlock
fullName: Microsoft.CodeAnalysis.VisualBasic.SyntaxFactory.ConstructorBlock
nameWithType: SyntaxFactory.ConstructorBlock
assembliesWithMoniker:
- value: Microsoft.CodeAnalysis.VisualBasic.dll
packagesWithMoniker:
- value: Microsoft.CodeAnalysis.VisualBasic v3.0.0
  monikers:
  - roslyn-dotnet-3.0
- value: Microsoft.CodeAnalysis.VisualBasic v3.1.0
  monikers:
  - roslyn-dotnet-3.1
- value: Microsoft.CodeAnalysis.VisualBasic v3.10.0
  monikers:
  - roslyn-dotnet-3.10.0
- value: Microsoft.CodeAnalysis.VisualBasic v3.11.0
  monikers:
  - roslyn-dotnet-3.11.0
- value: Microsoft.CodeAnalysis.VisualBasic v3.2.0
  monikers:
  - roslyn-dotnet-3.2
- value: Microsoft.CodeAnalysis.VisualBasic v3.2.1
  monikers:
  - roslyn-dotnet-3.2.1
- value: Microsoft.CodeAnalysis.VisualBasic v3.3.1
  monikers:
  - roslyn-dotnet-3.3.1
- value: Microsoft.CodeAnalysis.VisualBasic v3.4.0
  monikers:
  - roslyn-dotnet-3.4.0
- value: Microsoft.CodeAnalysis.VisualBasic v3.5.0
  monikers:
  - roslyn-dotnet-3.5.0
- value: Microsoft.CodeAnalysis.VisualBasic v3.6.0
  monikers:
  - roslyn-dotnet-3.6.0
- value: Microsoft.CodeAnalysis.VisualBasic v3.7.0
  monikers:
  - roslyn-dotnet-3.7.0
- value: Microsoft.CodeAnalysis.VisualBasic v3.8.0
  monikers:
  - roslyn-dotnet-3.8.0
- value: Microsoft.CodeAnalysis.VisualBasic v3.9.0
  monikers:
  - roslyn-dotnet-3.9.0
- value: Microsoft.CodeAnalysis.VisualBasic v4.0.1
  monikers:
  - roslyn-dotnet-4.0.1
- value: Microsoft.CodeAnalysis.VisualBasic v4.1.0
  monikers:
  - roslyn-dotnet-4.1.0
- value: Microsoft.CodeAnalysis.VisualBasic v4.2.0
  monikers:
  - roslyn-dotnet-4.2.0
devLangs:
- cpp
- csharp
- vb
- fsharp
monikers:
- roslyn-dotnet
- roslyn-dotnet-3.0
- roslyn-dotnet-3.1
- roslyn-dotnet-3.10.0
- roslyn-dotnet-3.11.0
- roslyn-dotnet-3.2
- roslyn-dotnet-3.2.1
- roslyn-dotnet-3.3.1
- roslyn-dotnet-3.4.0
- roslyn-dotnet-3.5.0
- roslyn-dotnet-3.6.0
- roslyn-dotnet-3.7.0
- roslyn-dotnet-3.8.0
- roslyn-dotnet-3.9.0
- roslyn-dotnet-4.0.1
- roslyn-dotnet-4.1.0
- roslyn-dotnet-4.2.0
metadata:
  api_name:
  - Microsoft.CodeAnalysis.VisualBasic.SyntaxFactory.ConstructorBlock
  api_location:
  - Microsoft.CodeAnalysis.VisualBasic.dll
  topic_type:
  - apiref
  api_type:
  - Assembly
  f1_keywords:
  - Microsoft.CodeAnalysis.VisualBasic.SyntaxFactory.ConstructorBlock
  - Microsoft::CodeAnalysis::VisualBasic::SyntaxFactory::ConstructorBlock
  - ConstructorBlock
  - SyntaxFactory.ConstructorBlock
  - SyntaxFactory::ConstructorBlock
  helpviewer_keywords:
  - SyntaxFactory.ConstructorBlock method [.NET]
  - ConstructorBlock method [.NET], class SyntaxFactory
  - SyntaxFactory.ConstructorBlock(SubNewStatementSyntax) method [.NET]
  - ConstructorBlock(SubNewStatementSyntax) method [.NET], class SyntaxFactory
  - SyntaxFactory.ConstructorBlock(SubNewStatementSyntax, SyntaxList<StatementSyntax>) method [.NET]
  - ConstructorBlock(SubNewStatementSyntax, SyntaxList<StatementSyntax>) method [.NET], class SyntaxFactory
  - SyntaxFactory.ConstructorBlock(SubNewStatementSyntax, SyntaxList<StatementSyntax>, EndBlockStatementSyntax) method [.NET]
  - ConstructorBlock(SubNewStatementSyntax, SyntaxList<StatementSyntax>, EndBlockStatementSyntax) method [.NET], class SyntaxFactory
  monikers:
  - roslyn-dotnet
  - roslyn-dotnet-3.0
  - roslyn-dotnet-3.1
  - roslyn-dotnet-3.10.0
  - roslyn-dotnet-3.11.0
  - roslyn-dotnet-3.2
  - roslyn-dotnet-3.2.1
  - roslyn-dotnet-3.3.1
  - roslyn-dotnet-3.4.0
  - roslyn-dotnet-3.5.0
  - roslyn-dotnet-3.6.0
  - roslyn-dotnet-3.7.0
  - roslyn-dotnet-3.8.0
  - roslyn-dotnet-3.9.0
  - roslyn-dotnet-4.0.1
  - roslyn-dotnet-4.1.0
  - roslyn-dotnet-4.2.0
