### YamlMime:NetMember
type: method
members:
- returnsWithMoniker:
    type:
    - value: TResult
  parameters:
  - namesWithMoniker:
    - value: node
    type: <xref href="Microsoft.CodeAnalysis.VisualBasic.Syntax.ConstructorBlockSyntax?alt=Microsoft.CodeAnalysis.VisualBasic.Syntax.ConstructorBlockSyntax&text=ConstructorBlockSyntax" data-throw-if-not-resolved="True"/>
  type: method
  uid: Microsoft.CodeAnalysis.VisualBasic.VisualBasicSyntaxVisitor`1.VisitConstructorBlock(Microsoft.CodeAnalysis.VisualBasic.Syntax.ConstructorBlockSyntax)
  commentId: M:Microsoft.CodeAnalysis.VisualBasic.VisualBasicSyntaxVisitor`1.VisitConstructorBlock(Microsoft.CodeAnalysis.VisualBasic.Syntax.ConstructorBlockSyntax)
  name: VisitConstructorBlock(ConstructorBlockSyntax)
  fullName: Microsoft.CodeAnalysis.VisualBasic.VisualBasicSyntaxVisitor<TResult>.VisitConstructorBlock(ConstructorBlockSyntax)
  nameWithType: VisualBasicSyntaxVisitor<TResult>.VisitConstructorBlock(ConstructorBlockSyntax)
  syntaxWithMoniker:
  - lang: cpp
    values:
    - value: >-
        public:
         virtual TResult VisitConstructorBlock(Microsoft::CodeAnalysis::VisualBasic::Syntax::ConstructorBlockSyntax ^ node);
  - lang: csharp
    values:
    - value: public virtual TResult VisitConstructorBlock (Microsoft.CodeAnalysis.VisualBasic.Syntax.ConstructorBlockSyntax node);
  - lang: fsharp
    values:
    - value: >-
        abstract member VisitConstructorBlock : Microsoft.CodeAnalysis.VisualBasic.Syntax.ConstructorBlockSyntax -> 'Result

        override this.VisitConstructorBlock : Microsoft.CodeAnalysis.VisualBasic.Syntax.ConstructorBlockSyntax -> 'Result
  - lang: vb
    values:
    - value: Public Overridable Function VisitConstructorBlock (node As ConstructorBlockSyntax) As TResult
  monikers:
  - roslyn-dotnet
  - roslyn-dotnet-3.0
  - roslyn-dotnet-3.1
  - roslyn-dotnet-3.10.0
  - roslyn-dotnet-3.11.0
  - roslyn-dotnet-3.2
  - roslyn-dotnet-3.2.1
  - roslyn-dotnet-3.3.1
  - roslyn-dotnet-3.4.0
  - roslyn-dotnet-3.5.0
  - roslyn-dotnet-3.6.0
  - roslyn-dotnet-3.7.0
  - roslyn-dotnet-3.8.0
  - roslyn-dotnet-3.9.0
  - roslyn-dotnet-4.0.1
  - roslyn-dotnet-4.1.0
  - roslyn-dotnet-4.2.0
  metadata: {}
uid: Microsoft.CodeAnalysis.VisualBasic.VisualBasicSyntaxVisitor`1.VisitConstructorBlock*
commentId: Overload:Microsoft.CodeAnalysis.VisualBasic.VisualBasicSyntaxVisitor`1.VisitConstructorBlock
namespace: Microsoft.CodeAnalysis.VisualBasic
name: VisitConstructorBlock
fullName: Microsoft.CodeAnalysis.VisualBasic.VisualBasicSyntaxVisitor<TResult>.VisitConstructorBlock
nameWithType: VisualBasicSyntaxVisitor<TResult>.VisitConstructorBlock
assembliesWithMoniker:
- value: Microsoft.CodeAnalysis.VisualBasic.dll
packagesWithMoniker:
- value: Microsoft.CodeAnalysis.VisualBasic v3.0.0
  monikers:
  - roslyn-dotnet-3.0
- value: Microsoft.CodeAnalysis.VisualBasic v3.1.0
  monikers:
  - roslyn-dotnet-3.1
- value: Microsoft.CodeAnalysis.VisualBasic v3.10.0
  monikers:
  - roslyn-dotnet-3.10.0
- value: Microsoft.CodeAnalysis.VisualBasic v3.11.0
  monikers:
  - roslyn-dotnet-3.11.0
- value: Microsoft.CodeAnalysis.VisualBasic v3.2.0
  monikers:
  - roslyn-dotnet-3.2
- value: Microsoft.CodeAnalysis.VisualBasic v3.2.1
  monikers:
  - roslyn-dotnet-3.2.1
- value: Microsoft.CodeAnalysis.VisualBasic v3.3.1
  monikers:
  - roslyn-dotnet-3.3.1
- value: Microsoft.CodeAnalysis.VisualBasic v3.4.0
  monikers:
  - roslyn-dotnet-3.4.0
- value: Microsoft.CodeAnalysis.VisualBasic v3.5.0
  monikers:
  - roslyn-dotnet-3.5.0
- value: Microsoft.CodeAnalysis.VisualBasic v3.6.0
  monikers:
  - roslyn-dotnet-3.6.0
- value: Microsoft.CodeAnalysis.VisualBasic v3.7.0
  monikers:
  - roslyn-dotnet-3.7.0
- value: Microsoft.CodeAnalysis.VisualBasic v3.8.0
  monikers:
  - roslyn-dotnet-3.8.0
- value: Microsoft.CodeAnalysis.VisualBasic v3.9.0
  monikers:
  - roslyn-dotnet-3.9.0
- value: Microsoft.CodeAnalysis.VisualBasic v4.0.1
  monikers:
  - roslyn-dotnet-4.0.1
- value: Microsoft.CodeAnalysis.VisualBasic v4.1.0
  monikers:
  - roslyn-dotnet-4.1.0
- value: Microsoft.CodeAnalysis.VisualBasic v4.2.0
  monikers:
  - roslyn-dotnet-4.2.0
devLangs:
- cpp
- csharp
- vb
- fsharp
monikers:
- roslyn-dotnet
- roslyn-dotnet-3.0
- roslyn-dotnet-3.1
- roslyn-dotnet-3.10.0
- roslyn-dotnet-3.11.0
- roslyn-dotnet-3.2
- roslyn-dotnet-3.2.1
- roslyn-dotnet-3.3.1
- roslyn-dotnet-3.4.0
- roslyn-dotnet-3.5.0
- roslyn-dotnet-3.6.0
- roslyn-dotnet-3.7.0
- roslyn-dotnet-3.8.0
- roslyn-dotnet-3.9.0
- roslyn-dotnet-4.0.1
- roslyn-dotnet-4.1.0
- roslyn-dotnet-4.2.0
metadata:
  api_name:
  - Microsoft.CodeAnalysis.VisualBasic.VisualBasicSyntaxVisitor`1.VisitConstructorBlock
  api_location:
  - Microsoft.CodeAnalysis.VisualBasic.dll
  topic_type:
  - apiref
  api_type:
  - Assembly
  f1_keywords:
  - Microsoft.CodeAnalysis.VisualBasic.VisualBasicSyntaxVisitor`1.VisitConstructorBlock
  - Microsoft::CodeAnalysis::VisualBasic::VisualBasicSyntaxVisitor`1::VisitConstructorBlock
  - Microsoft.CodeAnalysis.VisualBasic.VisualBasicSyntaxVisitor.VisitConstructorBlock
  - VisitConstructorBlock
  - VisualBasicSyntaxVisitor`1.VisitConstructorBlock
  - VisualBasicSyntaxVisitor`1::VisitConstructorBlock
  helpviewer_keywords:
  - VisualBasicSyntaxVisitor<TResult>.VisitConstructorBlock method [.NET]
  - VisitConstructorBlock method [.NET], class VisualBasicSyntaxVisitor<TResult>
  - VisualBasicSyntaxVisitor<TResult>.VisitConstructorBlock(ConstructorBlockSyntax) method [.NET]
  - VisitConstructorBlock(ConstructorBlockSyntax) method [.NET], class VisualBasicSyntaxVisitor<TResult>
  monikers:
  - roslyn-dotnet
  - roslyn-dotnet-3.0
  - roslyn-dotnet-3.1
  - roslyn-dotnet-3.10.0
  - roslyn-dotnet-3.11.0
  - roslyn-dotnet-3.2
  - roslyn-dotnet-3.2.1
  - roslyn-dotnet-3.3.1
  - roslyn-dotnet-3.4.0
  - roslyn-dotnet-3.5.0
  - roslyn-dotnet-3.6.0
  - roslyn-dotnet-3.7.0
  - roslyn-dotnet-3.8.0
  - roslyn-dotnet-3.9.0
  - roslyn-dotnet-4.0.1
  - roslyn-dotnet-4.1.0
  - roslyn-dotnet-4.2.0
