### YamlMime:NetMember
type: method
members:
- returnsWithMoniker:
    type:
    - value: <xref href="Microsoft.CodeAnalysis.VisualBasic.Syntax.NamespaceBlockSyntax?alt=Microsoft.CodeAnalysis.VisualBasic.Syntax.NamespaceBlockSyntax&text=NamespaceBlockSyntax" data-throw-if-not-resolved="True"/>
  parameters:
  - namesWithMoniker:
    - value: namespaceStatement
    description: The statement that begins the NamespaceBlock.
    type: <xref href="Microsoft.CodeAnalysis.VisualBasic.Syntax.NamespaceStatementSyntax?alt=Microsoft.CodeAnalysis.VisualBasic.Syntax.NamespaceStatementSyntax&text=NamespaceStatementSyntax" data-throw-if-not-resolved="True"/>
  type: method
  uid: Microsoft.CodeAnalysis.VisualBasic.SyntaxFactory.NamespaceBlock(Microsoft.CodeAnalysis.VisualBasic.Syntax.NamespaceStatementSyntax)
  commentId: M:Microsoft.CodeAnalysis.VisualBasic.SyntaxFactory.NamespaceBlock(Microsoft.CodeAnalysis.VisualBasic.Syntax.NamespaceStatementSyntax)
  name: NamespaceBlock(NamespaceStatementSyntax)
  fullName: Microsoft.CodeAnalysis.VisualBasic.SyntaxFactory.NamespaceBlock(NamespaceStatementSyntax)
  nameWithType: SyntaxFactory.NamespaceBlock(NamespaceStatementSyntax)
  syntaxWithMoniker:
  - lang: cpp
    values:
    - value: >-
        public:
         static Microsoft::CodeAnalysis::VisualBasic::Syntax::NamespaceBlockSyntax ^ NamespaceBlock(Microsoft::CodeAnalysis::VisualBasic::Syntax::NamespaceStatementSyntax ^ namespaceStatement);
  - lang: csharp
    values:
    - value: public static Microsoft.CodeAnalysis.VisualBasic.Syntax.NamespaceBlockSyntax NamespaceBlock (Microsoft.CodeAnalysis.VisualBasic.Syntax.NamespaceStatementSyntax namespaceStatement);
  - lang: fsharp
    values:
    - value: 'static member NamespaceBlock : Microsoft.CodeAnalysis.VisualBasic.Syntax.NamespaceStatementSyntax -> Microsoft.CodeAnalysis.VisualBasic.Syntax.NamespaceBlockSyntax'
  - lang: vb
    values:
    - value: Public Shared Function NamespaceBlock (namespaceStatement As NamespaceStatementSyntax) As NamespaceBlockSyntax
  monikers:
  - roslyn-dotnet
  - roslyn-dotnet-3.0
  - roslyn-dotnet-3.1
  - roslyn-dotnet-3.10.0
  - roslyn-dotnet-3.11.0
  - roslyn-dotnet-3.2
  - roslyn-dotnet-3.2.1
  - roslyn-dotnet-3.3.1
  - roslyn-dotnet-3.4.0
  - roslyn-dotnet-3.5.0
  - roslyn-dotnet-3.6.0
  - roslyn-dotnet-3.7.0
  - roslyn-dotnet-3.8.0
  - roslyn-dotnet-3.9.0
  - roslyn-dotnet-4.0.1
  - roslyn-dotnet-4.1.0
  - roslyn-dotnet-4.2.0
  summary: Represents a Namespace statement, its contents and the End Namespace statement.
  metadata: {}
- returnsWithMoniker:
    type:
    - value: <xref href="Microsoft.CodeAnalysis.VisualBasic.Syntax.NamespaceBlockSyntax?alt=Microsoft.CodeAnalysis.VisualBasic.Syntax.NamespaceBlockSyntax&text=NamespaceBlockSyntax" data-throw-if-not-resolved="True"/>
  parameters:
  - namesWithMoniker:
    - value: namespaceStatement
    description: The statement that begins the NamespaceBlock.
    type: <xref href="Microsoft.CodeAnalysis.VisualBasic.Syntax.NamespaceStatementSyntax?alt=Microsoft.CodeAnalysis.VisualBasic.Syntax.NamespaceStatementSyntax&text=NamespaceStatementSyntax" data-throw-if-not-resolved="True"/>
  - namesWithMoniker:
    - value: members
    description: The declarations contained in the namespace statement.
    type: <xref href="Microsoft.CodeAnalysis.SyntaxList`1?alt=Microsoft.CodeAnalysis.SyntaxList&text=SyntaxList" data-throw-if-not-resolved="True"/>&lt;<xref href="Microsoft.CodeAnalysis.VisualBasic.Syntax.StatementSyntax?alt=Microsoft.CodeAnalysis.VisualBasic.Syntax.StatementSyntax&text=StatementSyntax" data-throw-if-not-resolved="True"/>&gt;
  type: method
  uid: Microsoft.CodeAnalysis.VisualBasic.SyntaxFactory.NamespaceBlock(Microsoft.CodeAnalysis.VisualBasic.Syntax.NamespaceStatementSyntax,Microsoft.CodeAnalysis.SyntaxList{Microsoft.CodeAnalysis.VisualBasic.Syntax.StatementSyntax})
  commentId: M:Microsoft.CodeAnalysis.VisualBasic.SyntaxFactory.NamespaceBlock(Microsoft.CodeAnalysis.VisualBasic.Syntax.NamespaceStatementSyntax,Microsoft.CodeAnalysis.SyntaxList{Microsoft.CodeAnalysis.VisualBasic.Syntax.StatementSyntax})
  name: NamespaceBlock(NamespaceStatementSyntax, SyntaxList<StatementSyntax>)
  fullName: Microsoft.CodeAnalysis.VisualBasic.SyntaxFactory.NamespaceBlock(NamespaceStatementSyntax, SyntaxList<StatementSyntax>)
  nameWithType: SyntaxFactory.NamespaceBlock(NamespaceStatementSyntax, SyntaxList<StatementSyntax>)
  syntaxWithMoniker:
  - lang: cpp
    values:
    - value: >-
        public:
         static Microsoft::CodeAnalysis::VisualBasic::Syntax::NamespaceBlockSyntax ^ NamespaceBlock(Microsoft::CodeAnalysis::VisualBasic::Syntax::NamespaceStatementSyntax ^ namespaceStatement, Microsoft::CodeAnalysis::SyntaxList<Microsoft::CodeAnalysis::VisualBasic::Syntax::StatementSyntax ^> members);
  - lang: csharp
    values:
    - value: public static Microsoft.CodeAnalysis.VisualBasic.Syntax.NamespaceBlockSyntax NamespaceBlock (Microsoft.CodeAnalysis.VisualBasic.Syntax.NamespaceStatementSyntax namespaceStatement, Microsoft.CodeAnalysis.SyntaxList<Microsoft.CodeAnalysis.VisualBasic.Syntax.StatementSyntax> members);
  - lang: fsharp
    values:
    - value: 'static member NamespaceBlock : Microsoft.CodeAnalysis.VisualBasic.Syntax.NamespaceStatementSyntax * Microsoft.CodeAnalysis.SyntaxList<Microsoft.CodeAnalysis.VisualBasic.Syntax.StatementSyntax> -> Microsoft.CodeAnalysis.VisualBasic.Syntax.NamespaceBlockSyntax'
  - lang: vb
    values:
    - value: Public Shared Function NamespaceBlock (namespaceStatement As NamespaceStatementSyntax, members As SyntaxList(Of StatementSyntax)) As NamespaceBlockSyntax
  monikers:
  - roslyn-dotnet
  - roslyn-dotnet-3.0
  - roslyn-dotnet-3.1
  - roslyn-dotnet-3.10.0
  - roslyn-dotnet-3.11.0
  - roslyn-dotnet-3.2
  - roslyn-dotnet-3.2.1
  - roslyn-dotnet-3.3.1
  - roslyn-dotnet-3.4.0
  - roslyn-dotnet-3.5.0
  - roslyn-dotnet-3.6.0
  - roslyn-dotnet-3.7.0
  - roslyn-dotnet-3.8.0
  - roslyn-dotnet-3.9.0
  - roslyn-dotnet-4.0.1
  - roslyn-dotnet-4.1.0
  - roslyn-dotnet-4.2.0
  summary: Represents a Namespace statement, its contents and the End Namespace statement.
  metadata: {}
- returnsWithMoniker:
    type:
    - value: <xref href="Microsoft.CodeAnalysis.VisualBasic.Syntax.NamespaceBlockSyntax?alt=Microsoft.CodeAnalysis.VisualBasic.Syntax.NamespaceBlockSyntax&text=NamespaceBlockSyntax" data-throw-if-not-resolved="True"/>
  parameters:
  - namesWithMoniker:
    - value: namespaceStatement
    description: The statement that begins the NamespaceBlock.
    type: <xref href="Microsoft.CodeAnalysis.VisualBasic.Syntax.NamespaceStatementSyntax?alt=Microsoft.CodeAnalysis.VisualBasic.Syntax.NamespaceStatementSyntax&text=NamespaceStatementSyntax" data-throw-if-not-resolved="True"/>
  - namesWithMoniker:
    - value: members
    description: The declarations contained in the namespace statement.
    type: <xref href="Microsoft.CodeAnalysis.SyntaxList`1?alt=Microsoft.CodeAnalysis.SyntaxList&text=SyntaxList" data-throw-if-not-resolved="True"/>&lt;<xref href="Microsoft.CodeAnalysis.VisualBasic.Syntax.StatementSyntax?alt=Microsoft.CodeAnalysis.VisualBasic.Syntax.StatementSyntax&text=StatementSyntax" data-throw-if-not-resolved="True"/>&gt;
  - namesWithMoniker:
    - value: endNamespaceStatement
    description: The End Namespace statement that ends the block.
    type: <xref href="Microsoft.CodeAnalysis.VisualBasic.Syntax.EndBlockStatementSyntax?alt=Microsoft.CodeAnalysis.VisualBasic.Syntax.EndBlockStatementSyntax&text=EndBlockStatementSyntax" data-throw-if-not-resolved="True"/>
  type: method
  uid: Microsoft.CodeAnalysis.VisualBasic.SyntaxFactory.NamespaceBlock(Microsoft.CodeAnalysis.VisualBasic.Syntax.NamespaceStatementSyntax,Microsoft.CodeAnalysis.SyntaxList{Microsoft.CodeAnalysis.VisualBasic.Syntax.StatementSyntax},Microsoft.CodeAnalysis.VisualBasic.Syntax.EndBlockStatementSyntax)
  commentId: M:Microsoft.CodeAnalysis.VisualBasic.SyntaxFactory.NamespaceBlock(Microsoft.CodeAnalysis.VisualBasic.Syntax.NamespaceStatementSyntax,Microsoft.CodeAnalysis.SyntaxList{Microsoft.CodeAnalysis.VisualBasic.Syntax.StatementSyntax},Microsoft.CodeAnalysis.VisualBasic.Syntax.EndBlockStatementSyntax)
  name: NamespaceBlock(NamespaceStatementSyntax, SyntaxList<StatementSyntax>, EndBlockStatementSyntax)
  fullName: Microsoft.CodeAnalysis.VisualBasic.SyntaxFactory.NamespaceBlock(NamespaceStatementSyntax, SyntaxList<StatementSyntax>, EndBlockStatementSyntax)
  nameWithType: SyntaxFactory.NamespaceBlock(NamespaceStatementSyntax, SyntaxList<StatementSyntax>, EndBlockStatementSyntax)
  syntaxWithMoniker:
  - lang: cpp
    values:
    - value: >-
        public:
         static Microsoft::CodeAnalysis::VisualBasic::Syntax::NamespaceBlockSyntax ^ NamespaceBlock(Microsoft::CodeAnalysis::VisualBasic::Syntax::NamespaceStatementSyntax ^ namespaceStatement, Microsoft::CodeAnalysis::SyntaxList<Microsoft::CodeAnalysis::VisualBasic::Syntax::StatementSyntax ^> members, Microsoft::CodeAnalysis::VisualBasic::Syntax::EndBlockStatementSyntax ^ endNamespaceStatement);
  - lang: csharp
    values:
    - value: public static Microsoft.CodeAnalysis.VisualBasic.Syntax.NamespaceBlockSyntax NamespaceBlock (Microsoft.CodeAnalysis.VisualBasic.Syntax.NamespaceStatementSyntax namespaceStatement, Microsoft.CodeAnalysis.SyntaxList<Microsoft.CodeAnalysis.VisualBasic.Syntax.StatementSyntax> members, Microsoft.CodeAnalysis.VisualBasic.Syntax.EndBlockStatementSyntax endNamespaceStatement);
  - lang: fsharp
    values:
    - value: 'static member NamespaceBlock : Microsoft.CodeAnalysis.VisualBasic.Syntax.NamespaceStatementSyntax * Microsoft.CodeAnalysis.SyntaxList<Microsoft.CodeAnalysis.VisualBasic.Syntax.StatementSyntax> * Microsoft.CodeAnalysis.VisualBasic.Syntax.EndBlockStatementSyntax -> Microsoft.CodeAnalysis.VisualBasic.Syntax.NamespaceBlockSyntax'
  - lang: vb
    values:
    - value: Public Shared Function NamespaceBlock (namespaceStatement As NamespaceStatementSyntax, members As SyntaxList(Of StatementSyntax), endNamespaceStatement As EndBlockStatementSyntax) As NamespaceBlockSyntax
  monikers:
  - roslyn-dotnet
  - roslyn-dotnet-3.0
  - roslyn-dotnet-3.1
  - roslyn-dotnet-3.10.0
  - roslyn-dotnet-3.11.0
  - roslyn-dotnet-3.2
  - roslyn-dotnet-3.2.1
  - roslyn-dotnet-3.3.1
  - roslyn-dotnet-3.4.0
  - roslyn-dotnet-3.5.0
  - roslyn-dotnet-3.6.0
  - roslyn-dotnet-3.7.0
  - roslyn-dotnet-3.8.0
  - roslyn-dotnet-3.9.0
  - roslyn-dotnet-4.0.1
  - roslyn-dotnet-4.1.0
  - roslyn-dotnet-4.2.0
  summary: Represents a Namespace statement, its contents and the End Namespace statement.
  metadata: {}
uid: Microsoft.CodeAnalysis.VisualBasic.SyntaxFactory.NamespaceBlock*
commentId: Overload:Microsoft.CodeAnalysis.VisualBasic.SyntaxFactory.NamespaceBlock
namespace: Microsoft.CodeAnalysis.VisualBasic
name: NamespaceBlock
fullName: Microsoft.CodeAnalysis.VisualBasic.SyntaxFactory.NamespaceBlock
nameWithType: SyntaxFactory.NamespaceBlock
assembliesWithMoniker:
- value: Microsoft.CodeAnalysis.VisualBasic.dll
packagesWithMoniker:
- value: Microsoft.CodeAnalysis.VisualBasic v3.0.0
  monikers:
  - roslyn-dotnet-3.0
- value: Microsoft.CodeAnalysis.VisualBasic v3.1.0
  monikers:
  - roslyn-dotnet-3.1
- value: Microsoft.CodeAnalysis.VisualBasic v3.10.0
  monikers:
  - roslyn-dotnet-3.10.0
- value: Microsoft.CodeAnalysis.VisualBasic v3.11.0
  monikers:
  - roslyn-dotnet-3.11.0
- value: Microsoft.CodeAnalysis.VisualBasic v3.2.0
  monikers:
  - roslyn-dotnet-3.2
- value: Microsoft.CodeAnalysis.VisualBasic v3.2.1
  monikers:
  - roslyn-dotnet-3.2.1
- value: Microsoft.CodeAnalysis.VisualBasic v3.3.1
  monikers:
  - roslyn-dotnet-3.3.1
- value: Microsoft.CodeAnalysis.VisualBasic v3.4.0
  monikers:
  - roslyn-dotnet-3.4.0
- value: Microsoft.CodeAnalysis.VisualBasic v3.5.0
  monikers:
  - roslyn-dotnet-3.5.0
- value: Microsoft.CodeAnalysis.VisualBasic v3.6.0
  monikers:
  - roslyn-dotnet-3.6.0
- value: Microsoft.CodeAnalysis.VisualBasic v3.7.0
  monikers:
  - roslyn-dotnet-3.7.0
- value: Microsoft.CodeAnalysis.VisualBasic v3.8.0
  monikers:
  - roslyn-dotnet-3.8.0
- value: Microsoft.CodeAnalysis.VisualBasic v3.9.0
  monikers:
  - roslyn-dotnet-3.9.0
- value: Microsoft.CodeAnalysis.VisualBasic v4.0.1
  monikers:
  - roslyn-dotnet-4.0.1
- value: Microsoft.CodeAnalysis.VisualBasic v4.1.0
  monikers:
  - roslyn-dotnet-4.1.0
- value: Microsoft.CodeAnalysis.VisualBasic v4.2.0
  monikers:
  - roslyn-dotnet-4.2.0
devLangs:
- cpp
- csharp
- vb
- fsharp
monikers:
- roslyn-dotnet
- roslyn-dotnet-3.0
- roslyn-dotnet-3.1
- roslyn-dotnet-3.10.0
- roslyn-dotnet-3.11.0
- roslyn-dotnet-3.2
- roslyn-dotnet-3.2.1
- roslyn-dotnet-3.3.1
- roslyn-dotnet-3.4.0
- roslyn-dotnet-3.5.0
- roslyn-dotnet-3.6.0
- roslyn-dotnet-3.7.0
- roslyn-dotnet-3.8.0
- roslyn-dotnet-3.9.0
- roslyn-dotnet-4.0.1
- roslyn-dotnet-4.1.0
- roslyn-dotnet-4.2.0
metadata:
  api_name:
  - Microsoft.CodeAnalysis.VisualBasic.SyntaxFactory.NamespaceBlock
  api_location:
  - Microsoft.CodeAnalysis.VisualBasic.dll
  topic_type:
  - apiref
  api_type:
  - Assembly
  f1_keywords:
  - Microsoft.CodeAnalysis.VisualBasic.SyntaxFactory.NamespaceBlock
  - Microsoft::CodeAnalysis::VisualBasic::SyntaxFactory::NamespaceBlock
  - NamespaceBlock
  - SyntaxFactory.NamespaceBlock
  - SyntaxFactory::NamespaceBlock
  helpviewer_keywords:
  - SyntaxFactory.NamespaceBlock method [.NET]
  - NamespaceBlock method [.NET], class SyntaxFactory
  - SyntaxFactory.NamespaceBlock(NamespaceStatementSyntax) method [.NET]
  - NamespaceBlock(NamespaceStatementSyntax) method [.NET], class SyntaxFactory
  - SyntaxFactory.NamespaceBlock(NamespaceStatementSyntax, SyntaxList<StatementSyntax>) method [.NET]
  - NamespaceBlock(NamespaceStatementSyntax, SyntaxList<StatementSyntax>) method [.NET], class SyntaxFactory
  - SyntaxFactory.NamespaceBlock(NamespaceStatementSyntax, SyntaxList<StatementSyntax>, EndBlockStatementSyntax) method [.NET]
  - NamespaceBlock(NamespaceStatementSyntax, SyntaxList<StatementSyntax>, EndBlockStatementSyntax) method [.NET], class SyntaxFactory
  monikers:
  - roslyn-dotnet
  - roslyn-dotnet-3.0
  - roslyn-dotnet-3.1
  - roslyn-dotnet-3.10.0
  - roslyn-dotnet-3.11.0
  - roslyn-dotnet-3.2
  - roslyn-dotnet-3.2.1
  - roslyn-dotnet-3.3.1
  - roslyn-dotnet-3.4.0
  - roslyn-dotnet-3.5.0
  - roslyn-dotnet-3.6.0
  - roslyn-dotnet-3.7.0
  - roslyn-dotnet-3.8.0
  - roslyn-dotnet-3.9.0
  - roslyn-dotnet-4.0.1
  - roslyn-dotnet-4.1.0
  - roslyn-dotnet-4.2.0
