### YamlMime:NetMember
type: method
members:
- returnsWithMoniker:
    type:
    - value: <xref href="Microsoft.CodeAnalysis.VisualBasic.Syntax.ForBlockSyntax?alt=Microsoft.CodeAnalysis.VisualBasic.Syntax.ForBlockSyntax&text=ForBlockSyntax" data-throw-if-not-resolved="True"/>
  parameters:
  - namesWithMoniker:
    - value: forStatement
    description: The For statement that begins the block.
    type: <xref href="Microsoft.CodeAnalysis.VisualBasic.Syntax.ForStatementSyntax?alt=Microsoft.CodeAnalysis.VisualBasic.Syntax.ForStatementSyntax&text=ForStatementSyntax" data-throw-if-not-resolved="True"/>
  type: method
  uid: Microsoft.CodeAnalysis.VisualBasic.SyntaxFactory.ForBlock(Microsoft.CodeAnalysis.VisualBasic.Syntax.ForStatementSyntax)
  commentId: M:Microsoft.CodeAnalysis.VisualBasic.SyntaxFactory.ForBlock(Microsoft.CodeAnalysis.VisualBasic.Syntax.ForStatementSyntax)
  name: ForBlock(ForStatementSyntax)
  fullName: Microsoft.CodeAnalysis.VisualBasic.SyntaxFactory.ForBlock(ForStatementSyntax)
  nameWithType: SyntaxFactory.ForBlock(ForStatementSyntax)
  syntaxWithMoniker:
  - lang: cpp
    values:
    - value: >-
        public:
         static Microsoft::CodeAnalysis::VisualBasic::Syntax::ForBlockSyntax ^ ForBlock(Microsoft::CodeAnalysis::VisualBasic::Syntax::ForStatementSyntax ^ forStatement);
  - lang: csharp
    values:
    - value: public static Microsoft.CodeAnalysis.VisualBasic.Syntax.ForBlockSyntax ForBlock (Microsoft.CodeAnalysis.VisualBasic.Syntax.ForStatementSyntax forStatement);
  - lang: fsharp
    values:
    - value: 'static member ForBlock : Microsoft.CodeAnalysis.VisualBasic.Syntax.ForStatementSyntax -> Microsoft.CodeAnalysis.VisualBasic.Syntax.ForBlockSyntax'
  - lang: vb
    values:
    - value: Public Shared Function ForBlock (forStatement As ForStatementSyntax) As ForBlockSyntax
  monikers:
  - roslyn-dotnet
  - roslyn-dotnet-3.0
  - roslyn-dotnet-3.1
  - roslyn-dotnet-3.10.0
  - roslyn-dotnet-3.11.0
  - roslyn-dotnet-3.2
  - roslyn-dotnet-3.2.1
  - roslyn-dotnet-3.3.1
  - roslyn-dotnet-3.4.0
  - roslyn-dotnet-3.5.0
  - roslyn-dotnet-3.6.0
  - roslyn-dotnet-3.7.0
  - roslyn-dotnet-3.8.0
  - roslyn-dotnet-3.9.0
  - roslyn-dotnet-4.0.1
  - roslyn-dotnet-4.1.0
  - roslyn-dotnet-4.2.0
  summary: >-
    Represents a For block, including the introducing statement, the body and the

    "Next" (which can be omitted if a containing For has a Next with multiple

    variables).
  metadata: {}
- returnsWithMoniker:
    type:
    - value: <xref href="Microsoft.CodeAnalysis.VisualBasic.Syntax.ForBlockSyntax?alt=Microsoft.CodeAnalysis.VisualBasic.Syntax.ForBlockSyntax&text=ForBlockSyntax" data-throw-if-not-resolved="True"/>
  parameters:
  - namesWithMoniker:
    - value: forStatement
    description: The For statement that begins the block.
    type: <xref href="Microsoft.CodeAnalysis.VisualBasic.Syntax.ForStatementSyntax?alt=Microsoft.CodeAnalysis.VisualBasic.Syntax.ForStatementSyntax&text=ForStatementSyntax" data-throw-if-not-resolved="True"/>
  - namesWithMoniker:
    - value: statements
    description: >-
      The statements contained in the For or For Each loop. This might be an empty

      list.
    type: <xref href="Microsoft.CodeAnalysis.SyntaxList`1?alt=Microsoft.CodeAnalysis.SyntaxList&text=SyntaxList" data-throw-if-not-resolved="True"/>&lt;<xref href="Microsoft.CodeAnalysis.VisualBasic.Syntax.StatementSyntax?alt=Microsoft.CodeAnalysis.VisualBasic.Syntax.StatementSyntax&text=StatementSyntax" data-throw-if-not-resolved="True"/>&gt;
  - namesWithMoniker:
    - value: nextStatement
    description: >-
      The Next statement that ends the block. If two For or For Each statements are

      ended by a single Next statement, the inner For will not have a Next statement.
    type: <xref href="Microsoft.CodeAnalysis.VisualBasic.Syntax.NextStatementSyntax?alt=Microsoft.CodeAnalysis.VisualBasic.Syntax.NextStatementSyntax&text=NextStatementSyntax" data-throw-if-not-resolved="True"/>
  type: method
  uid: Microsoft.CodeAnalysis.VisualBasic.SyntaxFactory.ForBlock(Microsoft.CodeAnalysis.VisualBasic.Syntax.ForStatementSyntax,Microsoft.CodeAnalysis.SyntaxList{Microsoft.CodeAnalysis.VisualBasic.Syntax.StatementSyntax},Microsoft.CodeAnalysis.VisualBasic.Syntax.NextStatementSyntax)
  commentId: M:Microsoft.CodeAnalysis.VisualBasic.SyntaxFactory.ForBlock(Microsoft.CodeAnalysis.VisualBasic.Syntax.ForStatementSyntax,Microsoft.CodeAnalysis.SyntaxList{Microsoft.CodeAnalysis.VisualBasic.Syntax.StatementSyntax},Microsoft.CodeAnalysis.VisualBasic.Syntax.NextStatementSyntax)
  name: ForBlock(ForStatementSyntax, SyntaxList<StatementSyntax>, NextStatementSyntax)
  fullName: Microsoft.CodeAnalysis.VisualBasic.SyntaxFactory.ForBlock(ForStatementSyntax, SyntaxList<StatementSyntax>, NextStatementSyntax)
  nameWithType: SyntaxFactory.ForBlock(ForStatementSyntax, SyntaxList<StatementSyntax>, NextStatementSyntax)
  syntaxWithMoniker:
  - lang: cpp
    values:
    - value: >-
        public:
         static Microsoft::CodeAnalysis::VisualBasic::Syntax::ForBlockSyntax ^ ForBlock(Microsoft::CodeAnalysis::VisualBasic::Syntax::ForStatementSyntax ^ forStatement, Microsoft::CodeAnalysis::SyntaxList<Microsoft::CodeAnalysis::VisualBasic::Syntax::StatementSyntax ^> statements, Microsoft::CodeAnalysis::VisualBasic::Syntax::NextStatementSyntax ^ nextStatement);
  - lang: csharp
    values:
    - value: public static Microsoft.CodeAnalysis.VisualBasic.Syntax.ForBlockSyntax ForBlock (Microsoft.CodeAnalysis.VisualBasic.Syntax.ForStatementSyntax forStatement, Microsoft.CodeAnalysis.SyntaxList<Microsoft.CodeAnalysis.VisualBasic.Syntax.StatementSyntax> statements, Microsoft.CodeAnalysis.VisualBasic.Syntax.NextStatementSyntax nextStatement);
  - lang: fsharp
    values:
    - value: 'static member ForBlock : Microsoft.CodeAnalysis.VisualBasic.Syntax.ForStatementSyntax * Microsoft.CodeAnalysis.SyntaxList<Microsoft.CodeAnalysis.VisualBasic.Syntax.StatementSyntax> * Microsoft.CodeAnalysis.VisualBasic.Syntax.NextStatementSyntax -> Microsoft.CodeAnalysis.VisualBasic.Syntax.ForBlockSyntax'
  - lang: vb
    values:
    - value: Public Shared Function ForBlock (forStatement As ForStatementSyntax, statements As SyntaxList(Of StatementSyntax), nextStatement As NextStatementSyntax) As ForBlockSyntax
  monikers:
  - roslyn-dotnet
  - roslyn-dotnet-3.0
  - roslyn-dotnet-3.1
  - roslyn-dotnet-3.10.0
  - roslyn-dotnet-3.11.0
  - roslyn-dotnet-3.2
  - roslyn-dotnet-3.2.1
  - roslyn-dotnet-3.3.1
  - roslyn-dotnet-3.4.0
  - roslyn-dotnet-3.5.0
  - roslyn-dotnet-3.6.0
  - roslyn-dotnet-3.7.0
  - roslyn-dotnet-3.8.0
  - roslyn-dotnet-3.9.0
  - roslyn-dotnet-4.0.1
  - roslyn-dotnet-4.1.0
  - roslyn-dotnet-4.2.0
  summary: >-
    Represents a For block, including the introducing statement, the body and the

    "Next" (which can be omitted if a containing For has a Next with multiple

    variables).
  metadata: {}
uid: Microsoft.CodeAnalysis.VisualBasic.SyntaxFactory.ForBlock*
commentId: Overload:Microsoft.CodeAnalysis.VisualBasic.SyntaxFactory.ForBlock
namespace: Microsoft.CodeAnalysis.VisualBasic
name: ForBlock
fullName: Microsoft.CodeAnalysis.VisualBasic.SyntaxFactory.ForBlock
nameWithType: SyntaxFactory.ForBlock
assembliesWithMoniker:
- value: Microsoft.CodeAnalysis.VisualBasic.dll
packagesWithMoniker:
- value: Microsoft.CodeAnalysis.VisualBasic v3.0.0
  monikers:
  - roslyn-dotnet-3.0
- value: Microsoft.CodeAnalysis.VisualBasic v3.1.0
  monikers:
  - roslyn-dotnet-3.1
- value: Microsoft.CodeAnalysis.VisualBasic v3.10.0
  monikers:
  - roslyn-dotnet-3.10.0
- value: Microsoft.CodeAnalysis.VisualBasic v3.11.0
  monikers:
  - roslyn-dotnet-3.11.0
- value: Microsoft.CodeAnalysis.VisualBasic v3.2.0
  monikers:
  - roslyn-dotnet-3.2
- value: Microsoft.CodeAnalysis.VisualBasic v3.2.1
  monikers:
  - roslyn-dotnet-3.2.1
- value: Microsoft.CodeAnalysis.VisualBasic v3.3.1
  monikers:
  - roslyn-dotnet-3.3.1
- value: Microsoft.CodeAnalysis.VisualBasic v3.4.0
  monikers:
  - roslyn-dotnet-3.4.0
- value: Microsoft.CodeAnalysis.VisualBasic v3.5.0
  monikers:
  - roslyn-dotnet-3.5.0
- value: Microsoft.CodeAnalysis.VisualBasic v3.6.0
  monikers:
  - roslyn-dotnet-3.6.0
- value: Microsoft.CodeAnalysis.VisualBasic v3.7.0
  monikers:
  - roslyn-dotnet-3.7.0
- value: Microsoft.CodeAnalysis.VisualBasic v3.8.0
  monikers:
  - roslyn-dotnet-3.8.0
- value: Microsoft.CodeAnalysis.VisualBasic v3.9.0
  monikers:
  - roslyn-dotnet-3.9.0
- value: Microsoft.CodeAnalysis.VisualBasic v4.0.1
  monikers:
  - roslyn-dotnet-4.0.1
- value: Microsoft.CodeAnalysis.VisualBasic v4.1.0
  monikers:
  - roslyn-dotnet-4.1.0
- value: Microsoft.CodeAnalysis.VisualBasic v4.2.0
  monikers:
  - roslyn-dotnet-4.2.0
devLangs:
- cpp
- csharp
- vb
- fsharp
monikers:
- roslyn-dotnet
- roslyn-dotnet-3.0
- roslyn-dotnet-3.1
- roslyn-dotnet-3.10.0
- roslyn-dotnet-3.11.0
- roslyn-dotnet-3.2
- roslyn-dotnet-3.2.1
- roslyn-dotnet-3.3.1
- roslyn-dotnet-3.4.0
- roslyn-dotnet-3.5.0
- roslyn-dotnet-3.6.0
- roslyn-dotnet-3.7.0
- roslyn-dotnet-3.8.0
- roslyn-dotnet-3.9.0
- roslyn-dotnet-4.0.1
- roslyn-dotnet-4.1.0
- roslyn-dotnet-4.2.0
metadata:
  api_name:
  - Microsoft.CodeAnalysis.VisualBasic.SyntaxFactory.ForBlock
  api_location:
  - Microsoft.CodeAnalysis.VisualBasic.dll
  topic_type:
  - apiref
  api_type:
  - Assembly
  f1_keywords:
  - Microsoft.CodeAnalysis.VisualBasic.SyntaxFactory.ForBlock
  - Microsoft::CodeAnalysis::VisualBasic::SyntaxFactory::ForBlock
  - ForBlock
  - SyntaxFactory.ForBlock
  - SyntaxFactory::ForBlock
  helpviewer_keywords:
  - SyntaxFactory.ForBlock method [.NET]
  - ForBlock method [.NET], class SyntaxFactory
  - SyntaxFactory.ForBlock(ForStatementSyntax) method [.NET]
  - ForBlock(ForStatementSyntax) method [.NET], class SyntaxFactory
  - SyntaxFactory.ForBlock(ForStatementSyntax, SyntaxList<StatementSyntax>, NextStatementSyntax) method [.NET]
  - ForBlock(ForStatementSyntax, SyntaxList<StatementSyntax>, NextStatementSyntax) method [.NET], class SyntaxFactory
  monikers:
  - roslyn-dotnet
  - roslyn-dotnet-3.0
  - roslyn-dotnet-3.1
  - roslyn-dotnet-3.10.0
  - roslyn-dotnet-3.11.0
  - roslyn-dotnet-3.2
  - roslyn-dotnet-3.2.1
  - roslyn-dotnet-3.3.1
  - roslyn-dotnet-3.4.0
  - roslyn-dotnet-3.5.0
  - roslyn-dotnet-3.6.0
  - roslyn-dotnet-3.7.0
  - roslyn-dotnet-3.8.0
  - roslyn-dotnet-3.9.0
  - roslyn-dotnet-4.0.1
  - roslyn-dotnet-4.1.0
  - roslyn-dotnet-4.2.0
