### YamlMime:NetMember
type: method
members:
- parameters:
  - namesWithMoniker:
    - value: node
    type: <xref href="Microsoft.CodeAnalysis.VisualBasic.Syntax.WhileBlockSyntax?alt=Microsoft.CodeAnalysis.VisualBasic.Syntax.WhileBlockSyntax&text=WhileBlockSyntax" data-throw-if-not-resolved="True"/>
  type: method
  uid: Microsoft.CodeAnalysis.VisualBasic.VisualBasicSyntaxVisitor.VisitWhileBlock(Microsoft.CodeAnalysis.VisualBasic.Syntax.WhileBlockSyntax)
  commentId: M:Microsoft.CodeAnalysis.VisualBasic.VisualBasicSyntaxVisitor.VisitWhileBlock(Microsoft.CodeAnalysis.VisualBasic.Syntax.WhileBlockSyntax)
  name: VisitWhileBlock(WhileBlockSyntax)
  fullName: Microsoft.CodeAnalysis.VisualBasic.VisualBasicSyntaxVisitor.VisitWhileBlock(WhileBlockSyntax)
  nameWithType: VisualBasicSyntaxVisitor.VisitWhileBlock(WhileBlockSyntax)
  syntaxWithMoniker:
  - lang: cpp
    values:
    - value: >-
        public:
         virtual void VisitWhileBlock(Microsoft::CodeAnalysis::VisualBasic::Syntax::WhileBlockSyntax ^ node);
  - lang: csharp
    values:
    - value: public virtual void VisitWhileBlock (Microsoft.CodeAnalysis.VisualBasic.Syntax.WhileBlockSyntax node);
  - lang: fsharp
    values:
    - value: >-
        abstract member VisitWhileBlock : Microsoft.CodeAnalysis.VisualBasic.Syntax.WhileBlockSyntax -> unit

        override this.VisitWhileBlock : Microsoft.CodeAnalysis.VisualBasic.Syntax.WhileBlockSyntax -> unit
  - lang: vb
    values:
    - value: Public Overridable Sub VisitWhileBlock (node As WhileBlockSyntax)
  monikers:
  - roslyn-dotnet
  - roslyn-dotnet-3.0
  - roslyn-dotnet-3.1
  - roslyn-dotnet-3.10.0
  - roslyn-dotnet-3.11.0
  - roslyn-dotnet-3.2
  - roslyn-dotnet-3.2.1
  - roslyn-dotnet-3.3.1
  - roslyn-dotnet-3.4.0
  - roslyn-dotnet-3.5.0
  - roslyn-dotnet-3.6.0
  - roslyn-dotnet-3.7.0
  - roslyn-dotnet-3.8.0
  - roslyn-dotnet-3.9.0
  - roslyn-dotnet-4.0.1
  - roslyn-dotnet-4.1.0
  - roslyn-dotnet-4.2.0
  metadata: {}
uid: Microsoft.CodeAnalysis.VisualBasic.VisualBasicSyntaxVisitor.VisitWhileBlock*
commentId: Overload:Microsoft.CodeAnalysis.VisualBasic.VisualBasicSyntaxVisitor.VisitWhileBlock
namespace: Microsoft.CodeAnalysis.VisualBasic
name: VisitWhileBlock
fullName: Microsoft.CodeAnalysis.VisualBasic.VisualBasicSyntaxVisitor.VisitWhileBlock
nameWithType: VisualBasicSyntaxVisitor.VisitWhileBlock
assembliesWithMoniker:
- value: Microsoft.CodeAnalysis.VisualBasic.dll
packagesWithMoniker:
- value: Microsoft.CodeAnalysis.VisualBasic v3.0.0
  monikers:
  - roslyn-dotnet-3.0
- value: Microsoft.CodeAnalysis.VisualBasic v3.1.0
  monikers:
  - roslyn-dotnet-3.1
- value: Microsoft.CodeAnalysis.VisualBasic v3.10.0
  monikers:
  - roslyn-dotnet-3.10.0
- value: Microsoft.CodeAnalysis.VisualBasic v3.11.0
  monikers:
  - roslyn-dotnet-3.11.0
- value: Microsoft.CodeAnalysis.VisualBasic v3.2.0
  monikers:
  - roslyn-dotnet-3.2
- value: Microsoft.CodeAnalysis.VisualBasic v3.2.1
  monikers:
  - roslyn-dotnet-3.2.1
- value: Microsoft.CodeAnalysis.VisualBasic v3.3.1
  monikers:
  - roslyn-dotnet-3.3.1
- value: Microsoft.CodeAnalysis.VisualBasic v3.4.0
  monikers:
  - roslyn-dotnet-3.4.0
- value: Microsoft.CodeAnalysis.VisualBasic v3.5.0
  monikers:
  - roslyn-dotnet-3.5.0
- value: Microsoft.CodeAnalysis.VisualBasic v3.6.0
  monikers:
  - roslyn-dotnet-3.6.0
- value: Microsoft.CodeAnalysis.VisualBasic v3.7.0
  monikers:
  - roslyn-dotnet-3.7.0
- value: Microsoft.CodeAnalysis.VisualBasic v3.8.0
  monikers:
  - roslyn-dotnet-3.8.0
- value: Microsoft.CodeAnalysis.VisualBasic v3.9.0
  monikers:
  - roslyn-dotnet-3.9.0
- value: Microsoft.CodeAnalysis.VisualBasic v4.0.1
  monikers:
  - roslyn-dotnet-4.0.1
- value: Microsoft.CodeAnalysis.VisualBasic v4.1.0
  monikers:
  - roslyn-dotnet-4.1.0
- value: Microsoft.CodeAnalysis.VisualBasic v4.2.0
  monikers:
  - roslyn-dotnet-4.2.0
devLangs:
- cpp
- csharp
- vb
- fsharp
monikers:
- roslyn-dotnet
- roslyn-dotnet-3.0
- roslyn-dotnet-3.1
- roslyn-dotnet-3.10.0
- roslyn-dotnet-3.11.0
- roslyn-dotnet-3.2
- roslyn-dotnet-3.2.1
- roslyn-dotnet-3.3.1
- roslyn-dotnet-3.4.0
- roslyn-dotnet-3.5.0
- roslyn-dotnet-3.6.0
- roslyn-dotnet-3.7.0
- roslyn-dotnet-3.8.0
- roslyn-dotnet-3.9.0
- roslyn-dotnet-4.0.1
- roslyn-dotnet-4.1.0
- roslyn-dotnet-4.2.0
metadata:
  api_name:
  - Microsoft.CodeAnalysis.VisualBasic.VisualBasicSyntaxVisitor.VisitWhileBlock
  api_location:
  - Microsoft.CodeAnalysis.VisualBasic.dll
  topic_type:
  - apiref
  api_type:
  - Assembly
  f1_keywords:
  - Microsoft.CodeAnalysis.VisualBasic.VisualBasicSyntaxVisitor.VisitWhileBlock
  - Microsoft::CodeAnalysis::VisualBasic::VisualBasicSyntaxVisitor::VisitWhileBlock
  - VisitWhileBlock
  - VisualBasicSyntaxVisitor.VisitWhileBlock
  - VisualBasicSyntaxVisitor::VisitWhileBlock
  helpviewer_keywords:
  - VisualBasicSyntaxVisitor.VisitWhileBlock method [.NET]
  - VisitWhileBlock method [.NET], class VisualBasicSyntaxVisitor
  - VisualBasicSyntaxVisitor.VisitWhileBlock(WhileBlockSyntax) method [.NET]
  - VisitWhileBlock(WhileBlockSyntax) method [.NET], class VisualBasicSyntaxVisitor
  monikers:
  - roslyn-dotnet
  - roslyn-dotnet-3.0
  - roslyn-dotnet-3.1
  - roslyn-dotnet-3.10.0
  - roslyn-dotnet-3.11.0
  - roslyn-dotnet-3.2
  - roslyn-dotnet-3.2.1
  - roslyn-dotnet-3.3.1
  - roslyn-dotnet-3.4.0
  - roslyn-dotnet-3.5.0
  - roslyn-dotnet-3.6.0
  - roslyn-dotnet-3.7.0
  - roslyn-dotnet-3.8.0
  - roslyn-dotnet-3.9.0
  - roslyn-dotnet-4.0.1
  - roslyn-dotnet-4.1.0
  - roslyn-dotnet-4.2.0
