### YamlMime:NetMember
type: method
members:
- returnsWithMoniker:
    type:
    - value: <xref href="Microsoft.CodeAnalysis.VisualBasic.Syntax.PropertyBlockSyntax?alt=Microsoft.CodeAnalysis.VisualBasic.Syntax.PropertyBlockSyntax&text=PropertyBlockSyntax" data-throw-if-not-resolved="True"/>
  parameters:
  - namesWithMoniker:
    - value: propertyStatement
    description: The property declaration that begins the block.
    type: <xref href="Microsoft.CodeAnalysis.VisualBasic.Syntax.PropertyStatementSyntax?alt=Microsoft.CodeAnalysis.VisualBasic.Syntax.PropertyStatementSyntax&text=PropertyStatementSyntax" data-throw-if-not-resolved="True"/>
  - namesWithMoniker:
    - value: accessors
    description: >-
      The accessor blocks contained in the property, between the Property and the End

      Property statements.
    type: <xref href="Microsoft.CodeAnalysis.SyntaxList`1?alt=Microsoft.CodeAnalysis.SyntaxList&text=SyntaxList" data-throw-if-not-resolved="True"/>&lt;<xref href="Microsoft.CodeAnalysis.VisualBasic.Syntax.AccessorBlockSyntax?alt=Microsoft.CodeAnalysis.VisualBasic.Syntax.AccessorBlockSyntax&text=AccessorBlockSyntax" data-throw-if-not-resolved="True"/>&gt;
  - namesWithMoniker:
    - value: endPropertyStatement
    description: The End Property statement that ends the block.
    type: <xref href="Microsoft.CodeAnalysis.VisualBasic.Syntax.EndBlockStatementSyntax?alt=Microsoft.CodeAnalysis.VisualBasic.Syntax.EndBlockStatementSyntax&text=EndBlockStatementSyntax" data-throw-if-not-resolved="True"/>
  type: method
  uid: Microsoft.CodeAnalysis.VisualBasic.SyntaxFactory.PropertyBlock(Microsoft.CodeAnalysis.VisualBasic.Syntax.PropertyStatementSyntax,Microsoft.CodeAnalysis.SyntaxList{Microsoft.CodeAnalysis.VisualBasic.Syntax.AccessorBlockSyntax},Microsoft.CodeAnalysis.VisualBasic.Syntax.EndBlockStatementSyntax)
  commentId: M:Microsoft.CodeAnalysis.VisualBasic.SyntaxFactory.PropertyBlock(Microsoft.CodeAnalysis.VisualBasic.Syntax.PropertyStatementSyntax,Microsoft.CodeAnalysis.SyntaxList{Microsoft.CodeAnalysis.VisualBasic.Syntax.AccessorBlockSyntax},Microsoft.CodeAnalysis.VisualBasic.Syntax.EndBlockStatementSyntax)
  name: PropertyBlock(PropertyStatementSyntax, SyntaxList<AccessorBlockSyntax>, EndBlockStatementSyntax)
  fullName: Microsoft.CodeAnalysis.VisualBasic.SyntaxFactory.PropertyBlock(PropertyStatementSyntax, SyntaxList<AccessorBlockSyntax>, EndBlockStatementSyntax)
  nameWithType: SyntaxFactory.PropertyBlock(PropertyStatementSyntax, SyntaxList<AccessorBlockSyntax>, EndBlockStatementSyntax)
  syntaxWithMoniker:
  - lang: cpp
    values:
    - value: >-
        public:
         static Microsoft::CodeAnalysis::VisualBasic::Syntax::PropertyBlockSyntax ^ PropertyBlock(Microsoft::CodeAnalysis::VisualBasic::Syntax::PropertyStatementSyntax ^ propertyStatement, Microsoft::CodeAnalysis::SyntaxList<Microsoft::CodeAnalysis::VisualBasic::Syntax::AccessorBlockSyntax ^> accessors, Microsoft::CodeAnalysis::VisualBasic::Syntax::EndBlockStatementSyntax ^ endPropertyStatement);
  - lang: csharp
    values:
    - value: public static Microsoft.CodeAnalysis.VisualBasic.Syntax.PropertyBlockSyntax PropertyBlock (Microsoft.CodeAnalysis.VisualBasic.Syntax.PropertyStatementSyntax propertyStatement, Microsoft.CodeAnalysis.SyntaxList<Microsoft.CodeAnalysis.VisualBasic.Syntax.AccessorBlockSyntax> accessors, Microsoft.CodeAnalysis.VisualBasic.Syntax.EndBlockStatementSyntax endPropertyStatement);
  - lang: fsharp
    values:
    - value: 'static member PropertyBlock : Microsoft.CodeAnalysis.VisualBasic.Syntax.PropertyStatementSyntax * Microsoft.CodeAnalysis.SyntaxList<Microsoft.CodeAnalysis.VisualBasic.Syntax.AccessorBlockSyntax> * Microsoft.CodeAnalysis.VisualBasic.Syntax.EndBlockStatementSyntax -> Microsoft.CodeAnalysis.VisualBasic.Syntax.PropertyBlockSyntax'
  - lang: vb
    values:
    - value: Public Shared Function PropertyBlock (propertyStatement As PropertyStatementSyntax, accessors As SyntaxList(Of AccessorBlockSyntax), endPropertyStatement As EndBlockStatementSyntax) As PropertyBlockSyntax
  monikers:
  - roslyn-dotnet
  - roslyn-dotnet-3.0
  - roslyn-dotnet-3.1
  - roslyn-dotnet-3.10.0
  - roslyn-dotnet-3.11.0
  - roslyn-dotnet-3.2
  - roslyn-dotnet-3.2.1
  - roslyn-dotnet-3.3.1
  - roslyn-dotnet-3.4.0
  - roslyn-dotnet-3.5.0
  - roslyn-dotnet-3.6.0
  - roslyn-dotnet-3.7.0
  - roslyn-dotnet-3.8.0
  - roslyn-dotnet-3.9.0
  - roslyn-dotnet-4.0.1
  - roslyn-dotnet-4.1.0
  - roslyn-dotnet-4.2.0
  summary: >-
    Represents a block property declaration: A declaration that has a beginning

    declaration, some get or set accessor blocks and an end statement.
  metadata: {}
- returnsWithMoniker:
    type:
    - value: <xref href="Microsoft.CodeAnalysis.VisualBasic.Syntax.PropertyBlockSyntax?alt=Microsoft.CodeAnalysis.VisualBasic.Syntax.PropertyBlockSyntax&text=PropertyBlockSyntax" data-throw-if-not-resolved="True"/>
  parameters:
  - namesWithMoniker:
    - value: propertyStatement
    description: The property declaration that begins the block.
    type: <xref href="Microsoft.CodeAnalysis.VisualBasic.Syntax.PropertyStatementSyntax?alt=Microsoft.CodeAnalysis.VisualBasic.Syntax.PropertyStatementSyntax&text=PropertyStatementSyntax" data-throw-if-not-resolved="True"/>
  - namesWithMoniker:
    - value: accessors
    description: >-
      The accessor blocks contained in the property, between the Property and the End

      Property statements.
    type: <xref href="Microsoft.CodeAnalysis.SyntaxList`1?alt=Microsoft.CodeAnalysis.SyntaxList&text=SyntaxList" data-throw-if-not-resolved="True"/>&lt;<xref href="Microsoft.CodeAnalysis.VisualBasic.Syntax.AccessorBlockSyntax?alt=Microsoft.CodeAnalysis.VisualBasic.Syntax.AccessorBlockSyntax&text=AccessorBlockSyntax" data-throw-if-not-resolved="True"/>&gt;
  type: method
  uid: Microsoft.CodeAnalysis.VisualBasic.SyntaxFactory.PropertyBlock(Microsoft.CodeAnalysis.VisualBasic.Syntax.PropertyStatementSyntax,Microsoft.CodeAnalysis.SyntaxList{Microsoft.CodeAnalysis.VisualBasic.Syntax.AccessorBlockSyntax})
  commentId: M:Microsoft.CodeAnalysis.VisualBasic.SyntaxFactory.PropertyBlock(Microsoft.CodeAnalysis.VisualBasic.Syntax.PropertyStatementSyntax,Microsoft.CodeAnalysis.SyntaxList{Microsoft.CodeAnalysis.VisualBasic.Syntax.AccessorBlockSyntax})
  name: PropertyBlock(PropertyStatementSyntax, SyntaxList<AccessorBlockSyntax>)
  fullName: Microsoft.CodeAnalysis.VisualBasic.SyntaxFactory.PropertyBlock(PropertyStatementSyntax, SyntaxList<AccessorBlockSyntax>)
  nameWithType: SyntaxFactory.PropertyBlock(PropertyStatementSyntax, SyntaxList<AccessorBlockSyntax>)
  syntaxWithMoniker:
  - lang: cpp
    values:
    - value: >-
        public:
         static Microsoft::CodeAnalysis::VisualBasic::Syntax::PropertyBlockSyntax ^ PropertyBlock(Microsoft::CodeAnalysis::VisualBasic::Syntax::PropertyStatementSyntax ^ propertyStatement, Microsoft::CodeAnalysis::SyntaxList<Microsoft::CodeAnalysis::VisualBasic::Syntax::AccessorBlockSyntax ^> accessors);
  - lang: csharp
    values:
    - value: public static Microsoft.CodeAnalysis.VisualBasic.Syntax.PropertyBlockSyntax PropertyBlock (Microsoft.CodeAnalysis.VisualBasic.Syntax.PropertyStatementSyntax propertyStatement, Microsoft.CodeAnalysis.SyntaxList<Microsoft.CodeAnalysis.VisualBasic.Syntax.AccessorBlockSyntax> accessors);
  - lang: fsharp
    values:
    - value: 'static member PropertyBlock : Microsoft.CodeAnalysis.VisualBasic.Syntax.PropertyStatementSyntax * Microsoft.CodeAnalysis.SyntaxList<Microsoft.CodeAnalysis.VisualBasic.Syntax.AccessorBlockSyntax> -> Microsoft.CodeAnalysis.VisualBasic.Syntax.PropertyBlockSyntax'
  - lang: vb
    values:
    - value: Public Shared Function PropertyBlock (propertyStatement As PropertyStatementSyntax, accessors As SyntaxList(Of AccessorBlockSyntax)) As PropertyBlockSyntax
  monikers:
  - roslyn-dotnet
  - roslyn-dotnet-3.0
  - roslyn-dotnet-3.1
  - roslyn-dotnet-3.10.0
  - roslyn-dotnet-3.11.0
  - roslyn-dotnet-3.2
  - roslyn-dotnet-3.2.1
  - roslyn-dotnet-3.3.1
  - roslyn-dotnet-3.4.0
  - roslyn-dotnet-3.5.0
  - roslyn-dotnet-3.6.0
  - roslyn-dotnet-3.7.0
  - roslyn-dotnet-3.8.0
  - roslyn-dotnet-3.9.0
  - roslyn-dotnet-4.0.1
  - roslyn-dotnet-4.1.0
  - roslyn-dotnet-4.2.0
  summary: >-
    Represents a block property declaration: A declaration that has a beginning

    declaration, some get or set accessor blocks and an end statement.
  metadata: {}
uid: Microsoft.CodeAnalysis.VisualBasic.SyntaxFactory.PropertyBlock*
commentId: Overload:Microsoft.CodeAnalysis.VisualBasic.SyntaxFactory.PropertyBlock
namespace: Microsoft.CodeAnalysis.VisualBasic
name: PropertyBlock
fullName: Microsoft.CodeAnalysis.VisualBasic.SyntaxFactory.PropertyBlock
nameWithType: SyntaxFactory.PropertyBlock
assembliesWithMoniker:
- value: Microsoft.CodeAnalysis.VisualBasic.dll
packagesWithMoniker:
- value: Microsoft.CodeAnalysis.VisualBasic v3.0.0
  monikers:
  - roslyn-dotnet-3.0
- value: Microsoft.CodeAnalysis.VisualBasic v3.1.0
  monikers:
  - roslyn-dotnet-3.1
- value: Microsoft.CodeAnalysis.VisualBasic v3.10.0
  monikers:
  - roslyn-dotnet-3.10.0
- value: Microsoft.CodeAnalysis.VisualBasic v3.11.0
  monikers:
  - roslyn-dotnet-3.11.0
- value: Microsoft.CodeAnalysis.VisualBasic v3.2.0
  monikers:
  - roslyn-dotnet-3.2
- value: Microsoft.CodeAnalysis.VisualBasic v3.2.1
  monikers:
  - roslyn-dotnet-3.2.1
- value: Microsoft.CodeAnalysis.VisualBasic v3.3.1
  monikers:
  - roslyn-dotnet-3.3.1
- value: Microsoft.CodeAnalysis.VisualBasic v3.4.0
  monikers:
  - roslyn-dotnet-3.4.0
- value: Microsoft.CodeAnalysis.VisualBasic v3.5.0
  monikers:
  - roslyn-dotnet-3.5.0
- value: Microsoft.CodeAnalysis.VisualBasic v3.6.0
  monikers:
  - roslyn-dotnet-3.6.0
- value: Microsoft.CodeAnalysis.VisualBasic v3.7.0
  monikers:
  - roslyn-dotnet-3.7.0
- value: Microsoft.CodeAnalysis.VisualBasic v3.8.0
  monikers:
  - roslyn-dotnet-3.8.0
- value: Microsoft.CodeAnalysis.VisualBasic v3.9.0
  monikers:
  - roslyn-dotnet-3.9.0
- value: Microsoft.CodeAnalysis.VisualBasic v4.0.1
  monikers:
  - roslyn-dotnet-4.0.1
- value: Microsoft.CodeAnalysis.VisualBasic v4.1.0
  monikers:
  - roslyn-dotnet-4.1.0
- value: Microsoft.CodeAnalysis.VisualBasic v4.2.0
  monikers:
  - roslyn-dotnet-4.2.0
devLangs:
- cpp
- csharp
- vb
- fsharp
monikers:
- roslyn-dotnet
- roslyn-dotnet-3.0
- roslyn-dotnet-3.1
- roslyn-dotnet-3.10.0
- roslyn-dotnet-3.11.0
- roslyn-dotnet-3.2
- roslyn-dotnet-3.2.1
- roslyn-dotnet-3.3.1
- roslyn-dotnet-3.4.0
- roslyn-dotnet-3.5.0
- roslyn-dotnet-3.6.0
- roslyn-dotnet-3.7.0
- roslyn-dotnet-3.8.0
- roslyn-dotnet-3.9.0
- roslyn-dotnet-4.0.1
- roslyn-dotnet-4.1.0
- roslyn-dotnet-4.2.0
metadata:
  api_name:
  - Microsoft.CodeAnalysis.VisualBasic.SyntaxFactory.PropertyBlock
  api_location:
  - Microsoft.CodeAnalysis.VisualBasic.dll
  topic_type:
  - apiref
  api_type:
  - Assembly
  f1_keywords:
  - Microsoft.CodeAnalysis.VisualBasic.SyntaxFactory.PropertyBlock
  - Microsoft::CodeAnalysis::VisualBasic::SyntaxFactory::PropertyBlock
  - PropertyBlock
  - SyntaxFactory.PropertyBlock
  - SyntaxFactory::PropertyBlock
  helpviewer_keywords:
  - SyntaxFactory.PropertyBlock method [.NET]
  - PropertyBlock method [.NET], class SyntaxFactory
  - SyntaxFactory.PropertyBlock(PropertyStatementSyntax, SyntaxList<AccessorBlockSyntax>, EndBlockStatementSyntax) method [.NET]
  - PropertyBlock(PropertyStatementSyntax, SyntaxList<AccessorBlockSyntax>, EndBlockStatementSyntax) method [.NET], class SyntaxFactory
  - SyntaxFactory.PropertyBlock(PropertyStatementSyntax, SyntaxList<AccessorBlockSyntax>) method [.NET]
  - PropertyBlock(PropertyStatementSyntax, SyntaxList<AccessorBlockSyntax>) method [.NET], class SyntaxFactory
  monikers:
  - roslyn-dotnet
  - roslyn-dotnet-3.0
  - roslyn-dotnet-3.1
  - roslyn-dotnet-3.10.0
  - roslyn-dotnet-3.11.0
  - roslyn-dotnet-3.2
  - roslyn-dotnet-3.2.1
  - roslyn-dotnet-3.3.1
  - roslyn-dotnet-3.4.0
  - roslyn-dotnet-3.5.0
  - roslyn-dotnet-3.6.0
  - roslyn-dotnet-3.7.0
  - roslyn-dotnet-3.8.0
  - roslyn-dotnet-3.9.0
  - roslyn-dotnet-4.0.1
  - roslyn-dotnet-4.1.0
  - roslyn-dotnet-4.2.0
