### YamlMime:NetMember
type: method
members:
- parameters:
  - namesWithMoniker:
    - value: node
    type: <xref href="Microsoft.CodeAnalysis.VisualBasic.Syntax.PropertyBlockSyntax?alt=Microsoft.CodeAnalysis.VisualBasic.Syntax.PropertyBlockSyntax&text=PropertyBlockSyntax" data-throw-if-not-resolved="True"/>
  type: method
  uid: Microsoft.CodeAnalysis.VisualBasic.VisualBasicSyntaxVisitor.VisitPropertyBlock(Microsoft.CodeAnalysis.VisualBasic.Syntax.PropertyBlockSyntax)
  commentId: M:Microsoft.CodeAnalysis.VisualBasic.VisualBasicSyntaxVisitor.VisitPropertyBlock(Microsoft.CodeAnalysis.VisualBasic.Syntax.PropertyBlockSyntax)
  name: VisitPropertyBlock(PropertyBlockSyntax)
  fullName: Microsoft.CodeAnalysis.VisualBasic.VisualBasicSyntaxVisitor.VisitPropertyBlock(PropertyBlockSyntax)
  nameWithType: VisualBasicSyntaxVisitor.VisitPropertyBlock(PropertyBlockSyntax)
  syntaxWithMoniker:
  - lang: cpp
    values:
    - value: >-
        public:
         virtual void VisitPropertyBlock(Microsoft::CodeAnalysis::VisualBasic::Syntax::PropertyBlockSyntax ^ node);
  - lang: csharp
    values:
    - value: public virtual void VisitPropertyBlock (Microsoft.CodeAnalysis.VisualBasic.Syntax.PropertyBlockSyntax node);
  - lang: fsharp
    values:
    - value: >-
        abstract member VisitPropertyBlock : Microsoft.CodeAnalysis.VisualBasic.Syntax.PropertyBlockSyntax -> unit

        override this.VisitPropertyBlock : Microsoft.CodeAnalysis.VisualBasic.Syntax.PropertyBlockSyntax -> unit
  - lang: vb
    values:
    - value: Public Overridable Sub VisitPropertyBlock (node As PropertyBlockSyntax)
  monikers:
  - roslyn-dotnet
  - roslyn-dotnet-3.0
  - roslyn-dotnet-3.1
  - roslyn-dotnet-3.10.0
  - roslyn-dotnet-3.11.0
  - roslyn-dotnet-3.2
  - roslyn-dotnet-3.2.1
  - roslyn-dotnet-3.3.1
  - roslyn-dotnet-3.4.0
  - roslyn-dotnet-3.5.0
  - roslyn-dotnet-3.6.0
  - roslyn-dotnet-3.7.0
  - roslyn-dotnet-3.8.0
  - roslyn-dotnet-3.9.0
  - roslyn-dotnet-4.0.1
  - roslyn-dotnet-4.1.0
  - roslyn-dotnet-4.2.0
  metadata: {}
uid: Microsoft.CodeAnalysis.VisualBasic.VisualBasicSyntaxVisitor.VisitPropertyBlock*
commentId: Overload:Microsoft.CodeAnalysis.VisualBasic.VisualBasicSyntaxVisitor.VisitPropertyBlock
namespace: Microsoft.CodeAnalysis.VisualBasic
name: VisitPropertyBlock
fullName: Microsoft.CodeAnalysis.VisualBasic.VisualBasicSyntaxVisitor.VisitPropertyBlock
nameWithType: VisualBasicSyntaxVisitor.VisitPropertyBlock
assembliesWithMoniker:
- value: Microsoft.CodeAnalysis.VisualBasic.dll
packagesWithMoniker:
- value: Microsoft.CodeAnalysis.VisualBasic v3.0.0
  monikers:
  - roslyn-dotnet-3.0
- value: Microsoft.CodeAnalysis.VisualBasic v3.1.0
  monikers:
  - roslyn-dotnet-3.1
- value: Microsoft.CodeAnalysis.VisualBasic v3.10.0
  monikers:
  - roslyn-dotnet-3.10.0
- value: Microsoft.CodeAnalysis.VisualBasic v3.11.0
  monikers:
  - roslyn-dotnet-3.11.0
- value: Microsoft.CodeAnalysis.VisualBasic v3.2.0
  monikers:
  - roslyn-dotnet-3.2
- value: Microsoft.CodeAnalysis.VisualBasic v3.2.1
  monikers:
  - roslyn-dotnet-3.2.1
- value: Microsoft.CodeAnalysis.VisualBasic v3.3.1
  monikers:
  - roslyn-dotnet-3.3.1
- value: Microsoft.CodeAnalysis.VisualBasic v3.4.0
  monikers:
  - roslyn-dotnet-3.4.0
- value: Microsoft.CodeAnalysis.VisualBasic v3.5.0
  monikers:
  - roslyn-dotnet-3.5.0
- value: Microsoft.CodeAnalysis.VisualBasic v3.6.0
  monikers:
  - roslyn-dotnet-3.6.0
- value: Microsoft.CodeAnalysis.VisualBasic v3.7.0
  monikers:
  - roslyn-dotnet-3.7.0
- value: Microsoft.CodeAnalysis.VisualBasic v3.8.0
  monikers:
  - roslyn-dotnet-3.8.0
- value: Microsoft.CodeAnalysis.VisualBasic v3.9.0
  monikers:
  - roslyn-dotnet-3.9.0
- value: Microsoft.CodeAnalysis.VisualBasic v4.0.1
  monikers:
  - roslyn-dotnet-4.0.1
- value: Microsoft.CodeAnalysis.VisualBasic v4.1.0
  monikers:
  - roslyn-dotnet-4.1.0
- value: Microsoft.CodeAnalysis.VisualBasic v4.2.0
  monikers:
  - roslyn-dotnet-4.2.0
devLangs:
- cpp
- csharp
- vb
- fsharp
monikers:
- roslyn-dotnet
- roslyn-dotnet-3.0
- roslyn-dotnet-3.1
- roslyn-dotnet-3.10.0
- roslyn-dotnet-3.11.0
- roslyn-dotnet-3.2
- roslyn-dotnet-3.2.1
- roslyn-dotnet-3.3.1
- roslyn-dotnet-3.4.0
- roslyn-dotnet-3.5.0
- roslyn-dotnet-3.6.0
- roslyn-dotnet-3.7.0
- roslyn-dotnet-3.8.0
- roslyn-dotnet-3.9.0
- roslyn-dotnet-4.0.1
- roslyn-dotnet-4.1.0
- roslyn-dotnet-4.2.0
metadata:
  api_name:
  - Microsoft.CodeAnalysis.VisualBasic.VisualBasicSyntaxVisitor.VisitPropertyBlock
  api_location:
  - Microsoft.CodeAnalysis.VisualBasic.dll
  topic_type:
  - apiref
  api_type:
  - Assembly
  f1_keywords:
  - Microsoft.CodeAnalysis.VisualBasic.VisualBasicSyntaxVisitor.VisitPropertyBlock
  - Microsoft::CodeAnalysis::VisualBasic::VisualBasicSyntaxVisitor::VisitPropertyBlock
  - VisitPropertyBlock
  - VisualBasicSyntaxVisitor.VisitPropertyBlock
  - VisualBasicSyntaxVisitor::VisitPropertyBlock
  helpviewer_keywords:
  - VisualBasicSyntaxVisitor.VisitPropertyBlock method [.NET]
  - VisitPropertyBlock method [.NET], class VisualBasicSyntaxVisitor
  - VisualBasicSyntaxVisitor.VisitPropertyBlock(PropertyBlockSyntax) method [.NET]
  - VisitPropertyBlock(PropertyBlockSyntax) method [.NET], class VisualBasicSyntaxVisitor
  monikers:
  - roslyn-dotnet
  - roslyn-dotnet-3.0
  - roslyn-dotnet-3.1
  - roslyn-dotnet-3.10.0
  - roslyn-dotnet-3.11.0
  - roslyn-dotnet-3.2
  - roslyn-dotnet-3.2.1
  - roslyn-dotnet-3.3.1
  - roslyn-dotnet-3.4.0
  - roslyn-dotnet-3.5.0
  - roslyn-dotnet-3.6.0
  - roslyn-dotnet-3.7.0
  - roslyn-dotnet-3.8.0
  - roslyn-dotnet-3.9.0
  - roslyn-dotnet-4.0.1
  - roslyn-dotnet-4.1.0
  - roslyn-dotnet-4.2.0
