### YamlMime:NetMember
type: method
members:
- returnsWithMoniker:
    type:
    - value: <xref href="Microsoft.CodeAnalysis.VisualBasic.Syntax.ElseBlockSyntax?alt=Microsoft.CodeAnalysis.VisualBasic.Syntax.ElseBlockSyntax&text=ElseBlockSyntax" data-throw-if-not-resolved="True"/>
  type: method
  uid: Microsoft.CodeAnalysis.VisualBasic.SyntaxFactory.ElseBlock
  commentId: M:Microsoft.CodeAnalysis.VisualBasic.SyntaxFactory.ElseBlock
  name: ElseBlock()
  fullName: Microsoft.CodeAnalysis.VisualBasic.SyntaxFactory.ElseBlock()
  nameWithType: SyntaxFactory.ElseBlock()
  syntaxWithMoniker:
  - lang: cpp
    values:
    - value: >-
        public:
         static Microsoft::CodeAnalysis::VisualBasic::Syntax::ElseBlockSyntax ^ ElseBlock();
  - lang: csharp
    values:
    - value: public static Microsoft.CodeAnalysis.VisualBasic.Syntax.ElseBlockSyntax ElseBlock ();
  - lang: fsharp
    values:
    - value: 'static member ElseBlock : unit -> Microsoft.CodeAnalysis.VisualBasic.Syntax.ElseBlockSyntax'
  - lang: vb
    values:
    - value: Public Shared Function ElseBlock () As ElseBlockSyntax
  monikers:
  - roslyn-dotnet
  - roslyn-dotnet-3.0
  - roslyn-dotnet-3.1
  - roslyn-dotnet-3.10.0
  - roslyn-dotnet-3.11.0
  - roslyn-dotnet-3.2
  - roslyn-dotnet-3.2.1
  - roslyn-dotnet-3.3.1
  - roslyn-dotnet-3.4.0
  - roslyn-dotnet-3.5.0
  - roslyn-dotnet-3.6.0
  - roslyn-dotnet-3.7.0
  - roslyn-dotnet-3.8.0
  - roslyn-dotnet-3.9.0
  - roslyn-dotnet-4.0.1
  - roslyn-dotnet-4.1.0
  - roslyn-dotnet-4.2.0
  summary: Represents an "Else ..." block.
  metadata: {}
- returnsWithMoniker:
    type:
    - value: <xref href="Microsoft.CodeAnalysis.VisualBasic.Syntax.ElseBlockSyntax?alt=Microsoft.CodeAnalysis.VisualBasic.Syntax.ElseBlockSyntax&text=ElseBlockSyntax" data-throw-if-not-resolved="True"/>
  parameters:
  - namesWithMoniker:
    - value: statements
    description: A list of statements to be executed.
    type: <xref href="Microsoft.CodeAnalysis.SyntaxList`1?alt=Microsoft.CodeAnalysis.SyntaxList&text=SyntaxList" data-throw-if-not-resolved="True"/>&lt;<xref href="Microsoft.CodeAnalysis.VisualBasic.Syntax.StatementSyntax?alt=Microsoft.CodeAnalysis.VisualBasic.Syntax.StatementSyntax&text=StatementSyntax" data-throw-if-not-resolved="True"/>&gt;
  type: method
  uid: Microsoft.CodeAnalysis.VisualBasic.SyntaxFactory.ElseBlock(Microsoft.CodeAnalysis.SyntaxList{Microsoft.CodeAnalysis.VisualBasic.Syntax.StatementSyntax})
  commentId: M:Microsoft.CodeAnalysis.VisualBasic.SyntaxFactory.ElseBlock(Microsoft.CodeAnalysis.SyntaxList{Microsoft.CodeAnalysis.VisualBasic.Syntax.StatementSyntax})
  name: ElseBlock(SyntaxList<StatementSyntax>)
  fullName: Microsoft.CodeAnalysis.VisualBasic.SyntaxFactory.ElseBlock(SyntaxList<StatementSyntax>)
  nameWithType: SyntaxFactory.ElseBlock(SyntaxList<StatementSyntax>)
  syntaxWithMoniker:
  - lang: cpp
    values:
    - value: >-
        public:
         static Microsoft::CodeAnalysis::VisualBasic::Syntax::ElseBlockSyntax ^ ElseBlock(Microsoft::CodeAnalysis::SyntaxList<Microsoft::CodeAnalysis::VisualBasic::Syntax::StatementSyntax ^> statements);
  - lang: csharp
    values:
    - value: public static Microsoft.CodeAnalysis.VisualBasic.Syntax.ElseBlockSyntax ElseBlock (Microsoft.CodeAnalysis.SyntaxList<Microsoft.CodeAnalysis.VisualBasic.Syntax.StatementSyntax> statements);
  - lang: fsharp
    values:
    - value: 'static member ElseBlock : Microsoft.CodeAnalysis.SyntaxList<Microsoft.CodeAnalysis.VisualBasic.Syntax.StatementSyntax> -> Microsoft.CodeAnalysis.VisualBasic.Syntax.ElseBlockSyntax'
  - lang: vb
    values:
    - value: Public Shared Function ElseBlock (statements As SyntaxList(Of StatementSyntax)) As ElseBlockSyntax
  monikers:
  - roslyn-dotnet
  - roslyn-dotnet-3.0
  - roslyn-dotnet-3.1
  - roslyn-dotnet-3.10.0
  - roslyn-dotnet-3.11.0
  - roslyn-dotnet-3.2
  - roslyn-dotnet-3.2.1
  - roslyn-dotnet-3.3.1
  - roslyn-dotnet-3.4.0
  - roslyn-dotnet-3.5.0
  - roslyn-dotnet-3.6.0
  - roslyn-dotnet-3.7.0
  - roslyn-dotnet-3.8.0
  - roslyn-dotnet-3.9.0
  - roslyn-dotnet-4.0.1
  - roslyn-dotnet-4.1.0
  - roslyn-dotnet-4.2.0
  summary: Represents an "Else ..." block.
  metadata: {}
- returnsWithMoniker:
    type:
    - value: <xref href="Microsoft.CodeAnalysis.VisualBasic.Syntax.ElseBlockSyntax?alt=Microsoft.CodeAnalysis.VisualBasic.Syntax.ElseBlockSyntax&text=ElseBlockSyntax" data-throw-if-not-resolved="True"/>
  parameters:
  - namesWithMoniker:
    - value: elseStatement
    description: The "Else" statement that begins the "Else" block.
    type: <xref href="Microsoft.CodeAnalysis.VisualBasic.Syntax.ElseStatementSyntax?alt=Microsoft.CodeAnalysis.VisualBasic.Syntax.ElseStatementSyntax&text=ElseStatementSyntax" data-throw-if-not-resolved="True"/>
  - namesWithMoniker:
    - value: statements
    description: A list of statements to be executed.
    type: <xref href="Microsoft.CodeAnalysis.SyntaxList`1?alt=Microsoft.CodeAnalysis.SyntaxList&text=SyntaxList" data-throw-if-not-resolved="True"/>&lt;<xref href="Microsoft.CodeAnalysis.VisualBasic.Syntax.StatementSyntax?alt=Microsoft.CodeAnalysis.VisualBasic.Syntax.StatementSyntax&text=StatementSyntax" data-throw-if-not-resolved="True"/>&gt;
  type: method
  uid: Microsoft.CodeAnalysis.VisualBasic.SyntaxFactory.ElseBlock(Microsoft.CodeAnalysis.VisualBasic.Syntax.ElseStatementSyntax,Microsoft.CodeAnalysis.SyntaxList{Microsoft.CodeAnalysis.VisualBasic.Syntax.StatementSyntax})
  commentId: M:Microsoft.CodeAnalysis.VisualBasic.SyntaxFactory.ElseBlock(Microsoft.CodeAnalysis.VisualBasic.Syntax.ElseStatementSyntax,Microsoft.CodeAnalysis.SyntaxList{Microsoft.CodeAnalysis.VisualBasic.Syntax.StatementSyntax})
  name: ElseBlock(ElseStatementSyntax, SyntaxList<StatementSyntax>)
  fullName: Microsoft.CodeAnalysis.VisualBasic.SyntaxFactory.ElseBlock(ElseStatementSyntax, SyntaxList<StatementSyntax>)
  nameWithType: SyntaxFactory.ElseBlock(ElseStatementSyntax, SyntaxList<StatementSyntax>)
  syntaxWithMoniker:
  - lang: cpp
    values:
    - value: >-
        public:
         static Microsoft::CodeAnalysis::VisualBasic::Syntax::ElseBlockSyntax ^ ElseBlock(Microsoft::CodeAnalysis::VisualBasic::Syntax::ElseStatementSyntax ^ elseStatement, Microsoft::CodeAnalysis::SyntaxList<Microsoft::CodeAnalysis::VisualBasic::Syntax::StatementSyntax ^> statements);
  - lang: csharp
    values:
    - value: public static Microsoft.CodeAnalysis.VisualBasic.Syntax.ElseBlockSyntax ElseBlock (Microsoft.CodeAnalysis.VisualBasic.Syntax.ElseStatementSyntax elseStatement, Microsoft.CodeAnalysis.SyntaxList<Microsoft.CodeAnalysis.VisualBasic.Syntax.StatementSyntax> statements);
  - lang: fsharp
    values:
    - value: 'static member ElseBlock : Microsoft.CodeAnalysis.VisualBasic.Syntax.ElseStatementSyntax * Microsoft.CodeAnalysis.SyntaxList<Microsoft.CodeAnalysis.VisualBasic.Syntax.StatementSyntax> -> Microsoft.CodeAnalysis.VisualBasic.Syntax.ElseBlockSyntax'
  - lang: vb
    values:
    - value: Public Shared Function ElseBlock (elseStatement As ElseStatementSyntax, statements As SyntaxList(Of StatementSyntax)) As ElseBlockSyntax
  monikers:
  - roslyn-dotnet
  - roslyn-dotnet-3.0
  - roslyn-dotnet-3.1
  - roslyn-dotnet-3.10.0
  - roslyn-dotnet-3.11.0
  - roslyn-dotnet-3.2
  - roslyn-dotnet-3.2.1
  - roslyn-dotnet-3.3.1
  - roslyn-dotnet-3.4.0
  - roslyn-dotnet-3.5.0
  - roslyn-dotnet-3.6.0
  - roslyn-dotnet-3.7.0
  - roslyn-dotnet-3.8.0
  - roslyn-dotnet-3.9.0
  - roslyn-dotnet-4.0.1
  - roslyn-dotnet-4.1.0
  - roslyn-dotnet-4.2.0
  summary: Represents an "Else ..." block.
  metadata: {}
uid: Microsoft.CodeAnalysis.VisualBasic.SyntaxFactory.ElseBlock*
commentId: Overload:Microsoft.CodeAnalysis.VisualBasic.SyntaxFactory.ElseBlock
namespace: Microsoft.CodeAnalysis.VisualBasic
name: ElseBlock
fullName: Microsoft.CodeAnalysis.VisualBasic.SyntaxFactory.ElseBlock
nameWithType: SyntaxFactory.ElseBlock
assembliesWithMoniker:
- value: Microsoft.CodeAnalysis.VisualBasic.dll
packagesWithMoniker:
- value: Microsoft.CodeAnalysis.VisualBasic v3.0.0
  monikers:
  - roslyn-dotnet-3.0
- value: Microsoft.CodeAnalysis.VisualBasic v3.1.0
  monikers:
  - roslyn-dotnet-3.1
- value: Microsoft.CodeAnalysis.VisualBasic v3.10.0
  monikers:
  - roslyn-dotnet-3.10.0
- value: Microsoft.CodeAnalysis.VisualBasic v3.11.0
  monikers:
  - roslyn-dotnet-3.11.0
- value: Microsoft.CodeAnalysis.VisualBasic v3.2.0
  monikers:
  - roslyn-dotnet-3.2
- value: Microsoft.CodeAnalysis.VisualBasic v3.2.1
  monikers:
  - roslyn-dotnet-3.2.1
- value: Microsoft.CodeAnalysis.VisualBasic v3.3.1
  monikers:
  - roslyn-dotnet-3.3.1
- value: Microsoft.CodeAnalysis.VisualBasic v3.4.0
  monikers:
  - roslyn-dotnet-3.4.0
- value: Microsoft.CodeAnalysis.VisualBasic v3.5.0
  monikers:
  - roslyn-dotnet-3.5.0
- value: Microsoft.CodeAnalysis.VisualBasic v3.6.0
  monikers:
  - roslyn-dotnet-3.6.0
- value: Microsoft.CodeAnalysis.VisualBasic v3.7.0
  monikers:
  - roslyn-dotnet-3.7.0
- value: Microsoft.CodeAnalysis.VisualBasic v3.8.0
  monikers:
  - roslyn-dotnet-3.8.0
- value: Microsoft.CodeAnalysis.VisualBasic v3.9.0
  monikers:
  - roslyn-dotnet-3.9.0
- value: Microsoft.CodeAnalysis.VisualBasic v4.0.1
  monikers:
  - roslyn-dotnet-4.0.1
- value: Microsoft.CodeAnalysis.VisualBasic v4.1.0
  monikers:
  - roslyn-dotnet-4.1.0
- value: Microsoft.CodeAnalysis.VisualBasic v4.2.0
  monikers:
  - roslyn-dotnet-4.2.0
devLangs:
- cpp
- csharp
- vb
- fsharp
monikers:
- roslyn-dotnet
- roslyn-dotnet-3.0
- roslyn-dotnet-3.1
- roslyn-dotnet-3.10.0
- roslyn-dotnet-3.11.0
- roslyn-dotnet-3.2
- roslyn-dotnet-3.2.1
- roslyn-dotnet-3.3.1
- roslyn-dotnet-3.4.0
- roslyn-dotnet-3.5.0
- roslyn-dotnet-3.6.0
- roslyn-dotnet-3.7.0
- roslyn-dotnet-3.8.0
- roslyn-dotnet-3.9.0
- roslyn-dotnet-4.0.1
- roslyn-dotnet-4.1.0
- roslyn-dotnet-4.2.0
metadata:
  api_name:
  - Microsoft.CodeAnalysis.VisualBasic.SyntaxFactory.ElseBlock
  api_location:
  - Microsoft.CodeAnalysis.VisualBasic.dll
  topic_type:
  - apiref
  api_type:
  - Assembly
  f1_keywords:
  - Microsoft.CodeAnalysis.VisualBasic.SyntaxFactory.ElseBlock
  - Microsoft::CodeAnalysis::VisualBasic::SyntaxFactory::ElseBlock
  - ElseBlock
  - SyntaxFactory.ElseBlock
  - SyntaxFactory::ElseBlock
  helpviewer_keywords:
  - SyntaxFactory.ElseBlock method [.NET]
  - ElseBlock method [.NET], class SyntaxFactory
  - SyntaxFactory.ElseBlock() method [.NET]
  - ElseBlock() method [.NET], class SyntaxFactory
  - SyntaxFactory.ElseBlock(SyntaxList<StatementSyntax>) method [.NET]
  - ElseBlock(SyntaxList<StatementSyntax>) method [.NET], class SyntaxFactory
  - SyntaxFactory.ElseBlock(ElseStatementSyntax, SyntaxList<StatementSyntax>) method [.NET]
  - ElseBlock(ElseStatementSyntax, SyntaxList<StatementSyntax>) method [.NET], class SyntaxFactory
  monikers:
  - roslyn-dotnet
  - roslyn-dotnet-3.0
  - roslyn-dotnet-3.1
  - roslyn-dotnet-3.10.0
  - roslyn-dotnet-3.11.0
  - roslyn-dotnet-3.2
  - roslyn-dotnet-3.2.1
  - roslyn-dotnet-3.3.1
  - roslyn-dotnet-3.4.0
  - roslyn-dotnet-3.5.0
  - roslyn-dotnet-3.6.0
  - roslyn-dotnet-3.7.0
  - roslyn-dotnet-3.8.0
  - roslyn-dotnet-3.9.0
  - roslyn-dotnet-4.0.1
  - roslyn-dotnet-4.1.0
  - roslyn-dotnet-4.2.0
