### YamlMime:NetMember
type: method
members:
- returnsWithMoniker:
    type:
    - value: <xref href="Microsoft.CodeAnalysis.SyntaxNode?alt=Microsoft.CodeAnalysis.SyntaxNode&text=SyntaxNode" data-throw-if-not-resolved="True"/>
  parameters:
  - namesWithMoniker:
    - value: node
    type: <xref href="Microsoft.CodeAnalysis.VisualBasic.Syntax.UsingBlockSyntax?alt=Microsoft.CodeAnalysis.VisualBasic.Syntax.UsingBlockSyntax&text=UsingBlockSyntax" data-throw-if-not-resolved="True"/>
  type: method
  uid: Microsoft.CodeAnalysis.VisualBasic.VisualBasicSyntaxRewriter.VisitUsingBlock(Microsoft.CodeAnalysis.VisualBasic.Syntax.UsingBlockSyntax)
  commentId: M:Microsoft.CodeAnalysis.VisualBasic.VisualBasicSyntaxRewriter.VisitUsingBlock(Microsoft.CodeAnalysis.VisualBasic.Syntax.UsingBlockSyntax)
  name: VisitUsingBlock(UsingBlockSyntax)
  fullName: Microsoft.CodeAnalysis.VisualBasic.VisualBasicSyntaxRewriter.VisitUsingBlock(UsingBlockSyntax)
  nameWithType: VisualBasicSyntaxRewriter.VisitUsingBlock(UsingBlockSyntax)
  syntaxWithMoniker:
  - lang: cpp
    values:
    - value: >-
        public:
         override Microsoft::CodeAnalysis::SyntaxNode ^ VisitUsingBlock(Microsoft::CodeAnalysis::VisualBasic::Syntax::UsingBlockSyntax ^ node);
  - lang: csharp
    values:
    - value: public override Microsoft.CodeAnalysis.SyntaxNode VisitUsingBlock (Microsoft.CodeAnalysis.VisualBasic.Syntax.UsingBlockSyntax node);
  - lang: fsharp
    values:
    - value: 'override this.VisitUsingBlock : Microsoft.CodeAnalysis.VisualBasic.Syntax.UsingBlockSyntax -> Microsoft.CodeAnalysis.SyntaxNode'
  - lang: vb
    values:
    - value: Public Overrides Function VisitUsingBlock (node As UsingBlockSyntax) As SyntaxNode
  monikers:
  - roslyn-dotnet
  - roslyn-dotnet-3.0
  - roslyn-dotnet-3.1
  - roslyn-dotnet-3.10.0
  - roslyn-dotnet-3.11.0
  - roslyn-dotnet-3.2
  - roslyn-dotnet-3.2.1
  - roslyn-dotnet-3.3.1
  - roslyn-dotnet-3.4.0
  - roslyn-dotnet-3.5.0
  - roslyn-dotnet-3.6.0
  - roslyn-dotnet-3.7.0
  - roslyn-dotnet-3.8.0
  - roslyn-dotnet-3.9.0
  - roslyn-dotnet-4.0.1
  - roslyn-dotnet-4.1.0
  - roslyn-dotnet-4.2.0
  metadata: {}
uid: Microsoft.CodeAnalysis.VisualBasic.VisualBasicSyntaxRewriter.VisitUsingBlock*
commentId: Overload:Microsoft.CodeAnalysis.VisualBasic.VisualBasicSyntaxRewriter.VisitUsingBlock
namespace: Microsoft.CodeAnalysis.VisualBasic
name: VisitUsingBlock
fullName: Microsoft.CodeAnalysis.VisualBasic.VisualBasicSyntaxRewriter.VisitUsingBlock
nameWithType: VisualBasicSyntaxRewriter.VisitUsingBlock
assembliesWithMoniker:
- value: Microsoft.CodeAnalysis.VisualBasic.dll
packagesWithMoniker:
- value: Microsoft.CodeAnalysis.VisualBasic v3.0.0
  monikers:
  - roslyn-dotnet-3.0
- value: Microsoft.CodeAnalysis.VisualBasic v3.1.0
  monikers:
  - roslyn-dotnet-3.1
- value: Microsoft.CodeAnalysis.VisualBasic v3.10.0
  monikers:
  - roslyn-dotnet-3.10.0
- value: Microsoft.CodeAnalysis.VisualBasic v3.11.0
  monikers:
  - roslyn-dotnet-3.11.0
- value: Microsoft.CodeAnalysis.VisualBasic v3.2.0
  monikers:
  - roslyn-dotnet-3.2
- value: Microsoft.CodeAnalysis.VisualBasic v3.2.1
  monikers:
  - roslyn-dotnet-3.2.1
- value: Microsoft.CodeAnalysis.VisualBasic v3.3.1
  monikers:
  - roslyn-dotnet-3.3.1
- value: Microsoft.CodeAnalysis.VisualBasic v3.4.0
  monikers:
  - roslyn-dotnet-3.4.0
- value: Microsoft.CodeAnalysis.VisualBasic v3.5.0
  monikers:
  - roslyn-dotnet-3.5.0
- value: Microsoft.CodeAnalysis.VisualBasic v3.6.0
  monikers:
  - roslyn-dotnet-3.6.0
- value: Microsoft.CodeAnalysis.VisualBasic v3.7.0
  monikers:
  - roslyn-dotnet-3.7.0
- value: Microsoft.CodeAnalysis.VisualBasic v3.8.0
  monikers:
  - roslyn-dotnet-3.8.0
- value: Microsoft.CodeAnalysis.VisualBasic v3.9.0
  monikers:
  - roslyn-dotnet-3.9.0
- value: Microsoft.CodeAnalysis.VisualBasic v4.0.1
  monikers:
  - roslyn-dotnet-4.0.1
- value: Microsoft.CodeAnalysis.VisualBasic v4.1.0
  monikers:
  - roslyn-dotnet-4.1.0
- value: Microsoft.CodeAnalysis.VisualBasic v4.2.0
  monikers:
  - roslyn-dotnet-4.2.0
devLangs:
- cpp
- csharp
- vb
- fsharp
monikers:
- roslyn-dotnet
- roslyn-dotnet-3.0
- roslyn-dotnet-3.1
- roslyn-dotnet-3.10.0
- roslyn-dotnet-3.11.0
- roslyn-dotnet-3.2
- roslyn-dotnet-3.2.1
- roslyn-dotnet-3.3.1
- roslyn-dotnet-3.4.0
- roslyn-dotnet-3.5.0
- roslyn-dotnet-3.6.0
- roslyn-dotnet-3.7.0
- roslyn-dotnet-3.8.0
- roslyn-dotnet-3.9.0
- roslyn-dotnet-4.0.1
- roslyn-dotnet-4.1.0
- roslyn-dotnet-4.2.0
metadata:
  api_name:
  - Microsoft.CodeAnalysis.VisualBasic.VisualBasicSyntaxRewriter.VisitUsingBlock
  api_location:
  - Microsoft.CodeAnalysis.VisualBasic.dll
  topic_type:
  - apiref
  api_type:
  - Assembly
  f1_keywords:
  - Microsoft.CodeAnalysis.VisualBasic.VisualBasicSyntaxRewriter.VisitUsingBlock
  - Microsoft::CodeAnalysis::VisualBasic::VisualBasicSyntaxRewriter::VisitUsingBlock
  - VisitUsingBlock
  - VisualBasicSyntaxRewriter.VisitUsingBlock
  - VisualBasicSyntaxRewriter::VisitUsingBlock
  helpviewer_keywords:
  - VisualBasicSyntaxRewriter.VisitUsingBlock method [.NET]
  - VisitUsingBlock method [.NET], class VisualBasicSyntaxRewriter
  - VisualBasicSyntaxRewriter.VisitUsingBlock(UsingBlockSyntax) method [.NET]
  - VisitUsingBlock(UsingBlockSyntax) method [.NET], class VisualBasicSyntaxRewriter
  monikers:
  - roslyn-dotnet
  - roslyn-dotnet-3.0
  - roslyn-dotnet-3.1
  - roslyn-dotnet-3.10.0
  - roslyn-dotnet-3.11.0
  - roslyn-dotnet-3.2
  - roslyn-dotnet-3.2.1
  - roslyn-dotnet-3.3.1
  - roslyn-dotnet-3.4.0
  - roslyn-dotnet-3.5.0
  - roslyn-dotnet-3.6.0
  - roslyn-dotnet-3.7.0
  - roslyn-dotnet-3.8.0
  - roslyn-dotnet-3.9.0
  - roslyn-dotnet-4.0.1
  - roslyn-dotnet-4.1.0
  - roslyn-dotnet-4.2.0
