### YamlMime:NetMember
type: method
members:
- returnsWithMoniker:
    type:
    - value: <xref href="Microsoft.CodeAnalysis.VisualBasic.Syntax.TryBlockSyntax?alt=Microsoft.CodeAnalysis.VisualBasic.Syntax.TryBlockSyntax&text=TryBlockSyntax" data-throw-if-not-resolved="True"/>
  parameters:
  - namesWithMoniker:
    - value: tryStatement
    description: The "Try" statement that begins the "Try" block.
    type: <xref href="Microsoft.CodeAnalysis.VisualBasic.Syntax.TryStatementSyntax?alt=Microsoft.CodeAnalysis.VisualBasic.Syntax.TryStatementSyntax&text=TryStatementSyntax" data-throw-if-not-resolved="True"/>
  - namesWithMoniker:
    - value: statements
    description: A list of statements to be executed.
    type: <xref href="Microsoft.CodeAnalysis.SyntaxList`1?alt=Microsoft.CodeAnalysis.SyntaxList&text=SyntaxList" data-throw-if-not-resolved="True"/>&lt;<xref href="Microsoft.CodeAnalysis.VisualBasic.Syntax.StatementSyntax?alt=Microsoft.CodeAnalysis.VisualBasic.Syntax.StatementSyntax&text=StatementSyntax" data-throw-if-not-resolved="True"/>&gt;
  - namesWithMoniker:
    - value: catchBlocks
    description: >-
      A list of "Catch" blocks which may be executed if an exception is thrown while

      executing the statements in the "Try" block.
    type: <xref href="Microsoft.CodeAnalysis.SyntaxList`1?alt=Microsoft.CodeAnalysis.SyntaxList&text=SyntaxList" data-throw-if-not-resolved="True"/>&lt;<xref href="Microsoft.CodeAnalysis.VisualBasic.Syntax.CatchBlockSyntax?alt=Microsoft.CodeAnalysis.VisualBasic.Syntax.CatchBlockSyntax&text=CatchBlockSyntax" data-throw-if-not-resolved="True"/>&gt;
  - namesWithMoniker:
    - value: finallyBlock
    description: A "Finally" block to be executed before execution leaves the "Try" block.
    type: <xref href="Microsoft.CodeAnalysis.VisualBasic.Syntax.FinallyBlockSyntax?alt=Microsoft.CodeAnalysis.VisualBasic.Syntax.FinallyBlockSyntax&text=FinallyBlockSyntax" data-throw-if-not-resolved="True"/>
  - namesWithMoniker:
    - value: endTryStatement
    description: The "End Try" statement.
    type: <xref href="Microsoft.CodeAnalysis.VisualBasic.Syntax.EndBlockStatementSyntax?alt=Microsoft.CodeAnalysis.VisualBasic.Syntax.EndBlockStatementSyntax&text=EndBlockStatementSyntax" data-throw-if-not-resolved="True"/>
  type: method
  uid: Microsoft.CodeAnalysis.VisualBasic.SyntaxFactory.TryBlock(Microsoft.CodeAnalysis.VisualBasic.Syntax.TryStatementSyntax,Microsoft.CodeAnalysis.SyntaxList{Microsoft.CodeAnalysis.VisualBasic.Syntax.StatementSyntax},Microsoft.CodeAnalysis.SyntaxList{Microsoft.CodeAnalysis.VisualBasic.Syntax.CatchBlockSyntax},Microsoft.CodeAnalysis.VisualBasic.Syntax.FinallyBlockSyntax,Microsoft.CodeAnalysis.VisualBasic.Syntax.EndBlockStatementSyntax)
  commentId: M:Microsoft.CodeAnalysis.VisualBasic.SyntaxFactory.TryBlock(Microsoft.CodeAnalysis.VisualBasic.Syntax.TryStatementSyntax,Microsoft.CodeAnalysis.SyntaxList{Microsoft.CodeAnalysis.VisualBasic.Syntax.StatementSyntax},Microsoft.CodeAnalysis.SyntaxList{Microsoft.CodeAnalysis.VisualBasic.Syntax.CatchBlockSyntax},Microsoft.CodeAnalysis.VisualBasic.Syntax.FinallyBlockSyntax,Microsoft.CodeAnalysis.VisualBasic.Syntax.EndBlockStatementSyntax)
  name: TryBlock(TryStatementSyntax, SyntaxList<StatementSyntax>, SyntaxList<CatchBlockSyntax>, FinallyBlockSyntax, EndBlockStatementSyntax)
  fullName: Microsoft.CodeAnalysis.VisualBasic.SyntaxFactory.TryBlock(TryStatementSyntax, SyntaxList<StatementSyntax>, SyntaxList<CatchBlockSyntax>, FinallyBlockSyntax, EndBlockStatementSyntax)
  nameWithType: SyntaxFactory.TryBlock(TryStatementSyntax, SyntaxList<StatementSyntax>, SyntaxList<CatchBlockSyntax>, FinallyBlockSyntax, EndBlockStatementSyntax)
  syntaxWithMoniker:
  - lang: cpp
    values:
    - value: >-
        public:
         static Microsoft::CodeAnalysis::VisualBasic::Syntax::TryBlockSyntax ^ TryBlock(Microsoft::CodeAnalysis::VisualBasic::Syntax::TryStatementSyntax ^ tryStatement, Microsoft::CodeAnalysis::SyntaxList<Microsoft::CodeAnalysis::VisualBasic::Syntax::StatementSyntax ^> statements, Microsoft::CodeAnalysis::SyntaxList<Microsoft::CodeAnalysis::VisualBasic::Syntax::CatchBlockSyntax ^> catchBlocks, Microsoft::CodeAnalysis::VisualBasic::Syntax::FinallyBlockSyntax ^ finallyBlock, Microsoft::CodeAnalysis::VisualBasic::Syntax::EndBlockStatementSyntax ^ endTryStatement);
  - lang: csharp
    values:
    - value: public static Microsoft.CodeAnalysis.VisualBasic.Syntax.TryBlockSyntax TryBlock (Microsoft.CodeAnalysis.VisualBasic.Syntax.TryStatementSyntax tryStatement, Microsoft.CodeAnalysis.SyntaxList<Microsoft.CodeAnalysis.VisualBasic.Syntax.StatementSyntax> statements, Microsoft.CodeAnalysis.SyntaxList<Microsoft.CodeAnalysis.VisualBasic.Syntax.CatchBlockSyntax> catchBlocks, Microsoft.CodeAnalysis.VisualBasic.Syntax.FinallyBlockSyntax finallyBlock, Microsoft.CodeAnalysis.VisualBasic.Syntax.EndBlockStatementSyntax endTryStatement);
  - lang: fsharp
    values:
    - value: 'static member TryBlock : Microsoft.CodeAnalysis.VisualBasic.Syntax.TryStatementSyntax * Microsoft.CodeAnalysis.SyntaxList<Microsoft.CodeAnalysis.VisualBasic.Syntax.StatementSyntax> * Microsoft.CodeAnalysis.SyntaxList<Microsoft.CodeAnalysis.VisualBasic.Syntax.CatchBlockSyntax> * Microsoft.CodeAnalysis.VisualBasic.Syntax.FinallyBlockSyntax * Microsoft.CodeAnalysis.VisualBasic.Syntax.EndBlockStatementSyntax -> Microsoft.CodeAnalysis.VisualBasic.Syntax.TryBlockSyntax'
  - lang: vb
    values:
    - value: Public Shared Function TryBlock (tryStatement As TryStatementSyntax, statements As SyntaxList(Of StatementSyntax), catchBlocks As SyntaxList(Of CatchBlockSyntax), finallyBlock As FinallyBlockSyntax, endTryStatement As EndBlockStatementSyntax) As TryBlockSyntax
  monikers:
  - roslyn-dotnet
  - roslyn-dotnet-3.0
  - roslyn-dotnet-3.1
  - roslyn-dotnet-3.10.0
  - roslyn-dotnet-3.11.0
  - roslyn-dotnet-3.2
  - roslyn-dotnet-3.2.1
  - roslyn-dotnet-3.3.1
  - roslyn-dotnet-3.4.0
  - roslyn-dotnet-3.5.0
  - roslyn-dotnet-3.6.0
  - roslyn-dotnet-3.7.0
  - roslyn-dotnet-3.8.0
  - roslyn-dotnet-3.9.0
  - roslyn-dotnet-4.0.1
  - roslyn-dotnet-4.1.0
  - roslyn-dotnet-4.2.0
  summary: Represents a "Try ... Catch ... Finally ... End Try" block.
  metadata: {}
- returnsWithMoniker:
    type:
    - value: <xref href="Microsoft.CodeAnalysis.VisualBasic.Syntax.TryBlockSyntax?alt=Microsoft.CodeAnalysis.VisualBasic.Syntax.TryBlockSyntax&text=TryBlockSyntax" data-throw-if-not-resolved="True"/>
  type: method
  uid: Microsoft.CodeAnalysis.VisualBasic.SyntaxFactory.TryBlock
  commentId: M:Microsoft.CodeAnalysis.VisualBasic.SyntaxFactory.TryBlock
  name: TryBlock()
  fullName: Microsoft.CodeAnalysis.VisualBasic.SyntaxFactory.TryBlock()
  nameWithType: SyntaxFactory.TryBlock()
  syntaxWithMoniker:
  - lang: cpp
    values:
    - value: >-
        public:
         static Microsoft::CodeAnalysis::VisualBasic::Syntax::TryBlockSyntax ^ TryBlock();
  - lang: csharp
    values:
    - value: public static Microsoft.CodeAnalysis.VisualBasic.Syntax.TryBlockSyntax TryBlock ();
  - lang: fsharp
    values:
    - value: 'static member TryBlock : unit -> Microsoft.CodeAnalysis.VisualBasic.Syntax.TryBlockSyntax'
  - lang: vb
    values:
    - value: Public Shared Function TryBlock () As TryBlockSyntax
  monikers:
  - roslyn-dotnet
  - roslyn-dotnet-3.0
  - roslyn-dotnet-3.1
  - roslyn-dotnet-3.10.0
  - roslyn-dotnet-3.11.0
  - roslyn-dotnet-3.2
  - roslyn-dotnet-3.2.1
  - roslyn-dotnet-3.3.1
  - roslyn-dotnet-3.4.0
  - roslyn-dotnet-3.5.0
  - roslyn-dotnet-3.6.0
  - roslyn-dotnet-3.7.0
  - roslyn-dotnet-3.8.0
  - roslyn-dotnet-3.9.0
  - roslyn-dotnet-4.0.1
  - roslyn-dotnet-4.1.0
  - roslyn-dotnet-4.2.0
  summary: Represents a "Try ... Catch ... Finally ... End Try" block.
  metadata: {}
- returnsWithMoniker:
    type:
    - value: <xref href="Microsoft.CodeAnalysis.VisualBasic.Syntax.TryBlockSyntax?alt=Microsoft.CodeAnalysis.VisualBasic.Syntax.TryBlockSyntax&text=TryBlockSyntax" data-throw-if-not-resolved="True"/>
  parameters:
  - namesWithMoniker:
    - value: statements
    description: A list of statements to be executed.
    type: <xref href="Microsoft.CodeAnalysis.SyntaxList`1?alt=Microsoft.CodeAnalysis.SyntaxList&text=SyntaxList" data-throw-if-not-resolved="True"/>&lt;<xref href="Microsoft.CodeAnalysis.VisualBasic.Syntax.StatementSyntax?alt=Microsoft.CodeAnalysis.VisualBasic.Syntax.StatementSyntax&text=StatementSyntax" data-throw-if-not-resolved="True"/>&gt;
  - namesWithMoniker:
    - value: catchBlocks
    description: >-
      A list of "Catch" blocks which may be executed if an exception is thrown while

      executing the statements in the "Try" block.
    type: <xref href="Microsoft.CodeAnalysis.SyntaxList`1?alt=Microsoft.CodeAnalysis.SyntaxList&text=SyntaxList" data-throw-if-not-resolved="True"/>&lt;<xref href="Microsoft.CodeAnalysis.VisualBasic.Syntax.CatchBlockSyntax?alt=Microsoft.CodeAnalysis.VisualBasic.Syntax.CatchBlockSyntax&text=CatchBlockSyntax" data-throw-if-not-resolved="True"/>&gt;
  - namesWithMoniker:
    - value: finallyBlock
    description: A "Finally" block to be executed before execution leaves the "Try" block.
    type: <xref href="Microsoft.CodeAnalysis.VisualBasic.Syntax.FinallyBlockSyntax?alt=Microsoft.CodeAnalysis.VisualBasic.Syntax.FinallyBlockSyntax&text=FinallyBlockSyntax" data-throw-if-not-resolved="True"/>
  type: method
  uid: Microsoft.CodeAnalysis.VisualBasic.SyntaxFactory.TryBlock(Microsoft.CodeAnalysis.SyntaxList{Microsoft.CodeAnalysis.VisualBasic.Syntax.StatementSyntax},Microsoft.CodeAnalysis.SyntaxList{Microsoft.CodeAnalysis.VisualBasic.Syntax.CatchBlockSyntax},Microsoft.CodeAnalysis.VisualBasic.Syntax.FinallyBlockSyntax)
  commentId: M:Microsoft.CodeAnalysis.VisualBasic.SyntaxFactory.TryBlock(Microsoft.CodeAnalysis.SyntaxList{Microsoft.CodeAnalysis.VisualBasic.Syntax.StatementSyntax},Microsoft.CodeAnalysis.SyntaxList{Microsoft.CodeAnalysis.VisualBasic.Syntax.CatchBlockSyntax},Microsoft.CodeAnalysis.VisualBasic.Syntax.FinallyBlockSyntax)
  name: TryBlock(SyntaxList<StatementSyntax>, SyntaxList<CatchBlockSyntax>, FinallyBlockSyntax)
  fullName: Microsoft.CodeAnalysis.VisualBasic.SyntaxFactory.TryBlock(SyntaxList<StatementSyntax>, SyntaxList<CatchBlockSyntax>, FinallyBlockSyntax)
  nameWithType: SyntaxFactory.TryBlock(SyntaxList<StatementSyntax>, SyntaxList<CatchBlockSyntax>, FinallyBlockSyntax)
  syntaxWithMoniker:
  - lang: cpp
    values:
    - value: >-
        public:
         static Microsoft::CodeAnalysis::VisualBasic::Syntax::TryBlockSyntax ^ TryBlock(Microsoft::CodeAnalysis::SyntaxList<Microsoft::CodeAnalysis::VisualBasic::Syntax::StatementSyntax ^> statements, Microsoft::CodeAnalysis::SyntaxList<Microsoft::CodeAnalysis::VisualBasic::Syntax::CatchBlockSyntax ^> catchBlocks, Microsoft::CodeAnalysis::VisualBasic::Syntax::FinallyBlockSyntax ^ finallyBlock);
  - lang: csharp
    values:
    - value: public static Microsoft.CodeAnalysis.VisualBasic.Syntax.TryBlockSyntax TryBlock (Microsoft.CodeAnalysis.SyntaxList<Microsoft.CodeAnalysis.VisualBasic.Syntax.StatementSyntax> statements, Microsoft.CodeAnalysis.SyntaxList<Microsoft.CodeAnalysis.VisualBasic.Syntax.CatchBlockSyntax> catchBlocks, Microsoft.CodeAnalysis.VisualBasic.Syntax.FinallyBlockSyntax finallyBlock);
  - lang: fsharp
    values:
    - value: 'static member TryBlock : Microsoft.CodeAnalysis.SyntaxList<Microsoft.CodeAnalysis.VisualBasic.Syntax.StatementSyntax> * Microsoft.CodeAnalysis.SyntaxList<Microsoft.CodeAnalysis.VisualBasic.Syntax.CatchBlockSyntax> * Microsoft.CodeAnalysis.VisualBasic.Syntax.FinallyBlockSyntax -> Microsoft.CodeAnalysis.VisualBasic.Syntax.TryBlockSyntax'
  - lang: vb
    values:
    - value: Public Shared Function TryBlock (statements As SyntaxList(Of StatementSyntax), catchBlocks As SyntaxList(Of CatchBlockSyntax), finallyBlock As FinallyBlockSyntax) As TryBlockSyntax
  monikers:
  - roslyn-dotnet
  - roslyn-dotnet-3.0
  - roslyn-dotnet-3.1
  - roslyn-dotnet-3.10.0
  - roslyn-dotnet-3.11.0
  - roslyn-dotnet-3.2
  - roslyn-dotnet-3.2.1
  - roslyn-dotnet-3.3.1
  - roslyn-dotnet-3.4.0
  - roslyn-dotnet-3.5.0
  - roslyn-dotnet-3.6.0
  - roslyn-dotnet-3.7.0
  - roslyn-dotnet-3.8.0
  - roslyn-dotnet-3.9.0
  - roslyn-dotnet-4.0.1
  - roslyn-dotnet-4.1.0
  - roslyn-dotnet-4.2.0
  summary: Represents a "Try ... Catch ... Finally ... End Try" block.
  metadata: {}
uid: Microsoft.CodeAnalysis.VisualBasic.SyntaxFactory.TryBlock*
commentId: Overload:Microsoft.CodeAnalysis.VisualBasic.SyntaxFactory.TryBlock
namespace: Microsoft.CodeAnalysis.VisualBasic
name: TryBlock
fullName: Microsoft.CodeAnalysis.VisualBasic.SyntaxFactory.TryBlock
nameWithType: SyntaxFactory.TryBlock
assembliesWithMoniker:
- value: Microsoft.CodeAnalysis.VisualBasic.dll
packagesWithMoniker:
- value: Microsoft.CodeAnalysis.VisualBasic v3.0.0
  monikers:
  - roslyn-dotnet-3.0
- value: Microsoft.CodeAnalysis.VisualBasic v3.1.0
  monikers:
  - roslyn-dotnet-3.1
- value: Microsoft.CodeAnalysis.VisualBasic v3.10.0
  monikers:
  - roslyn-dotnet-3.10.0
- value: Microsoft.CodeAnalysis.VisualBasic v3.11.0
  monikers:
  - roslyn-dotnet-3.11.0
- value: Microsoft.CodeAnalysis.VisualBasic v3.2.0
  monikers:
  - roslyn-dotnet-3.2
- value: Microsoft.CodeAnalysis.VisualBasic v3.2.1
  monikers:
  - roslyn-dotnet-3.2.1
- value: Microsoft.CodeAnalysis.VisualBasic v3.3.1
  monikers:
  - roslyn-dotnet-3.3.1
- value: Microsoft.CodeAnalysis.VisualBasic v3.4.0
  monikers:
  - roslyn-dotnet-3.4.0
- value: Microsoft.CodeAnalysis.VisualBasic v3.5.0
  monikers:
  - roslyn-dotnet-3.5.0
- value: Microsoft.CodeAnalysis.VisualBasic v3.6.0
  monikers:
  - roslyn-dotnet-3.6.0
- value: Microsoft.CodeAnalysis.VisualBasic v3.7.0
  monikers:
  - roslyn-dotnet-3.7.0
- value: Microsoft.CodeAnalysis.VisualBasic v3.8.0
  monikers:
  - roslyn-dotnet-3.8.0
- value: Microsoft.CodeAnalysis.VisualBasic v3.9.0
  monikers:
  - roslyn-dotnet-3.9.0
- value: Microsoft.CodeAnalysis.VisualBasic v4.0.1
  monikers:
  - roslyn-dotnet-4.0.1
- value: Microsoft.CodeAnalysis.VisualBasic v4.1.0
  monikers:
  - roslyn-dotnet-4.1.0
- value: Microsoft.CodeAnalysis.VisualBasic v4.2.0
  monikers:
  - roslyn-dotnet-4.2.0
devLangs:
- cpp
- csharp
- vb
- fsharp
monikers:
- roslyn-dotnet
- roslyn-dotnet-3.0
- roslyn-dotnet-3.1
- roslyn-dotnet-3.10.0
- roslyn-dotnet-3.11.0
- roslyn-dotnet-3.2
- roslyn-dotnet-3.2.1
- roslyn-dotnet-3.3.1
- roslyn-dotnet-3.4.0
- roslyn-dotnet-3.5.0
- roslyn-dotnet-3.6.0
- roslyn-dotnet-3.7.0
- roslyn-dotnet-3.8.0
- roslyn-dotnet-3.9.0
- roslyn-dotnet-4.0.1
- roslyn-dotnet-4.1.0
- roslyn-dotnet-4.2.0
metadata:
  api_name:
  - Microsoft.CodeAnalysis.VisualBasic.SyntaxFactory.TryBlock
  api_location:
  - Microsoft.CodeAnalysis.VisualBasic.dll
  topic_type:
  - apiref
  api_type:
  - Assembly
  f1_keywords:
  - Microsoft.CodeAnalysis.VisualBasic.SyntaxFactory.TryBlock
  - Microsoft::CodeAnalysis::VisualBasic::SyntaxFactory::TryBlock
  - TryBlock
  - SyntaxFactory.TryBlock
  - SyntaxFactory::TryBlock
  helpviewer_keywords:
  - SyntaxFactory.TryBlock method [.NET]
  - TryBlock method [.NET], class SyntaxFactory
  - SyntaxFactory.TryBlock(TryStatementSyntax, SyntaxList<StatementSyntax>, SyntaxList<CatchBlockSyntax>, FinallyBlockSyntax, EndBlockStatementSyntax) method [.NET]
  - TryBlock(TryStatementSyntax, SyntaxList<StatementSyntax>, SyntaxList<CatchBlockSyntax>, FinallyBlockSyntax, EndBlockStatementSyntax) method [.NET], class SyntaxFactory
  - SyntaxFactory.TryBlock() method [.NET]
  - TryBlock() method [.NET], class SyntaxFactory
  - SyntaxFactory.TryBlock(SyntaxList<StatementSyntax>, SyntaxList<CatchBlockSyntax>, FinallyBlockSyntax) method [.NET]
  - TryBlock(SyntaxList<StatementSyntax>, SyntaxList<CatchBlockSyntax>, FinallyBlockSyntax) method [.NET], class SyntaxFactory
  monikers:
  - roslyn-dotnet
  - roslyn-dotnet-3.0
  - roslyn-dotnet-3.1
  - roslyn-dotnet-3.10.0
  - roslyn-dotnet-3.11.0
  - roslyn-dotnet-3.2
  - roslyn-dotnet-3.2.1
  - roslyn-dotnet-3.3.1
  - roslyn-dotnet-3.4.0
  - roslyn-dotnet-3.5.0
  - roslyn-dotnet-3.6.0
  - roslyn-dotnet-3.7.0
  - roslyn-dotnet-3.8.0
  - roslyn-dotnet-3.9.0
  - roslyn-dotnet-4.0.1
  - roslyn-dotnet-4.1.0
  - roslyn-dotnet-4.2.0
